{
  "version": 4,
  "terraform_version": "1.0.4",
  "serial": 245,
  "lineage": "6c209ebe-cb15-4312-2efe-2aeb502b0b4b",
  "outputs": {},
  "resources": [
    {
      "mode": "managed",
      "type": "aws_s3_bucket",
      "name": "prospacept",
      "provider": "provider[\"registry.terraform.io/hashicorp/aws\"]",
      "instances": [
        {
          "schema_version": 0,
          "attributes": {
            "acceleration_status": "",
            "acl": "public-read",
            "arn": "arn:aws:s3:::prospacept",
            "bucket": "prospacept",
            "bucket_domain_name": "prospacept.s3.amazonaws.com",
            "bucket_prefix": null,
            "bucket_regional_domain_name": "prospacept.s3.eu-west-1.amazonaws.com",
            "cors_rule": [],
            "force_destroy": false,
            "grant": [],
            "hosted_zone_id": "Z1BKCTXD74EZPE",
            "id": "prospacept",
            "lifecycle_rule": [],
            "logging": [],
            "object_lock_configuration": [],
            "policy": null,
            "region": "eu-west-1",
            "replication_configuration": [],
            "request_payer": "BucketOwner",
            "server_side_encryption_configuration": [],
            "tags": {},
            "tags_all": {},
            "versioning": [
              {
                "enabled": false,
                "mfa_delete": false
              }
            ],
            "website": [],
            "website_domain": null,
            "website_endpoint": null
          },
          "sensitive_attributes": [],
          "private": "bnVsbA=="
        }
      ]
    },
    {
      "mode": "managed",
      "type": "aws_s3_bucket_object",
      "name": "parts_taxonomy",
      "provider": "provider[\"registry.terraform.io/hashicorp/aws\"]",
      "instances": [
        {
          "index_key": "categories.html",
          "schema_version": 0,
          "attributes": {
            "acl": "public-read",
            "bucket": "prospacept",
            "bucket_key_enabled": false,
            "cache_control": "",
            "content": null,
            "content_base64": null,
            "content_disposition": "",
            "content_encoding": "",
            "content_language": "",
            "content_type": "binary/octet-stream",
            "etag": "098f6bcd4621d373cade4e832627b4f6",
            "force_destroy": false,
            "id": "categories.html",
            "key": "categories.html",
            "kms_key_id": null,
            "metadata": null,
            "object_lock_legal_hold_status": "",
            "object_lock_mode": "",
            "object_lock_retain_until_date": "",
            "server_side_encryption": "",
            "source": "./public/categories.html",
            "source_hash": null,
            "storage_class": "STANDARD",
            "tags": null,
            "tags_all": {},
            "version_id": "",
            "website_redirect": ""
          },
          "sensitive_attributes": [],
          "private": "bnVsbA==",
          "dependencies": [
            "aws_s3_bucket.prospacept"
          ]
        },
        {
          "index_key": "categories/avenida.html",
          "schema_version": 0,
          "attributes": {
            "acl": "public-read",
            "bucket": "prospacept",
            "bucket_key_enabled": false,
            "cache_control": "",
            "content": null,
            "content_base64": null,
            "content_disposition": "",
            "content_encoding": "",
            "content_language": "",
            "content_type": "binary/octet-stream",
            "etag": "098f6bcd4621d373cade4e832627b4f6",
            "force_destroy": false,
            "id": "categories/avenida.html",
            "key": "categories/avenida.html",
            "kms_key_id": null,
            "metadata": null,
            "object_lock_legal_hold_status": "",
            "object_lock_mode": "",
            "object_lock_retain_until_date": "",
            "server_side_encryption": "",
            "source": "./public/categories/avenida.html",
            "source_hash": null,
            "storage_class": "STANDARD",
            "tags": null,
            "tags_all": {},
            "version_id": "",
            "website_redirect": ""
          },
          "sensitive_attributes": [],
          "private": "bnVsbA==",
          "dependencies": [
            "aws_s3_bucket.prospacept"
          ]
        },
        {
          "index_key": "categories/avenida/index.xml",
          "schema_version": 0,
          "attributes": {
            "acl": "public-read",
            "bucket": "prospacept",
            "bucket_key_enabled": false,
            "cache_control": "",
            "content": null,
            "content_base64": null,
            "content_disposition": "",
            "content_encoding": "",
            "content_language": "",
            "content_type": "binary/octet-stream",
            "etag": "dc1e96a3021fe61f39f51482c852b853",
            "force_destroy": false,
            "id": "categories/avenida/index.xml",
            "key": "categories/avenida/index.xml",
            "kms_key_id": null,
            "metadata": null,
            "object_lock_legal_hold_status": "",
            "object_lock_mode": "",
            "object_lock_retain_until_date": "",
            "server_side_encryption": "",
            "source": "./public/categories/avenida/index.xml",
            "source_hash": null,
            "storage_class": "STANDARD",
            "tags": null,
            "tags_all": {},
            "version_id": "",
            "website_redirect": ""
          },
          "sensitive_attributes": [],
          "private": "bnVsbA==",
          "dependencies": [
            "aws_s3_bucket.prospacept"
          ]
        },
        {
          "index_key": "categories/index.xml",
          "schema_version": 0,
          "attributes": {
            "acl": "public-read",
            "bucket": "prospacept",
            "bucket_key_enabled": false,
            "cache_control": "",
            "content": null,
            "content_base64": null,
            "content_disposition": "",
            "content_encoding": "",
            "content_language": "",
            "content_type": "binary/octet-stream",
            "etag": "fe99a9bc638796a8514fcaac78f6f9f2",
            "force_destroy": false,
            "id": "categories/index.xml",
            "key": "categories/index.xml",
            "kms_key_id": null,
            "metadata": null,
            "object_lock_legal_hold_status": "",
            "object_lock_mode": "",
            "object_lock_retain_until_date": "",
            "server_side_encryption": "",
            "source": "./public/categories/index.xml",
            "source_hash": null,
            "storage_class": "STANDARD",
            "tags": null,
            "tags_all": {},
            "version_id": "",
            "website_redirect": ""
          },
          "sensitive_attributes": [],
          "private": "bnVsbA==",
          "dependencies": [
            "aws_s3_bucket.prospacept"
          ]
        },
        {
          "index_key": "categories/reabilitacao.html",
          "schema_version": 0,
          "attributes": {
            "acl": "public-read",
            "bucket": "prospacept",
            "bucket_key_enabled": false,
            "cache_control": "",
            "content": null,
            "content_base64": null,
            "content_disposition": "",
            "content_encoding": "",
            "content_language": "",
            "content_type": "binary/octet-stream",
            "etag": "098f6bcd4621d373cade4e832627b4f6",
            "force_destroy": false,
            "id": "categories/reabilitacao.html",
            "key": "categories/reabilitacao.html",
            "kms_key_id": null,
            "metadata": null,
            "object_lock_legal_hold_status": "",
            "object_lock_mode": "",
            "object_lock_retain_until_date": "",
            "server_side_encryption": "",
            "source": "./public/categories/reabilitacao.html",
            "source_hash": null,
            "storage_class": "STANDARD",
            "tags": null,
            "tags_all": {},
            "version_id": "",
            "website_redirect": ""
          },
          "sensitive_attributes": [],
          "private": "bnVsbA==",
          "dependencies": [
            "aws_s3_bucket.prospacept"
          ]
        },
        {
          "index_key": "categories/reabilitacao/index.xml",
          "schema_version": 0,
          "attributes": {
            "acl": "public-read",
            "bucket": "prospacept",
            "bucket_key_enabled": false,
            "cache_control": "",
            "content": null,
            "content_base64": null,
            "content_disposition": "",
            "content_encoding": "",
            "content_language": "",
            "content_type": "binary/octet-stream",
            "etag": "cd37f296f4d14c31dc19c04f192ce389",
            "force_destroy": false,
            "id": "categories/reabilitacao/index.xml",
            "key": "categories/reabilitacao/index.xml",
            "kms_key_id": null,
            "metadata": null,
            "object_lock_legal_hold_status": "",
            "object_lock_mode": "",
            "object_lock_retain_until_date": "",
            "server_side_encryption": "",
            "source": "./public/categories/reabilitacao/index.xml",
            "source_hash": null,
            "storage_class": "STANDARD",
            "tags": null,
            "tags_all": {},
            "version_id": "",
            "website_redirect": ""
          },
          "sensitive_attributes": [],
          "private": "bnVsbA==",
          "dependencies": [
            "aws_s3_bucket.prospacept"
          ]
        },
        {
          "index_key": "contacto.html",
          "schema_version": 0,
          "attributes": {
            "acl": "public-read",
            "bucket": "prospacept",
            "bucket_key_enabled": false,
            "cache_control": "",
            "content": null,
            "content_base64": null,
            "content_disposition": "",
            "content_encoding": "",
            "content_language": "",
            "content_type": "binary/octet-stream",
            "etag": "7424dac33b6e51d7ba391e291d50b977",
            "force_destroy": false,
            "id": "contacto.html",
            "key": "contacto.html",
            "kms_key_id": null,
            "metadata": null,
            "object_lock_legal_hold_status": "",
            "object_lock_mode": "",
            "object_lock_retain_until_date": "",
            "server_side_encryption": "",
            "source": "./public/contacto.html",
            "source_hash": null,
            "storage_class": "STANDARD",
            "tags": null,
            "tags_all": {},
            "version_id": "",
            "website_redirect": ""
          },
          "sensitive_attributes": [],
          "private": "bnVsbA==",
          "dependencies": [
            "aws_s3_bucket.prospacept"
          ]
        },
        {
          "index_key": "contacto/index.xml",
          "schema_version": 0,
          "attributes": {
            "acl": "public-read",
            "bucket": "prospacept",
            "bucket_key_enabled": false,
            "cache_control": "",
            "content": null,
            "content_base64": null,
            "content_disposition": "",
            "content_encoding": "",
            "content_language": "",
            "content_type": "binary/octet-stream",
            "etag": "704dcea9816d8ba2b2cef35cde0a2782",
            "force_destroy": false,
            "id": "contacto/index.xml",
            "key": "contacto/index.xml",
            "kms_key_id": null,
            "metadata": null,
            "object_lock_legal_hold_status": "",
            "object_lock_mode": "",
            "object_lock_retain_until_date": "",
            "server_side_encryption": "",
            "source": "./public/contacto/index.xml",
            "source_hash": null,
            "storage_class": "STANDARD",
            "tags": null,
            "tags_all": {},
            "version_id": "",
            "website_redirect": ""
          },
          "sensitive_attributes": [],
          "private": "bnVsbA==",
          "dependencies": [
            "aws_s3_bucket.prospacept"
          ]
        },
        {
          "index_key": "css/component.css",
          "schema_version": 0,
          "attributes": {
            "acl": "public-read",
            "bucket": "prospacept",
            "bucket_key_enabled": false,
            "cache_control": "",
            "content": null,
            "content_base64": null,
            "content_disposition": "",
            "content_encoding": "",
            "content_language": "",
            "content_type": "binary/octet-stream",
            "etag": "9c8e238fd2bde625e3b22882a33b0ab5",
            "force_destroy": false,
            "id": "css/component.css",
            "key": "css/component.css",
            "kms_key_id": null,
            "metadata": null,
            "object_lock_legal_hold_status": "",
            "object_lock_mode": "",
            "object_lock_retain_until_date": "",
            "server_side_encryption": "",
            "source": "./public/css/component.css",
            "source_hash": null,
            "storage_class": "STANDARD",
            "tags": null,
            "tags_all": {},
            "version_id": "",
            "website_redirect": ""
          },
          "sensitive_attributes": [],
          "private": "bnVsbA==",
          "dependencies": [
            "aws_s3_bucket.prospacept"
          ]
        },
        {
          "index_key": "css/default.css",
          "schema_version": 0,
          "attributes": {
            "acl": "public-read",
            "bucket": "prospacept",
            "bucket_key_enabled": false,
            "cache_control": "",
            "content": null,
            "content_base64": null,
            "content_disposition": "",
            "content_encoding": "",
            "content_language": "",
            "content_type": "binary/octet-stream",
            "etag": "54f0d8fa7a4b06bcb857d3ba7bb97fdb",
            "force_destroy": false,
            "id": "css/default.css",
            "key": "css/default.css",
            "kms_key_id": null,
            "metadata": null,
            "object_lock_legal_hold_status": "",
            "object_lock_mode": "",
            "object_lock_retain_until_date": "",
            "server_side_encryption": "",
            "source": "./public/css/default.css",
            "source_hash": null,
            "storage_class": "STANDARD",
            "tags": null,
            "tags_all": {},
            "version_id": "",
            "website_redirect": ""
          },
          "sensitive_attributes": [],
          "private": "bnVsbA==",
          "dependencies": [
            "aws_s3_bucket.prospacept"
          ]
        },
        {
          "index_key": "fonts/.DS_Store",
          "schema_version": 0,
          "attributes": {
            "acl": "public-read",
            "bucket": "prospacept",
            "bucket_key_enabled": false,
            "cache_control": "",
            "content": null,
            "content_base64": null,
            "content_disposition": "",
            "content_encoding": "",
            "content_language": "",
            "content_type": "binary/octet-stream",
            "etag": "a2f1db484f8b40ffdcc457267605c43c",
            "force_destroy": false,
            "id": "fonts/.DS_Store",
            "key": "fonts/.DS_Store",
            "kms_key_id": null,
            "metadata": null,
            "object_lock_legal_hold_status": "",
            "object_lock_mode": "",
            "object_lock_retain_until_date": "",
            "server_side_encryption": "",
            "source": "./public/fonts/.DS_Store",
            "source_hash": null,
            "storage_class": "STANDARD",
            "tags": null,
            "tags_all": {},
            "version_id": "",
            "website_redirect": ""
          },
          "sensitive_attributes": [],
          "private": "bnVsbA==",
          "dependencies": [
            "aws_s3_bucket.prospacept"
          ]
        },
        {
          "index_key": "fonts/codropsicons/.DS_Store",
          "schema_version": 0,
          "attributes": {
            "acl": "public-read",
            "bucket": "prospacept",
            "bucket_key_enabled": false,
            "cache_control": "",
            "content": null,
            "content_base64": null,
            "content_disposition": "",
            "content_encoding": "",
            "content_language": "",
            "content_type": "binary/octet-stream",
            "etag": "194577a7e20bdcc7afbb718f502c134c",
            "force_destroy": false,
            "id": "fonts/codropsicons/.DS_Store",
            "key": "fonts/codropsicons/.DS_Store",
            "kms_key_id": null,
            "metadata": null,
            "object_lock_legal_hold_status": "",
            "object_lock_mode": "",
            "object_lock_retain_until_date": "",
            "server_side_encryption": "",
            "source": "./public/fonts/codropsicons/.DS_Store",
            "source_hash": null,
            "storage_class": "STANDARD",
            "tags": null,
            "tags_all": {},
            "version_id": "",
            "website_redirect": ""
          },
          "sensitive_attributes": [],
          "private": "bnVsbA==",
          "dependencies": [
            "aws_s3_bucket.prospacept"
          ]
        },
        {
          "index_key": "fonts/codropsicons/codropsicons.eot",
          "schema_version": 0,
          "attributes": {
            "acl": "public-read",
            "bucket": "prospacept",
            "bucket_key_enabled": false,
            "cache_control": "",
            "content": null,
            "content_base64": null,
            "content_disposition": "",
            "content_encoding": "",
            "content_language": "",
            "content_type": "binary/octet-stream",
            "etag": "e0c41e218300b108279dfd69224873a8",
            "force_destroy": false,
            "id": "fonts/codropsicons/codropsicons.eot",
            "key": "fonts/codropsicons/codropsicons.eot",
            "kms_key_id": null,
            "metadata": null,
            "object_lock_legal_hold_status": "",
            "object_lock_mode": "",
            "object_lock_retain_until_date": "",
            "server_side_encryption": "",
            "source": "./public/fonts/codropsicons/codropsicons.eot",
            "source_hash": null,
            "storage_class": "STANDARD",
            "tags": null,
            "tags_all": {},
            "version_id": "",
            "website_redirect": ""
          },
          "sensitive_attributes": [],
          "private": "bnVsbA==",
          "dependencies": [
            "aws_s3_bucket.prospacept"
          ]
        },
        {
          "index_key": "fonts/codropsicons/codropsicons.svg",
          "schema_version": 0,
          "attributes": {
            "acl": "public-read",
            "bucket": "prospacept",
            "bucket_key_enabled": false,
            "cache_control": "",
            "content": null,
            "content_base64": null,
            "content_disposition": "",
            "content_encoding": "",
            "content_language": "",
            "content_type": "binary/octet-stream",
            "etag": "1958497a8eab2ae7a4f8d3e602655143",
            "force_destroy": false,
            "id": "fonts/codropsicons/codropsicons.svg",
            "key": "fonts/codropsicons/codropsicons.svg",
            "kms_key_id": null,
            "metadata": null,
            "object_lock_legal_hold_status": "",
            "object_lock_mode": "",
            "object_lock_retain_until_date": "",
            "server_side_encryption": "",
            "source": "./public/fonts/codropsicons/codropsicons.svg",
            "source_hash": null,
            "storage_class": "STANDARD",
            "tags": null,
            "tags_all": {},
            "version_id": "",
            "website_redirect": ""
          },
          "sensitive_attributes": [],
          "private": "bnVsbA==",
          "dependencies": [
            "aws_s3_bucket.prospacept"
          ]
        },
        {
          "index_key": "fonts/codropsicons/codropsicons.ttf",
          "schema_version": 0,
          "attributes": {
            "acl": "public-read",
            "bucket": "prospacept",
            "bucket_key_enabled": false,
            "cache_control": "",
            "content": null,
            "content_base64": null,
            "content_disposition": "",
            "content_encoding": "",
            "content_language": "",
            "content_type": "binary/octet-stream",
            "etag": "89060daed41f701ecf87e69c4c6b635b",
            "force_destroy": false,
            "id": "fonts/codropsicons/codropsicons.ttf",
            "key": "fonts/codropsicons/codropsicons.ttf",
            "kms_key_id": null,
            "metadata": null,
            "object_lock_legal_hold_status": "",
            "object_lock_mode": "",
            "object_lock_retain_until_date": "",
            "server_side_encryption": "",
            "source": "./public/fonts/codropsicons/codropsicons.ttf",
            "source_hash": null,
            "storage_class": "STANDARD",
            "tags": null,
            "tags_all": {},
            "version_id": "",
            "website_redirect": ""
          },
          "sensitive_attributes": [],
          "private": "bnVsbA==",
          "dependencies": [
            "aws_s3_bucket.prospacept"
          ]
        },
        {
          "index_key": "fonts/codropsicons/codropsicons.woff",
          "schema_version": 0,
          "attributes": {
            "acl": "public-read",
            "bucket": "prospacept",
            "bucket_key_enabled": false,
            "cache_control": "",
            "content": null,
            "content_base64": null,
            "content_disposition": "",
            "content_encoding": "",
            "content_language": "",
            "content_type": "binary/octet-stream",
            "etag": "70b872279cb3b15ddf0447a94c985c1d",
            "force_destroy": false,
            "id": "fonts/codropsicons/codropsicons.woff",
            "key": "fonts/codropsicons/codropsicons.woff",
            "kms_key_id": null,
            "metadata": null,
            "object_lock_legal_hold_status": "",
            "object_lock_mode": "",
            "object_lock_retain_until_date": "",
            "server_side_encryption": "",
            "source": "./public/fonts/codropsicons/codropsicons.woff",
            "source_hash": null,
            "storage_class": "STANDARD",
            "tags": null,
            "tags_all": {},
            "version_id": "",
            "website_redirect": ""
          },
          "sensitive_attributes": [],
          "private": "bnVsbA==",
          "dependencies": [
            "aws_s3_bucket.prospacept"
          ]
        },
        {
          "index_key": "fonts/codropsicons/license.txt",
          "schema_version": 0,
          "attributes": {
            "acl": "public-read",
            "bucket": "prospacept",
            "bucket_key_enabled": false,
            "cache_control": "",
            "content": null,
            "content_base64": null,
            "content_disposition": "",
            "content_encoding": "",
            "content_language": "",
            "content_type": "binary/octet-stream",
            "etag": "71989a368aa14fa2bee7719a8edaf654",
            "force_destroy": false,
            "id": "fonts/codropsicons/license.txt",
            "key": "fonts/codropsicons/license.txt",
            "kms_key_id": null,
            "metadata": null,
            "object_lock_legal_hold_status": "",
            "object_lock_mode": "",
            "object_lock_retain_until_date": "",
            "server_side_encryption": "",
            "source": "./public/fonts/codropsicons/license.txt",
            "source_hash": null,
            "storage_class": "STANDARD",
            "tags": null,
            "tags_all": {},
            "version_id": "",
            "website_redirect": ""
          },
          "sensitive_attributes": [],
          "private": "bnVsbA==",
          "dependencies": [
            "aws_s3_bucket.prospacept"
          ]
        },
        {
          "index_key": "fonts/ecoicons/ecoicon.dev.svg",
          "schema_version": 0,
          "attributes": {
            "acl": "public-read",
            "bucket": "prospacept",
            "bucket_key_enabled": false,
            "cache_control": "",
            "content": null,
            "content_base64": null,
            "content_disposition": "",
            "content_encoding": "",
            "content_language": "",
            "content_type": "binary/octet-stream",
            "etag": "72565ddcfadc7a9055f049c5fad6c8d0",
            "force_destroy": false,
            "id": "fonts/ecoicons/ecoicon.dev.svg",
            "key": "fonts/ecoicons/ecoicon.dev.svg",
            "kms_key_id": null,
            "metadata": null,
            "object_lock_legal_hold_status": "",
            "object_lock_mode": "",
            "object_lock_retain_until_date": "",
            "server_side_encryption": "",
            "source": "./public/fonts/ecoicons/ecoicon.dev.svg",
            "source_hash": null,
            "storage_class": "STANDARD",
            "tags": null,
            "tags_all": {},
            "version_id": "",
            "website_redirect": ""
          },
          "sensitive_attributes": [],
          "private": "bnVsbA==",
          "dependencies": [
            "aws_s3_bucket.prospacept"
          ]
        },
        {
          "index_key": "fonts/ecoicons/ecoicon.eot",
          "schema_version": 0,
          "attributes": {
            "acl": "public-read",
            "bucket": "prospacept",
            "bucket_key_enabled": false,
            "cache_control": "",
            "content": null,
            "content_base64": null,
            "content_disposition": "",
            "content_encoding": "",
            "content_language": "",
            "content_type": "binary/octet-stream",
            "etag": "ab3be42718350553df1c3b7fd952e7ee",
            "force_destroy": false,
            "id": "fonts/ecoicons/ecoicon.eot",
            "key": "fonts/ecoicons/ecoicon.eot",
            "kms_key_id": null,
            "metadata": null,
            "object_lock_legal_hold_status": "",
            "object_lock_mode": "",
            "object_lock_retain_until_date": "",
            "server_side_encryption": "",
            "source": "./public/fonts/ecoicons/ecoicon.eot",
            "source_hash": null,
            "storage_class": "STANDARD",
            "tags": null,
            "tags_all": {},
            "version_id": "",
            "website_redirect": ""
          },
          "sensitive_attributes": [],
          "private": "bnVsbA==",
          "dependencies": [
            "aws_s3_bucket.prospacept"
          ]
        },
        {
          "index_key": "fonts/ecoicons/ecoicon.svg",
          "schema_version": 0,
          "attributes": {
            "acl": "public-read",
            "bucket": "prospacept",
            "bucket_key_enabled": false,
            "cache_control": "",
            "content": null,
            "content_base64": null,
            "content_disposition": "",
            "content_encoding": "",
            "content_language": "",
            "content_type": "binary/octet-stream",
            "etag": "c37878003bd32a317cc25159b83ae0b4",
            "force_destroy": false,
            "id": "fonts/ecoicons/ecoicon.svg",
            "key": "fonts/ecoicons/ecoicon.svg",
            "kms_key_id": null,
            "metadata": null,
            "object_lock_legal_hold_status": "",
            "object_lock_mode": "",
            "object_lock_retain_until_date": "",
            "server_side_encryption": "",
            "source": "./public/fonts/ecoicons/ecoicon.svg",
            "source_hash": null,
            "storage_class": "STANDARD",
            "tags": null,
            "tags_all": {},
            "version_id": "",
            "website_redirect": ""
          },
          "sensitive_attributes": [],
          "private": "bnVsbA==",
          "dependencies": [
            "aws_s3_bucket.prospacept"
          ]
        },
        {
          "index_key": "fonts/ecoicons/ecoicon.ttf",
          "schema_version": 0,
          "attributes": {
            "acl": "public-read",
            "bucket": "prospacept",
            "bucket_key_enabled": false,
            "cache_control": "",
            "content": null,
            "content_base64": null,
            "content_disposition": "",
            "content_encoding": "",
            "content_language": "",
            "content_type": "binary/octet-stream",
            "etag": "547e48c7e2424373fe717394fb6cb226",
            "force_destroy": false,
            "id": "fonts/ecoicons/ecoicon.ttf",
            "key": "fonts/ecoicons/ecoicon.ttf",
            "kms_key_id": null,
            "metadata": null,
            "object_lock_legal_hold_status": "",
            "object_lock_mode": "",
            "object_lock_retain_until_date": "",
            "server_side_encryption": "",
            "source": "./public/fonts/ecoicons/ecoicon.ttf",
            "source_hash": null,
            "storage_class": "STANDARD",
            "tags": null,
            "tags_all": {},
            "version_id": "",
            "website_redirect": ""
          },
          "sensitive_attributes": [],
          "private": "bnVsbA==",
          "dependencies": [
            "aws_s3_bucket.prospacept"
          ]
        },
        {
          "index_key": "fonts/ecoicons/ecoicon.woff",
          "schema_version": 0,
          "attributes": {
            "acl": "public-read",
            "bucket": "prospacept",
            "bucket_key_enabled": false,
            "cache_control": "",
            "content": null,
            "content_base64": null,
            "content_disposition": "",
            "content_encoding": "",
            "content_language": "",
            "content_type": "binary/octet-stream",
            "etag": "25bfe1873383907eedb246dbfebc9975",
            "force_destroy": false,
            "id": "fonts/ecoicons/ecoicon.woff",
            "key": "fonts/ecoicons/ecoicon.woff",
            "kms_key_id": null,
            "metadata": null,
            "object_lock_legal_hold_status": "",
            "object_lock_mode": "",
            "object_lock_retain_until_date": "",
            "server_side_encryption": "",
            "source": "./public/fonts/ecoicons/ecoicon.woff",
            "source_hash": null,
            "storage_class": "STANDARD",
            "tags": null,
            "tags_all": {},
            "version_id": "",
            "website_redirect": ""
          },
          "sensitive_attributes": [],
          "private": "bnVsbA==",
          "dependencies": [
            "aws_s3_bucket.prospacept"
          ]
        },
        {
          "index_key": "galeria.html",
          "schema_version": 0,
          "attributes": {
            "acl": "public-read",
            "bucket": "prospacept",
            "bucket_key_enabled": false,
            "cache_control": "",
            "content": null,
            "content_base64": null,
            "content_disposition": "",
            "content_encoding": "",
            "content_language": "",
            "content_type": "binary/octet-stream",
            "etag": "b1b86be7702c7f6c467539775fb1d26b",
            "force_destroy": false,
            "id": "galeria.html",
            "key": "galeria.html",
            "kms_key_id": null,
            "metadata": null,
            "object_lock_legal_hold_status": "",
            "object_lock_mode": "",
            "object_lock_retain_until_date": "",
            "server_side_encryption": "",
            "source": "./public/galeria.html",
            "source_hash": null,
            "storage_class": "STANDARD",
            "tags": null,
            "tags_all": {},
            "version_id": "",
            "website_redirect": ""
          },
          "sensitive_attributes": [],
          "private": "bnVsbA==",
          "dependencies": [
            "aws_s3_bucket.prospacept"
          ]
        },
        {
          "index_key": "galeria/escritorio_avenida_liberdade_detalhes.html",
          "schema_version": 0,
          "attributes": {
            "acl": "public-read",
            "bucket": "prospacept",
            "bucket_key_enabled": false,
            "cache_control": "",
            "content": null,
            "content_base64": null,
            "content_disposition": "",
            "content_encoding": "",
            "content_language": "",
            "content_type": "binary/octet-stream",
            "etag": "5af5ec521e022f78666da66581f4aea9",
            "force_destroy": false,
            "id": "galeria/escritorio_avenida_liberdade_detalhes.html",
            "key": "galeria/escritorio_avenida_liberdade_detalhes.html",
            "kms_key_id": null,
            "metadata": null,
            "object_lock_legal_hold_status": "",
            "object_lock_mode": "",
            "object_lock_retain_until_date": "",
            "server_side_encryption": "",
            "source": "./public/galeria/escritorio_avenida_liberdade_detalhes.html",
            "source_hash": null,
            "storage_class": "STANDARD",
            "tags": null,
            "tags_all": {},
            "version_id": "",
            "website_redirect": ""
          },
          "sensitive_attributes": [],
          "private": "bnVsbA==",
          "dependencies": [
            "aws_s3_bucket.prospacept"
          ]
        },
        {
          "index_key": "galeria/escritorio_avenida_liberdade_detalhes/images/01.jpg",
          "schema_version": 0,
          "attributes": {
            "acl": "public-read",
            "bucket": "prospacept",
            "bucket_key_enabled": false,
            "cache_control": "",
            "content": null,
            "content_base64": null,
            "content_disposition": "",
            "content_encoding": "",
            "content_language": "",
            "content_type": "binary/octet-stream",
            "etag": "9784134788bc66f8f35d6bb1cde4926b",
            "force_destroy": false,
            "id": "galeria/escritorio_avenida_liberdade_detalhes/images/01.jpg",
            "key": "galeria/escritorio_avenida_liberdade_detalhes/images/01.jpg",
            "kms_key_id": null,
            "metadata": null,
            "object_lock_legal_hold_status": "",
            "object_lock_mode": "",
            "object_lock_retain_until_date": "",
            "server_side_encryption": "",
            "source": "./public/galeria/escritorio_avenida_liberdade_detalhes/images/01.jpg",
            "source_hash": null,
            "storage_class": "STANDARD",
            "tags": null,
            "tags_all": {},
            "version_id": "",
            "website_redirect": ""
          },
          "sensitive_attributes": [],
          "private": "bnVsbA==",
          "dependencies": [
            "aws_s3_bucket.prospacept"
          ]
        },
        {
          "index_key": "galeria/escritorio_avenida_liberdade_detalhes/images/01_huf034b61fe1fc232725fd27f0a7518acd_267063_1200x1200_fit_q75_box.jpg",
          "schema_version": 0,
          "attributes": {
            "acl": "public-read",
            "bucket": "prospacept",
            "bucket_key_enabled": false,
            "cache_control": "",
            "content": null,
            "content_base64": null,
            "content_disposition": "",
            "content_encoding": "",
            "content_language": "",
            "content_type": "binary/octet-stream",
            "etag": "12a4465e5fb25f78e467ef5ba7854a90",
            "force_destroy": false,
            "id": "galeria/escritorio_avenida_liberdade_detalhes/images/01_huf034b61fe1fc232725fd27f0a7518acd_267063_1200x1200_fit_q75_box.jpg",
            "key": "galeria/escritorio_avenida_liberdade_detalhes/images/01_huf034b61fe1fc232725fd27f0a7518acd_267063_1200x1200_fit_q75_box.jpg",
            "kms_key_id": null,
            "metadata": null,
            "object_lock_legal_hold_status": "",
            "object_lock_mode": "",
            "object_lock_retain_until_date": "",
            "server_side_encryption": "",
            "source": "./public/galeria/escritorio_avenida_liberdade_detalhes/images/01_huf034b61fe1fc232725fd27f0a7518acd_267063_1200x1200_fit_q75_box.jpg",
            "source_hash": null,
            "storage_class": "STANDARD",
            "tags": null,
            "tags_all": {},
            "version_id": "",
            "website_redirect": ""
          },
          "sensitive_attributes": [],
          "private": "bnVsbA==",
          "dependencies": [
            "aws_s3_bucket.prospacept"
          ]
        },
        {
          "index_key": "galeria/escritorio_avenida_liberdade_detalhes/images/02.jpg",
          "schema_version": 0,
          "attributes": {
            "acl": "public-read",
            "bucket": "prospacept",
            "bucket_key_enabled": false,
            "cache_control": "",
            "content": null,
            "content_base64": null,
            "content_disposition": "",
            "content_encoding": "",
            "content_language": "",
            "content_type": "binary/octet-stream",
            "etag": "8e54f4ec173ff06f10098d5dacb771c1",
            "force_destroy": false,
            "id": "galeria/escritorio_avenida_liberdade_detalhes/images/02.jpg",
            "key": "galeria/escritorio_avenida_liberdade_detalhes/images/02.jpg",
            "kms_key_id": null,
            "metadata": null,
            "object_lock_legal_hold_status": "",
            "object_lock_mode": "",
            "object_lock_retain_until_date": "",
            "server_side_encryption": "",
            "source": "./public/galeria/escritorio_avenida_liberdade_detalhes/images/02.jpg",
            "source_hash": null,
            "storage_class": "STANDARD",
            "tags": null,
            "tags_all": {},
            "version_id": "",
            "website_redirect": ""
          },
          "sensitive_attributes": [],
          "private": "bnVsbA==",
          "dependencies": [
            "aws_s3_bucket.prospacept"
          ]
        },
        {
          "index_key": "galeria/escritorio_avenida_liberdade_detalhes/images/02_huf034b61fe1fc232725fd27f0a7518acd_323899_1200x1200_fit_q75_box.jpg",
          "schema_version": 0,
          "attributes": {
            "acl": "public-read",
            "bucket": "prospacept",
            "bucket_key_enabled": false,
            "cache_control": "",
            "content": null,
            "content_base64": null,
            "content_disposition": "",
            "content_encoding": "",
            "content_language": "",
            "content_type": "binary/octet-stream",
            "etag": "7a088a4871cd2ab12bde4cc512e0e886",
            "force_destroy": false,
            "id": "galeria/escritorio_avenida_liberdade_detalhes/images/02_huf034b61fe1fc232725fd27f0a7518acd_323899_1200x1200_fit_q75_box.jpg",
            "key": "galeria/escritorio_avenida_liberdade_detalhes/images/02_huf034b61fe1fc232725fd27f0a7518acd_323899_1200x1200_fit_q75_box.jpg",
            "kms_key_id": null,
            "metadata": null,
            "object_lock_legal_hold_status": "",
            "object_lock_mode": "",
            "object_lock_retain_until_date": "",
            "server_side_encryption": "",
            "source": "./public/galeria/escritorio_avenida_liberdade_detalhes/images/02_huf034b61fe1fc232725fd27f0a7518acd_323899_1200x1200_fit_q75_box.jpg",
            "source_hash": null,
            "storage_class": "STANDARD",
            "tags": null,
            "tags_all": {},
            "version_id": "",
            "website_redirect": ""
          },
          "sensitive_attributes": [],
          "private": "bnVsbA==",
          "dependencies": [
            "aws_s3_bucket.prospacept"
          ]
        },
        {
          "index_key": "galeria/escritorio_avenida_liberdade_detalhes/images/03.jpg",
          "schema_version": 0,
          "attributes": {
            "acl": "public-read",
            "bucket": "prospacept",
            "bucket_key_enabled": false,
            "cache_control": "",
            "content": null,
            "content_base64": null,
            "content_disposition": "",
            "content_encoding": "",
            "content_language": "",
            "content_type": "binary/octet-stream",
            "etag": "7ea6959c85ce1a20a07aba3a15b9a7b3",
            "force_destroy": false,
            "id": "galeria/escritorio_avenida_liberdade_detalhes/images/03.jpg",
            "key": "galeria/escritorio_avenida_liberdade_detalhes/images/03.jpg",
            "kms_key_id": null,
            "metadata": null,
            "object_lock_legal_hold_status": "",
            "object_lock_mode": "",
            "object_lock_retain_until_date": "",
            "server_side_encryption": "",
            "source": "./public/galeria/escritorio_avenida_liberdade_detalhes/images/03.jpg",
            "source_hash": null,
            "storage_class": "STANDARD",
            "tags": null,
            "tags_all": {},
            "version_id": "",
            "website_redirect": ""
          },
          "sensitive_attributes": [],
          "private": "bnVsbA==",
          "dependencies": [
            "aws_s3_bucket.prospacept"
          ]
        },
        {
          "index_key": "galeria/escritorio_avenida_liberdade_detalhes/images/03_huf034b61fe1fc232725fd27f0a7518acd_288548_1200x1200_fit_q75_box.jpg",
          "schema_version": 0,
          "attributes": {
            "acl": "public-read",
            "bucket": "prospacept",
            "bucket_key_enabled": false,
            "cache_control": "",
            "content": null,
            "content_base64": null,
            "content_disposition": "",
            "content_encoding": "",
            "content_language": "",
            "content_type": "binary/octet-stream",
            "etag": "b1fa83492a1f6a27734bcd3a6610e21d",
            "force_destroy": false,
            "id": "galeria/escritorio_avenida_liberdade_detalhes/images/03_huf034b61fe1fc232725fd27f0a7518acd_288548_1200x1200_fit_q75_box.jpg",
            "key": "galeria/escritorio_avenida_liberdade_detalhes/images/03_huf034b61fe1fc232725fd27f0a7518acd_288548_1200x1200_fit_q75_box.jpg",
            "kms_key_id": null,
            "metadata": null,
            "object_lock_legal_hold_status": "",
            "object_lock_mode": "",
            "object_lock_retain_until_date": "",
            "server_side_encryption": "",
            "source": "./public/galeria/escritorio_avenida_liberdade_detalhes/images/03_huf034b61fe1fc232725fd27f0a7518acd_288548_1200x1200_fit_q75_box.jpg",
            "source_hash": null,
            "storage_class": "STANDARD",
            "tags": null,
            "tags_all": {},
            "version_id": "",
            "website_redirect": ""
          },
          "sensitive_attributes": [],
          "private": "bnVsbA==",
          "dependencies": [
            "aws_s3_bucket.prospacept"
          ]
        },
        {
          "index_key": "galeria/escritorio_avenida_liberdade_edificio.html",
          "schema_version": 0,
          "attributes": {
            "acl": "public-read",
            "bucket": "prospacept",
            "bucket_key_enabled": false,
            "cache_control": "",
            "content": null,
            "content_base64": null,
            "content_disposition": "",
            "content_encoding": "",
            "content_language": "",
            "content_type": "binary/octet-stream",
            "etag": "43d82e6a456cad2cd9f8beaf0a5c468c",
            "force_destroy": false,
            "id": "galeria/escritorio_avenida_liberdade_edificio.html",
            "key": "galeria/escritorio_avenida_liberdade_edificio.html",
            "kms_key_id": null,
            "metadata": null,
            "object_lock_legal_hold_status": "",
            "object_lock_mode": "",
            "object_lock_retain_until_date": "",
            "server_side_encryption": "",
            "source": "./public/galeria/escritorio_avenida_liberdade_edificio.html",
            "source_hash": null,
            "storage_class": "STANDARD",
            "tags": null,
            "tags_all": {},
            "version_id": "",
            "website_redirect": ""
          },
          "sensitive_attributes": [],
          "private": "bnVsbA==",
          "dependencies": [
            "aws_s3_bucket.prospacept"
          ]
        },
        {
          "index_key": "galeria/escritorio_avenida_liberdade_edificio/images/01.jpg",
          "schema_version": 0,
          "attributes": {
            "acl": "public-read",
            "bucket": "prospacept",
            "bucket_key_enabled": false,
            "cache_control": "",
            "content": null,
            "content_base64": null,
            "content_disposition": "",
            "content_encoding": "",
            "content_language": "",
            "content_type": "binary/octet-stream",
            "etag": "c44a382adb4d3d2fd09da7d9910c6eb0",
            "force_destroy": false,
            "id": "galeria/escritorio_avenida_liberdade_edificio/images/01.jpg",
            "key": "galeria/escritorio_avenida_liberdade_edificio/images/01.jpg",
            "kms_key_id": null,
            "metadata": null,
            "object_lock_legal_hold_status": "",
            "object_lock_mode": "",
            "object_lock_retain_until_date": "",
            "server_side_encryption": "",
            "source": "./public/galeria/escritorio_avenida_liberdade_edificio/images/01.jpg",
            "source_hash": null,
            "storage_class": "STANDARD",
            "tags": null,
            "tags_all": {},
            "version_id": "",
            "website_redirect": ""
          },
          "sensitive_attributes": [],
          "private": "bnVsbA==",
          "dependencies": [
            "aws_s3_bucket.prospacept"
          ]
        },
        {
          "index_key": "galeria/escritorio_avenida_liberdade_edificio/images/01_huf034b61fe1fc232725fd27f0a7518acd_527669_1200x1200_fit_q75_box.jpg",
          "schema_version": 0,
          "attributes": {
            "acl": "public-read",
            "bucket": "prospacept",
            "bucket_key_enabled": false,
            "cache_control": "",
            "content": null,
            "content_base64": null,
            "content_disposition": "",
            "content_encoding": "",
            "content_language": "",
            "content_type": "binary/octet-stream",
            "etag": "23691a8d1058a28a3ca05ec9faca848a",
            "force_destroy": false,
            "id": "galeria/escritorio_avenida_liberdade_edificio/images/01_huf034b61fe1fc232725fd27f0a7518acd_527669_1200x1200_fit_q75_box.jpg",
            "key": "galeria/escritorio_avenida_liberdade_edificio/images/01_huf034b61fe1fc232725fd27f0a7518acd_527669_1200x1200_fit_q75_box.jpg",
            "kms_key_id": null,
            "metadata": null,
            "object_lock_legal_hold_status": "",
            "object_lock_mode": "",
            "object_lock_retain_until_date": "",
            "server_side_encryption": "",
            "source": "./public/galeria/escritorio_avenida_liberdade_edificio/images/01_huf034b61fe1fc232725fd27f0a7518acd_527669_1200x1200_fit_q75_box.jpg",
            "source_hash": null,
            "storage_class": "STANDARD",
            "tags": null,
            "tags_all": {},
            "version_id": "",
            "website_redirect": ""
          },
          "sensitive_attributes": [],
          "private": "bnVsbA==",
          "dependencies": [
            "aws_s3_bucket.prospacept"
          ]
        },
        {
          "index_key": "galeria/escritorio_avenida_liberdade_edificio/images/02.jpg",
          "schema_version": 0,
          "attributes": {
            "acl": "public-read",
            "bucket": "prospacept",
            "bucket_key_enabled": false,
            "cache_control": "",
            "content": null,
            "content_base64": null,
            "content_disposition": "",
            "content_encoding": "",
            "content_language": "",
            "content_type": "binary/octet-stream",
            "etag": "c50241cb72fbc5dc56714ef95f449c95",
            "force_destroy": false,
            "id": "galeria/escritorio_avenida_liberdade_edificio/images/02.jpg",
            "key": "galeria/escritorio_avenida_liberdade_edificio/images/02.jpg",
            "kms_key_id": null,
            "metadata": null,
            "object_lock_legal_hold_status": "",
            "object_lock_mode": "",
            "object_lock_retain_until_date": "",
            "server_side_encryption": "",
            "source": "./public/galeria/escritorio_avenida_liberdade_edificio/images/02.jpg",
            "source_hash": null,
            "storage_class": "STANDARD",
            "tags": null,
            "tags_all": {},
            "version_id": "",
            "website_redirect": ""
          },
          "sensitive_attributes": [],
          "private": "bnVsbA==",
          "dependencies": [
            "aws_s3_bucket.prospacept"
          ]
        },
        {
          "index_key": "galeria/escritorio_avenida_liberdade_edificio/images/02_huf034b61fe1fc232725fd27f0a7518acd_550236_1200x1200_fit_q75_box.jpg",
          "schema_version": 0,
          "attributes": {
            "acl": "public-read",
            "bucket": "prospacept",
            "bucket_key_enabled": false,
            "cache_control": "",
            "content": null,
            "content_base64": null,
            "content_disposition": "",
            "content_encoding": "",
            "content_language": "",
            "content_type": "binary/octet-stream",
            "etag": "682e075d38c028fe7c1fca934b6ec4e5",
            "force_destroy": false,
            "id": "galeria/escritorio_avenida_liberdade_edificio/images/02_huf034b61fe1fc232725fd27f0a7518acd_550236_1200x1200_fit_q75_box.jpg",
            "key": "galeria/escritorio_avenida_liberdade_edificio/images/02_huf034b61fe1fc232725fd27f0a7518acd_550236_1200x1200_fit_q75_box.jpg",
            "kms_key_id": null,
            "metadata": null,
            "object_lock_legal_hold_status": "",
            "object_lock_mode": "",
            "object_lock_retain_until_date": "",
            "server_side_encryption": "",
            "source": "./public/galeria/escritorio_avenida_liberdade_edificio/images/02_huf034b61fe1fc232725fd27f0a7518acd_550236_1200x1200_fit_q75_box.jpg",
            "source_hash": null,
            "storage_class": "STANDARD",
            "tags": null,
            "tags_all": {},
            "version_id": "",
            "website_redirect": ""
          },
          "sensitive_attributes": [],
          "private": "bnVsbA==",
          "dependencies": [
            "aws_s3_bucket.prospacept"
          ]
        },
        {
          "index_key": "galeria/escritorio_avenida_liberdade_edificio/images/03.jpg",
          "schema_version": 0,
          "attributes": {
            "acl": "public-read",
            "bucket": "prospacept",
            "bucket_key_enabled": false,
            "cache_control": "",
            "content": null,
            "content_base64": null,
            "content_disposition": "",
            "content_encoding": "",
            "content_language": "",
            "content_type": "binary/octet-stream",
            "etag": "a32bbf34f739d0321ff87395c9f48178",
            "force_destroy": false,
            "id": "galeria/escritorio_avenida_liberdade_edificio/images/03.jpg",
            "key": "galeria/escritorio_avenida_liberdade_edificio/images/03.jpg",
            "kms_key_id": null,
            "metadata": null,
            "object_lock_legal_hold_status": "",
            "object_lock_mode": "",
            "object_lock_retain_until_date": "",
            "server_side_encryption": "",
            "source": "./public/galeria/escritorio_avenida_liberdade_edificio/images/03.jpg",
            "source_hash": null,
            "storage_class": "STANDARD",
            "tags": null,
            "tags_all": {},
            "version_id": "",
            "website_redirect": ""
          },
          "sensitive_attributes": [],
          "private": "bnVsbA==",
          "dependencies": [
            "aws_s3_bucket.prospacept"
          ]
        },
        {
          "index_key": "galeria/escritorio_avenida_liberdade_edificio/images/03_huf034b61fe1fc232725fd27f0a7518acd_558838_1200x1200_fit_q75_box.jpg",
          "schema_version": 0,
          "attributes": {
            "acl": "public-read",
            "bucket": "prospacept",
            "bucket_key_enabled": false,
            "cache_control": "",
            "content": null,
            "content_base64": null,
            "content_disposition": "",
            "content_encoding": "",
            "content_language": "",
            "content_type": "binary/octet-stream",
            "etag": "91324712bb8774ca2cda4e220981cbe0",
            "force_destroy": false,
            "id": "galeria/escritorio_avenida_liberdade_edificio/images/03_huf034b61fe1fc232725fd27f0a7518acd_558838_1200x1200_fit_q75_box.jpg",
            "key": "galeria/escritorio_avenida_liberdade_edificio/images/03_huf034b61fe1fc232725fd27f0a7518acd_558838_1200x1200_fit_q75_box.jpg",
            "kms_key_id": null,
            "metadata": null,
            "object_lock_legal_hold_status": "",
            "object_lock_mode": "",
            "object_lock_retain_until_date": "",
            "server_side_encryption": "",
            "source": "./public/galeria/escritorio_avenida_liberdade_edificio/images/03_huf034b61fe1fc232725fd27f0a7518acd_558838_1200x1200_fit_q75_box.jpg",
            "source_hash": null,
            "storage_class": "STANDARD",
            "tags": null,
            "tags_all": {},
            "version_id": "",
            "website_redirect": ""
          },
          "sensitive_attributes": [],
          "private": "bnVsbA==",
          "dependencies": [
            "aws_s3_bucket.prospacept"
          ]
        },
        {
          "index_key": "galeria/escritorio_avenida_liberdade_edificio/images/04.jpg",
          "schema_version": 0,
          "attributes": {
            "acl": "public-read",
            "bucket": "prospacept",
            "bucket_key_enabled": false,
            "cache_control": "",
            "content": null,
            "content_base64": null,
            "content_disposition": "",
            "content_encoding": "",
            "content_language": "",
            "content_type": "binary/octet-stream",
            "etag": "f73192efcb0133a5af05ad70e5390be3",
            "force_destroy": false,
            "id": "galeria/escritorio_avenida_liberdade_edificio/images/04.jpg",
            "key": "galeria/escritorio_avenida_liberdade_edificio/images/04.jpg",
            "kms_key_id": null,
            "metadata": null,
            "object_lock_legal_hold_status": "",
            "object_lock_mode": "",
            "object_lock_retain_until_date": "",
            "server_side_encryption": "",
            "source": "./public/galeria/escritorio_avenida_liberdade_edificio/images/04.jpg",
            "source_hash": null,
            "storage_class": "STANDARD",
            "tags": null,
            "tags_all": {},
            "version_id": "",
            "website_redirect": ""
          },
          "sensitive_attributes": [],
          "private": "bnVsbA==",
          "dependencies": [
            "aws_s3_bucket.prospacept"
          ]
        },
        {
          "index_key": "galeria/escritorio_avenida_liberdade_edificio/images/04_huf034b61fe1fc232725fd27f0a7518acd_329239_1200x1200_fit_q75_box.jpg",
          "schema_version": 0,
          "attributes": {
            "acl": "public-read",
            "bucket": "prospacept",
            "bucket_key_enabled": false,
            "cache_control": "",
            "content": null,
            "content_base64": null,
            "content_disposition": "",
            "content_encoding": "",
            "content_language": "",
            "content_type": "binary/octet-stream",
            "etag": "958f3af62a839d333315c0101dc572b9",
            "force_destroy": false,
            "id": "galeria/escritorio_avenida_liberdade_edificio/images/04_huf034b61fe1fc232725fd27f0a7518acd_329239_1200x1200_fit_q75_box.jpg",
            "key": "galeria/escritorio_avenida_liberdade_edificio/images/04_huf034b61fe1fc232725fd27f0a7518acd_329239_1200x1200_fit_q75_box.jpg",
            "kms_key_id": null,
            "metadata": null,
            "object_lock_legal_hold_status": "",
            "object_lock_mode": "",
            "object_lock_retain_until_date": "",
            "server_side_encryption": "",
            "source": "./public/galeria/escritorio_avenida_liberdade_edificio/images/04_huf034b61fe1fc232725fd27f0a7518acd_329239_1200x1200_fit_q75_box.jpg",
            "source_hash": null,
            "storage_class": "STANDARD",
            "tags": null,
            "tags_all": {},
            "version_id": "",
            "website_redirect": ""
          },
          "sensitive_attributes": [],
          "private": "bnVsbA==",
          "dependencies": [
            "aws_s3_bucket.prospacept"
          ]
        },
        {
          "index_key": "galeria/escritorio_avenida_liberdade_edificio/images/05.jpg",
          "schema_version": 0,
          "attributes": {
            "acl": "public-read",
            "bucket": "prospacept",
            "bucket_key_enabled": false,
            "cache_control": "",
            "content": null,
            "content_base64": null,
            "content_disposition": "",
            "content_encoding": "",
            "content_language": "",
            "content_type": "binary/octet-stream",
            "etag": "e8e85e7a45970fc338cd28b79f0e739e",
            "force_destroy": false,
            "id": "galeria/escritorio_avenida_liberdade_edificio/images/05.jpg",
            "key": "galeria/escritorio_avenida_liberdade_edificio/images/05.jpg",
            "kms_key_id": null,
            "metadata": null,
            "object_lock_legal_hold_status": "",
            "object_lock_mode": "",
            "object_lock_retain_until_date": "",
            "server_side_encryption": "",
            "source": "./public/galeria/escritorio_avenida_liberdade_edificio/images/05.jpg",
            "source_hash": null,
            "storage_class": "STANDARD",
            "tags": null,
            "tags_all": {},
            "version_id": "",
            "website_redirect": ""
          },
          "sensitive_attributes": [],
          "private": "bnVsbA==",
          "dependencies": [
            "aws_s3_bucket.prospacept"
          ]
        },
        {
          "index_key": "galeria/escritorio_avenida_liberdade_edificio/images/05_huf034b61fe1fc232725fd27f0a7518acd_358877_1200x1200_fit_q75_box.jpg",
          "schema_version": 0,
          "attributes": {
            "acl": "public-read",
            "bucket": "prospacept",
            "bucket_key_enabled": false,
            "cache_control": "",
            "content": null,
            "content_base64": null,
            "content_disposition": "",
            "content_encoding": "",
            "content_language": "",
            "content_type": "binary/octet-stream",
            "etag": "f3661b803b2d00894b48de080f764a28",
            "force_destroy": false,
            "id": "galeria/escritorio_avenida_liberdade_edificio/images/05_huf034b61fe1fc232725fd27f0a7518acd_358877_1200x1200_fit_q75_box.jpg",
            "key": "galeria/escritorio_avenida_liberdade_edificio/images/05_huf034b61fe1fc232725fd27f0a7518acd_358877_1200x1200_fit_q75_box.jpg",
            "kms_key_id": null,
            "metadata": null,
            "object_lock_legal_hold_status": "",
            "object_lock_mode": "",
            "object_lock_retain_until_date": "",
            "server_side_encryption": "",
            "source": "./public/galeria/escritorio_avenida_liberdade_edificio/images/05_huf034b61fe1fc232725fd27f0a7518acd_358877_1200x1200_fit_q75_box.jpg",
            "source_hash": null,
            "storage_class": "STANDARD",
            "tags": null,
            "tags_all": {},
            "version_id": "",
            "website_redirect": ""
          },
          "sensitive_attributes": [],
          "private": "bnVsbA==",
          "dependencies": [
            "aws_s3_bucket.prospacept"
          ]
        },
        {
          "index_key": "galeria/escritorio_avenida_liberdade_edificio/images/06.jpg",
          "schema_version": 0,
          "attributes": {
            "acl": "public-read",
            "bucket": "prospacept",
            "bucket_key_enabled": false,
            "cache_control": "",
            "content": null,
            "content_base64": null,
            "content_disposition": "",
            "content_encoding": "",
            "content_language": "",
            "content_type": "binary/octet-stream",
            "etag": "a2f607a6616b39b2f482a134eb677806",
            "force_destroy": false,
            "id": "galeria/escritorio_avenida_liberdade_edificio/images/06.jpg",
            "key": "galeria/escritorio_avenida_liberdade_edificio/images/06.jpg",
            "kms_key_id": null,
            "metadata": null,
            "object_lock_legal_hold_status": "",
            "object_lock_mode": "",
            "object_lock_retain_until_date": "",
            "server_side_encryption": "",
            "source": "./public/galeria/escritorio_avenida_liberdade_edificio/images/06.jpg",
            "source_hash": null,
            "storage_class": "STANDARD",
            "tags": null,
            "tags_all": {},
            "version_id": "",
            "website_redirect": ""
          },
          "sensitive_attributes": [],
          "private": "bnVsbA==",
          "dependencies": [
            "aws_s3_bucket.prospacept"
          ]
        },
        {
          "index_key": "galeria/escritorio_avenida_liberdade_edificio/images/06_huf034b61fe1fc232725fd27f0a7518acd_380807_1200x1200_fit_q75_box.jpg",
          "schema_version": 0,
          "attributes": {
            "acl": "public-read",
            "bucket": "prospacept",
            "bucket_key_enabled": false,
            "cache_control": "",
            "content": null,
            "content_base64": null,
            "content_disposition": "",
            "content_encoding": "",
            "content_language": "",
            "content_type": "binary/octet-stream",
            "etag": "784c733ed3b923c9b3b87933a5e32e10",
            "force_destroy": false,
            "id": "galeria/escritorio_avenida_liberdade_edificio/images/06_huf034b61fe1fc232725fd27f0a7518acd_380807_1200x1200_fit_q75_box.jpg",
            "key": "galeria/escritorio_avenida_liberdade_edificio/images/06_huf034b61fe1fc232725fd27f0a7518acd_380807_1200x1200_fit_q75_box.jpg",
            "kms_key_id": null,
            "metadata": null,
            "object_lock_legal_hold_status": "",
            "object_lock_mode": "",
            "object_lock_retain_until_date": "",
            "server_side_encryption": "",
            "source": "./public/galeria/escritorio_avenida_liberdade_edificio/images/06_huf034b61fe1fc232725fd27f0a7518acd_380807_1200x1200_fit_q75_box.jpg",
            "source_hash": null,
            "storage_class": "STANDARD",
            "tags": null,
            "tags_all": {},
            "version_id": "",
            "website_redirect": ""
          },
          "sensitive_attributes": [],
          "private": "bnVsbA==",
          "dependencies": [
            "aws_s3_bucket.prospacept"
          ]
        },
        {
          "index_key": "galeria/escritorio_avenida_liberdade_edificio/images/07.jpg",
          "schema_version": 0,
          "attributes": {
            "acl": "public-read",
            "bucket": "prospacept",
            "bucket_key_enabled": false,
            "cache_control": "",
            "content": null,
            "content_base64": null,
            "content_disposition": "",
            "content_encoding": "",
            "content_language": "",
            "content_type": "binary/octet-stream",
            "etag": "3b6ae427abc0c8ec5fb8656dd4244472",
            "force_destroy": false,
            "id": "galeria/escritorio_avenida_liberdade_edificio/images/07.jpg",
            "key": "galeria/escritorio_avenida_liberdade_edificio/images/07.jpg",
            "kms_key_id": null,
            "metadata": null,
            "object_lock_legal_hold_status": "",
            "object_lock_mode": "",
            "object_lock_retain_until_date": "",
            "server_side_encryption": "",
            "source": "./public/galeria/escritorio_avenida_liberdade_edificio/images/07.jpg",
            "source_hash": null,
            "storage_class": "STANDARD",
            "tags": null,
            "tags_all": {},
            "version_id": "",
            "website_redirect": ""
          },
          "sensitive_attributes": [],
          "private": "bnVsbA==",
          "dependencies": [
            "aws_s3_bucket.prospacept"
          ]
        },
        {
          "index_key": "galeria/escritorio_avenida_liberdade_edificio/images/07_huf034b61fe1fc232725fd27f0a7518acd_410112_1200x1200_fit_q75_box.jpg",
          "schema_version": 0,
          "attributes": {
            "acl": "public-read",
            "bucket": "prospacept",
            "bucket_key_enabled": false,
            "cache_control": "",
            "content": null,
            "content_base64": null,
            "content_disposition": "",
            "content_encoding": "",
            "content_language": "",
            "content_type": "binary/octet-stream",
            "etag": "b5042169dcb2b7a1e77109c194635693",
            "force_destroy": false,
            "id": "galeria/escritorio_avenida_liberdade_edificio/images/07_huf034b61fe1fc232725fd27f0a7518acd_410112_1200x1200_fit_q75_box.jpg",
            "key": "galeria/escritorio_avenida_liberdade_edificio/images/07_huf034b61fe1fc232725fd27f0a7518acd_410112_1200x1200_fit_q75_box.jpg",
            "kms_key_id": null,
            "metadata": null,
            "object_lock_legal_hold_status": "",
            "object_lock_mode": "",
            "object_lock_retain_until_date": "",
            "server_side_encryption": "",
            "source": "./public/galeria/escritorio_avenida_liberdade_edificio/images/07_huf034b61fe1fc232725fd27f0a7518acd_410112_1200x1200_fit_q75_box.jpg",
            "source_hash": null,
            "storage_class": "STANDARD",
            "tags": null,
            "tags_all": {},
            "version_id": "",
            "website_redirect": ""
          },
          "sensitive_attributes": [],
          "private": "bnVsbA==",
          "dependencies": [
            "aws_s3_bucket.prospacept"
          ]
        },
        {
          "index_key": "galeria/escritorio_avenida_liberdade_edificio/images/08.jpg",
          "schema_version": 0,
          "attributes": {
            "acl": "public-read",
            "bucket": "prospacept",
            "bucket_key_enabled": false,
            "cache_control": "",
            "content": null,
            "content_base64": null,
            "content_disposition": "",
            "content_encoding": "",
            "content_language": "",
            "content_type": "binary/octet-stream",
            "etag": "b647e77a76339fe0275ac75ad0b274ca",
            "force_destroy": false,
            "id": "galeria/escritorio_avenida_liberdade_edificio/images/08.jpg",
            "key": "galeria/escritorio_avenida_liberdade_edificio/images/08.jpg",
            "kms_key_id": null,
            "metadata": null,
            "object_lock_legal_hold_status": "",
            "object_lock_mode": "",
            "object_lock_retain_until_date": "",
            "server_side_encryption": "",
            "source": "./public/galeria/escritorio_avenida_liberdade_edificio/images/08.jpg",
            "source_hash": null,
            "storage_class": "STANDARD",
            "tags": null,
            "tags_all": {},
            "version_id": "",
            "website_redirect": ""
          },
          "sensitive_attributes": [],
          "private": "bnVsbA==",
          "dependencies": [
            "aws_s3_bucket.prospacept"
          ]
        },
        {
          "index_key": "galeria/escritorio_avenida_liberdade_edificio/images/08_huf034b61fe1fc232725fd27f0a7518acd_440893_1200x1200_fit_q75_box.jpg",
          "schema_version": 0,
          "attributes": {
            "acl": "public-read",
            "bucket": "prospacept",
            "bucket_key_enabled": false,
            "cache_control": "",
            "content": null,
            "content_base64": null,
            "content_disposition": "",
            "content_encoding": "",
            "content_language": "",
            "content_type": "binary/octet-stream",
            "etag": "2b60e33baff3bbd94317fcf6d20fd25f",
            "force_destroy": false,
            "id": "galeria/escritorio_avenida_liberdade_edificio/images/08_huf034b61fe1fc232725fd27f0a7518acd_440893_1200x1200_fit_q75_box.jpg",
            "key": "galeria/escritorio_avenida_liberdade_edificio/images/08_huf034b61fe1fc232725fd27f0a7518acd_440893_1200x1200_fit_q75_box.jpg",
            "kms_key_id": null,
            "metadata": null,
            "object_lock_legal_hold_status": "",
            "object_lock_mode": "",
            "object_lock_retain_until_date": "",
            "server_side_encryption": "",
            "source": "./public/galeria/escritorio_avenida_liberdade_edificio/images/08_huf034b61fe1fc232725fd27f0a7518acd_440893_1200x1200_fit_q75_box.jpg",
            "source_hash": null,
            "storage_class": "STANDARD",
            "tags": null,
            "tags_all": {},
            "version_id": "",
            "website_redirect": ""
          },
          "sensitive_attributes": [],
          "private": "bnVsbA==",
          "dependencies": [
            "aws_s3_bucket.prospacept"
          ]
        },
        {
          "index_key": "galeria/escritorio_avenida_liberdade_edificio/images/09.jpg",
          "schema_version": 0,
          "attributes": {
            "acl": "public-read",
            "bucket": "prospacept",
            "bucket_key_enabled": false,
            "cache_control": "",
            "content": null,
            "content_base64": null,
            "content_disposition": "",
            "content_encoding": "",
            "content_language": "",
            "content_type": "binary/octet-stream",
            "etag": "e6c006614184b38889dbe05f269a5275",
            "force_destroy": false,
            "id": "galeria/escritorio_avenida_liberdade_edificio/images/09.jpg",
            "key": "galeria/escritorio_avenida_liberdade_edificio/images/09.jpg",
            "kms_key_id": null,
            "metadata": null,
            "object_lock_legal_hold_status": "",
            "object_lock_mode": "",
            "object_lock_retain_until_date": "",
            "server_side_encryption": "",
            "source": "./public/galeria/escritorio_avenida_liberdade_edificio/images/09.jpg",
            "source_hash": null,
            "storage_class": "STANDARD",
            "tags": null,
            "tags_all": {},
            "version_id": "",
            "website_redirect": ""
          },
          "sensitive_attributes": [],
          "private": "bnVsbA==",
          "dependencies": [
            "aws_s3_bucket.prospacept"
          ]
        },
        {
          "index_key": "galeria/escritorio_avenida_liberdade_edificio/images/09_huf034b61fe1fc232725fd27f0a7518acd_354073_1200x1200_fit_q75_box.jpg",
          "schema_version": 0,
          "attributes": {
            "acl": "public-read",
            "bucket": "prospacept",
            "bucket_key_enabled": false,
            "cache_control": "",
            "content": null,
            "content_base64": null,
            "content_disposition": "",
            "content_encoding": "",
            "content_language": "",
            "content_type": "binary/octet-stream",
            "etag": "4876979912457e8c2e76ae0fc354fb2c",
            "force_destroy": false,
            "id": "galeria/escritorio_avenida_liberdade_edificio/images/09_huf034b61fe1fc232725fd27f0a7518acd_354073_1200x1200_fit_q75_box.jpg",
            "key": "galeria/escritorio_avenida_liberdade_edificio/images/09_huf034b61fe1fc232725fd27f0a7518acd_354073_1200x1200_fit_q75_box.jpg",
            "kms_key_id": null,
            "metadata": null,
            "object_lock_legal_hold_status": "",
            "object_lock_mode": "",
            "object_lock_retain_until_date": "",
            "server_side_encryption": "",
            "source": "./public/galeria/escritorio_avenida_liberdade_edificio/images/09_huf034b61fe1fc232725fd27f0a7518acd_354073_1200x1200_fit_q75_box.jpg",
            "source_hash": null,
            "storage_class": "STANDARD",
            "tags": null,
            "tags_all": {},
            "version_id": "",
            "website_redirect": ""
          },
          "sensitive_attributes": [],
          "private": "bnVsbA==",
          "dependencies": [
            "aws_s3_bucket.prospacept"
          ]
        },
        {
          "index_key": "galeria/escritorio_avenida_liberdade_edificio/images/10.jpg",
          "schema_version": 0,
          "attributes": {
            "acl": "public-read",
            "bucket": "prospacept",
            "bucket_key_enabled": false,
            "cache_control": "",
            "content": null,
            "content_base64": null,
            "content_disposition": "",
            "content_encoding": "",
            "content_language": "",
            "content_type": "binary/octet-stream",
            "etag": "d3cc08d823b306619a00e7a66ae8271a",
            "force_destroy": false,
            "id": "galeria/escritorio_avenida_liberdade_edificio/images/10.jpg",
            "key": "galeria/escritorio_avenida_liberdade_edificio/images/10.jpg",
            "kms_key_id": null,
            "metadata": null,
            "object_lock_legal_hold_status": "",
            "object_lock_mode": "",
            "object_lock_retain_until_date": "",
            "server_side_encryption": "",
            "source": "./public/galeria/escritorio_avenida_liberdade_edificio/images/10.jpg",
            "source_hash": null,
            "storage_class": "STANDARD",
            "tags": null,
            "tags_all": {},
            "version_id": "",
            "website_redirect": ""
          },
          "sensitive_attributes": [],
          "private": "bnVsbA==",
          "dependencies": [
            "aws_s3_bucket.prospacept"
          ]
        },
        {
          "index_key": "galeria/escritorio_avenida_liberdade_edificio/images/10_huf034b61fe1fc232725fd27f0a7518acd_383672_1200x1200_fit_q75_box.jpg",
          "schema_version": 0,
          "attributes": {
            "acl": "public-read",
            "bucket": "prospacept",
            "bucket_key_enabled": false,
            "cache_control": "",
            "content": null,
            "content_base64": null,
            "content_disposition": "",
            "content_encoding": "",
            "content_language": "",
            "content_type": "binary/octet-stream",
            "etag": "c4d5988cebbeb2e3f918de1a56ba8843",
            "force_destroy": false,
            "id": "galeria/escritorio_avenida_liberdade_edificio/images/10_huf034b61fe1fc232725fd27f0a7518acd_383672_1200x1200_fit_q75_box.jpg",
            "key": "galeria/escritorio_avenida_liberdade_edificio/images/10_huf034b61fe1fc232725fd27f0a7518acd_383672_1200x1200_fit_q75_box.jpg",
            "kms_key_id": null,
            "metadata": null,
            "object_lock_legal_hold_status": "",
            "object_lock_mode": "",
            "object_lock_retain_until_date": "",
            "server_side_encryption": "",
            "source": "./public/galeria/escritorio_avenida_liberdade_edificio/images/10_huf034b61fe1fc232725fd27f0a7518acd_383672_1200x1200_fit_q75_box.jpg",
            "source_hash": null,
            "storage_class": "STANDARD",
            "tags": null,
            "tags_all": {},
            "version_id": "",
            "website_redirect": ""
          },
          "sensitive_attributes": [],
          "private": "bnVsbA==",
          "dependencies": [
            "aws_s3_bucket.prospacept"
          ]
        },
        {
          "index_key": "galeria/escritorio_avenida_liberdade_interior.html",
          "schema_version": 0,
          "attributes": {
            "acl": "public-read",
            "bucket": "prospacept",
            "bucket_key_enabled": false,
            "cache_control": "",
            "content": null,
            "content_base64": null,
            "content_disposition": "",
            "content_encoding": "",
            "content_language": "",
            "content_type": "binary/octet-stream",
            "etag": "781cbcffde1cf1eac1f4c271443d9d1a",
            "force_destroy": false,
            "id": "galeria/escritorio_avenida_liberdade_interior.html",
            "key": "galeria/escritorio_avenida_liberdade_interior.html",
            "kms_key_id": null,
            "metadata": null,
            "object_lock_legal_hold_status": "",
            "object_lock_mode": "",
            "object_lock_retain_until_date": "",
            "server_side_encryption": "",
            "source": "./public/galeria/escritorio_avenida_liberdade_interior.html",
            "source_hash": null,
            "storage_class": "STANDARD",
            "tags": null,
            "tags_all": {},
            "version_id": "",
            "website_redirect": ""
          },
          "sensitive_attributes": [],
          "private": "bnVsbA==",
          "dependencies": [
            "aws_s3_bucket.prospacept"
          ]
        },
        {
          "index_key": "galeria/escritorio_avenida_liberdade_interior/images/01.jpg",
          "schema_version": 0,
          "attributes": {
            "acl": "public-read",
            "bucket": "prospacept",
            "bucket_key_enabled": false,
            "cache_control": "",
            "content": null,
            "content_base64": null,
            "content_disposition": "",
            "content_encoding": "",
            "content_language": "",
            "content_type": "binary/octet-stream",
            "etag": "d25e156adcd68b36d80be1038c5bab57",
            "force_destroy": false,
            "id": "galeria/escritorio_avenida_liberdade_interior/images/01.jpg",
            "key": "galeria/escritorio_avenida_liberdade_interior/images/01.jpg",
            "kms_key_id": null,
            "metadata": null,
            "object_lock_legal_hold_status": "",
            "object_lock_mode": "",
            "object_lock_retain_until_date": "",
            "server_side_encryption": "",
            "source": "./public/galeria/escritorio_avenida_liberdade_interior/images/01.jpg",
            "source_hash": null,
            "storage_class": "STANDARD",
            "tags": null,
            "tags_all": {},
            "version_id": "",
            "website_redirect": ""
          },
          "sensitive_attributes": [],
          "private": "bnVsbA==",
          "dependencies": [
            "aws_s3_bucket.prospacept"
          ]
        },
        {
          "index_key": "galeria/escritorio_avenida_liberdade_interior/images/01_huf034b61fe1fc232725fd27f0a7518acd_270776_1200x1200_fit_q75_box.jpg",
          "schema_version": 0,
          "attributes": {
            "acl": "public-read",
            "bucket": "prospacept",
            "bucket_key_enabled": false,
            "cache_control": "",
            "content": null,
            "content_base64": null,
            "content_disposition": "",
            "content_encoding": "",
            "content_language": "",
            "content_type": "binary/octet-stream",
            "etag": "8f71633226694edd99e828dd336239cc",
            "force_destroy": false,
            "id": "galeria/escritorio_avenida_liberdade_interior/images/01_huf034b61fe1fc232725fd27f0a7518acd_270776_1200x1200_fit_q75_box.jpg",
            "key": "galeria/escritorio_avenida_liberdade_interior/images/01_huf034b61fe1fc232725fd27f0a7518acd_270776_1200x1200_fit_q75_box.jpg",
            "kms_key_id": null,
            "metadata": null,
            "object_lock_legal_hold_status": "",
            "object_lock_mode": "",
            "object_lock_retain_until_date": "",
            "server_side_encryption": "",
            "source": "./public/galeria/escritorio_avenida_liberdade_interior/images/01_huf034b61fe1fc232725fd27f0a7518acd_270776_1200x1200_fit_q75_box.jpg",
            "source_hash": null,
            "storage_class": "STANDARD",
            "tags": null,
            "tags_all": {},
            "version_id": "",
            "website_redirect": ""
          },
          "sensitive_attributes": [],
          "private": "bnVsbA==",
          "dependencies": [
            "aws_s3_bucket.prospacept"
          ]
        },
        {
          "index_key": "galeria/escritorio_avenida_liberdade_interior/images/02.jpg",
          "schema_version": 0,
          "attributes": {
            "acl": "public-read",
            "bucket": "prospacept",
            "bucket_key_enabled": false,
            "cache_control": "",
            "content": null,
            "content_base64": null,
            "content_disposition": "",
            "content_encoding": "",
            "content_language": "",
            "content_type": "binary/octet-stream",
            "etag": "d6e5ffc2de096e73551cc30975d337d4",
            "force_destroy": false,
            "id": "galeria/escritorio_avenida_liberdade_interior/images/02.jpg",
            "key": "galeria/escritorio_avenida_liberdade_interior/images/02.jpg",
            "kms_key_id": null,
            "metadata": null,
            "object_lock_legal_hold_status": "",
            "object_lock_mode": "",
            "object_lock_retain_until_date": "",
            "server_side_encryption": "",
            "source": "./public/galeria/escritorio_avenida_liberdade_interior/images/02.jpg",
            "source_hash": null,
            "storage_class": "STANDARD",
            "tags": null,
            "tags_all": {},
            "version_id": "",
            "website_redirect": ""
          },
          "sensitive_attributes": [],
          "private": "bnVsbA==",
          "dependencies": [
            "aws_s3_bucket.prospacept"
          ]
        },
        {
          "index_key": "galeria/escritorio_avenida_liberdade_interior/images/02_huf034b61fe1fc232725fd27f0a7518acd_292439_1200x1200_fit_q75_box.jpg",
          "schema_version": 0,
          "attributes": {
            "acl": "public-read",
            "bucket": "prospacept",
            "bucket_key_enabled": false,
            "cache_control": "",
            "content": null,
            "content_base64": null,
            "content_disposition": "",
            "content_encoding": "",
            "content_language": "",
            "content_type": "binary/octet-stream",
            "etag": "89f1db98c1ffdad3f4774926260ec07b",
            "force_destroy": false,
            "id": "galeria/escritorio_avenida_liberdade_interior/images/02_huf034b61fe1fc232725fd27f0a7518acd_292439_1200x1200_fit_q75_box.jpg",
            "key": "galeria/escritorio_avenida_liberdade_interior/images/02_huf034b61fe1fc232725fd27f0a7518acd_292439_1200x1200_fit_q75_box.jpg",
            "kms_key_id": null,
            "metadata": null,
            "object_lock_legal_hold_status": "",
            "object_lock_mode": "",
            "object_lock_retain_until_date": "",
            "server_side_encryption": "",
            "source": "./public/galeria/escritorio_avenida_liberdade_interior/images/02_huf034b61fe1fc232725fd27f0a7518acd_292439_1200x1200_fit_q75_box.jpg",
            "source_hash": null,
            "storage_class": "STANDARD",
            "tags": null,
            "tags_all": {},
            "version_id": "",
            "website_redirect": ""
          },
          "sensitive_attributes": [],
          "private": "bnVsbA==",
          "dependencies": [
            "aws_s3_bucket.prospacept"
          ]
        },
        {
          "index_key": "galeria/escritorio_avenida_liberdade_interior/images/03.jpg",
          "schema_version": 0,
          "attributes": {
            "acl": "public-read",
            "bucket": "prospacept",
            "bucket_key_enabled": false,
            "cache_control": "",
            "content": null,
            "content_base64": null,
            "content_disposition": "",
            "content_encoding": "",
            "content_language": "",
            "content_type": "binary/octet-stream",
            "etag": "ed2cbd4eaa05dab7436e7431da2282a5",
            "force_destroy": false,
            "id": "galeria/escritorio_avenida_liberdade_interior/images/03.jpg",
            "key": "galeria/escritorio_avenida_liberdade_interior/images/03.jpg",
            "kms_key_id": null,
            "metadata": null,
            "object_lock_legal_hold_status": "",
            "object_lock_mode": "",
            "object_lock_retain_until_date": "",
            "server_side_encryption": "",
            "source": "./public/galeria/escritorio_avenida_liberdade_interior/images/03.jpg",
            "source_hash": null,
            "storage_class": "STANDARD",
            "tags": null,
            "tags_all": {},
            "version_id": "",
            "website_redirect": ""
          },
          "sensitive_attributes": [],
          "private": "bnVsbA==",
          "dependencies": [
            "aws_s3_bucket.prospacept"
          ]
        },
        {
          "index_key": "galeria/escritorio_avenida_liberdade_interior/images/03_huf034b61fe1fc232725fd27f0a7518acd_281092_1200x1200_fit_q75_box.jpg",
          "schema_version": 0,
          "attributes": {
            "acl": "public-read",
            "bucket": "prospacept",
            "bucket_key_enabled": false,
            "cache_control": "",
            "content": null,
            "content_base64": null,
            "content_disposition": "",
            "content_encoding": "",
            "content_language": "",
            "content_type": "binary/octet-stream",
            "etag": "396e2529744d353d361621b16f207f99",
            "force_destroy": false,
            "id": "galeria/escritorio_avenida_liberdade_interior/images/03_huf034b61fe1fc232725fd27f0a7518acd_281092_1200x1200_fit_q75_box.jpg",
            "key": "galeria/escritorio_avenida_liberdade_interior/images/03_huf034b61fe1fc232725fd27f0a7518acd_281092_1200x1200_fit_q75_box.jpg",
            "kms_key_id": null,
            "metadata": null,
            "object_lock_legal_hold_status": "",
            "object_lock_mode": "",
            "object_lock_retain_until_date": "",
            "server_side_encryption": "",
            "source": "./public/galeria/escritorio_avenida_liberdade_interior/images/03_huf034b61fe1fc232725fd27f0a7518acd_281092_1200x1200_fit_q75_box.jpg",
            "source_hash": null,
            "storage_class": "STANDARD",
            "tags": null,
            "tags_all": {},
            "version_id": "",
            "website_redirect": ""
          },
          "sensitive_attributes": [],
          "private": "bnVsbA==",
          "dependencies": [
            "aws_s3_bucket.prospacept"
          ]
        },
        {
          "index_key": "galeria/escritorio_avenida_liberdade_interior/images/04.jpg",
          "schema_version": 0,
          "attributes": {
            "acl": "public-read",
            "bucket": "prospacept",
            "bucket_key_enabled": false,
            "cache_control": "",
            "content": null,
            "content_base64": null,
            "content_disposition": "",
            "content_encoding": "",
            "content_language": "",
            "content_type": "binary/octet-stream",
            "etag": "4fbfd03ab65bd30e41157a9ff1f128e1",
            "force_destroy": false,
            "id": "galeria/escritorio_avenida_liberdade_interior/images/04.jpg",
            "key": "galeria/escritorio_avenida_liberdade_interior/images/04.jpg",
            "kms_key_id": null,
            "metadata": null,
            "object_lock_legal_hold_status": "",
            "object_lock_mode": "",
            "object_lock_retain_until_date": "",
            "server_side_encryption": "",
            "source": "./public/galeria/escritorio_avenida_liberdade_interior/images/04.jpg",
            "source_hash": null,
            "storage_class": "STANDARD",
            "tags": null,
            "tags_all": {},
            "version_id": "",
            "website_redirect": ""
          },
          "sensitive_attributes": [],
          "private": "bnVsbA==",
          "dependencies": [
            "aws_s3_bucket.prospacept"
          ]
        },
        {
          "index_key": "galeria/escritorio_avenida_liberdade_interior/images/04_huf034b61fe1fc232725fd27f0a7518acd_294434_1200x1200_fit_q75_box.jpg",
          "schema_version": 0,
          "attributes": {
            "acl": "public-read",
            "bucket": "prospacept",
            "bucket_key_enabled": false,
            "cache_control": "",
            "content": null,
            "content_base64": null,
            "content_disposition": "",
            "content_encoding": "",
            "content_language": "",
            "content_type": "binary/octet-stream",
            "etag": "2da8a2a2a7ff3e2eefe11f47418f167b",
            "force_destroy": false,
            "id": "galeria/escritorio_avenida_liberdade_interior/images/04_huf034b61fe1fc232725fd27f0a7518acd_294434_1200x1200_fit_q75_box.jpg",
            "key": "galeria/escritorio_avenida_liberdade_interior/images/04_huf034b61fe1fc232725fd27f0a7518acd_294434_1200x1200_fit_q75_box.jpg",
            "kms_key_id": null,
            "metadata": null,
            "object_lock_legal_hold_status": "",
            "object_lock_mode": "",
            "object_lock_retain_until_date": "",
            "server_side_encryption": "",
            "source": "./public/galeria/escritorio_avenida_liberdade_interior/images/04_huf034b61fe1fc232725fd27f0a7518acd_294434_1200x1200_fit_q75_box.jpg",
            "source_hash": null,
            "storage_class": "STANDARD",
            "tags": null,
            "tags_all": {},
            "version_id": "",
            "website_redirect": ""
          },
          "sensitive_attributes": [],
          "private": "bnVsbA==",
          "dependencies": [
            "aws_s3_bucket.prospacept"
          ]
        },
        {
          "index_key": "galeria/escritorio_avenida_liberdade_interior/images/05.jpg",
          "schema_version": 0,
          "attributes": {
            "acl": "public-read",
            "bucket": "prospacept",
            "bucket_key_enabled": false,
            "cache_control": "",
            "content": null,
            "content_base64": null,
            "content_disposition": "",
            "content_encoding": "",
            "content_language": "",
            "content_type": "binary/octet-stream",
            "etag": "2679b5dddfce186293bfb6a48d47a7d8",
            "force_destroy": false,
            "id": "galeria/escritorio_avenida_liberdade_interior/images/05.jpg",
            "key": "galeria/escritorio_avenida_liberdade_interior/images/05.jpg",
            "kms_key_id": null,
            "metadata": null,
            "object_lock_legal_hold_status": "",
            "object_lock_mode": "",
            "object_lock_retain_until_date": "",
            "server_side_encryption": "",
            "source": "./public/galeria/escritorio_avenida_liberdade_interior/images/05.jpg",
            "source_hash": null,
            "storage_class": "STANDARD",
            "tags": null,
            "tags_all": {},
            "version_id": "",
            "website_redirect": ""
          },
          "sensitive_attributes": [],
          "private": "bnVsbA==",
          "dependencies": [
            "aws_s3_bucket.prospacept"
          ]
        },
        {
          "index_key": "galeria/escritorio_avenida_liberdade_interior/images/05_huf034b61fe1fc232725fd27f0a7518acd_207851_1200x1200_fit_q75_box.jpg",
          "schema_version": 0,
          "attributes": {
            "acl": "public-read",
            "bucket": "prospacept",
            "bucket_key_enabled": false,
            "cache_control": "",
            "content": null,
            "content_base64": null,
            "content_disposition": "",
            "content_encoding": "",
            "content_language": "",
            "content_type": "binary/octet-stream",
            "etag": "cf01714619320d9c8be69a9dffa7de24",
            "force_destroy": false,
            "id": "galeria/escritorio_avenida_liberdade_interior/images/05_huf034b61fe1fc232725fd27f0a7518acd_207851_1200x1200_fit_q75_box.jpg",
            "key": "galeria/escritorio_avenida_liberdade_interior/images/05_huf034b61fe1fc232725fd27f0a7518acd_207851_1200x1200_fit_q75_box.jpg",
            "kms_key_id": null,
            "metadata": null,
            "object_lock_legal_hold_status": "",
            "object_lock_mode": "",
            "object_lock_retain_until_date": "",
            "server_side_encryption": "",
            "source": "./public/galeria/escritorio_avenida_liberdade_interior/images/05_huf034b61fe1fc232725fd27f0a7518acd_207851_1200x1200_fit_q75_box.jpg",
            "source_hash": null,
            "storage_class": "STANDARD",
            "tags": null,
            "tags_all": {},
            "version_id": "",
            "website_redirect": ""
          },
          "sensitive_attributes": [],
          "private": "bnVsbA==",
          "dependencies": [
            "aws_s3_bucket.prospacept"
          ]
        },
        {
          "index_key": "galeria/escritorio_avenida_liberdade_interior/images/06.jpg",
          "schema_version": 0,
          "attributes": {
            "acl": "public-read",
            "bucket": "prospacept",
            "bucket_key_enabled": false,
            "cache_control": "",
            "content": null,
            "content_base64": null,
            "content_disposition": "",
            "content_encoding": "",
            "content_language": "",
            "content_type": "binary/octet-stream",
            "etag": "4c4f2c781ec0c114294c9374d0da78e5",
            "force_destroy": false,
            "id": "galeria/escritorio_avenida_liberdade_interior/images/06.jpg",
            "key": "galeria/escritorio_avenida_liberdade_interior/images/06.jpg",
            "kms_key_id": null,
            "metadata": null,
            "object_lock_legal_hold_status": "",
            "object_lock_mode": "",
            "object_lock_retain_until_date": "",
            "server_side_encryption": "",
            "source": "./public/galeria/escritorio_avenida_liberdade_interior/images/06.jpg",
            "source_hash": null,
            "storage_class": "STANDARD",
            "tags": null,
            "tags_all": {},
            "version_id": "",
            "website_redirect": ""
          },
          "sensitive_attributes": [],
          "private": "bnVsbA==",
          "dependencies": [
            "aws_s3_bucket.prospacept"
          ]
        },
        {
          "index_key": "galeria/escritorio_avenida_liberdade_interior/images/06_huf034b61fe1fc232725fd27f0a7518acd_257406_1200x1200_fit_q75_box.jpg",
          "schema_version": 0,
          "attributes": {
            "acl": "public-read",
            "bucket": "prospacept",
            "bucket_key_enabled": false,
            "cache_control": "",
            "content": null,
            "content_base64": null,
            "content_disposition": "",
            "content_encoding": "",
            "content_language": "",
            "content_type": "binary/octet-stream",
            "etag": "13439a8a96857c016898929a01ff87d9",
            "force_destroy": false,
            "id": "galeria/escritorio_avenida_liberdade_interior/images/06_huf034b61fe1fc232725fd27f0a7518acd_257406_1200x1200_fit_q75_box.jpg",
            "key": "galeria/escritorio_avenida_liberdade_interior/images/06_huf034b61fe1fc232725fd27f0a7518acd_257406_1200x1200_fit_q75_box.jpg",
            "kms_key_id": null,
            "metadata": null,
            "object_lock_legal_hold_status": "",
            "object_lock_mode": "",
            "object_lock_retain_until_date": "",
            "server_side_encryption": "",
            "source": "./public/galeria/escritorio_avenida_liberdade_interior/images/06_huf034b61fe1fc232725fd27f0a7518acd_257406_1200x1200_fit_q75_box.jpg",
            "source_hash": null,
            "storage_class": "STANDARD",
            "tags": null,
            "tags_all": {},
            "version_id": "",
            "website_redirect": ""
          },
          "sensitive_attributes": [],
          "private": "bnVsbA==",
          "dependencies": [
            "aws_s3_bucket.prospacept"
          ]
        },
        {
          "index_key": "galeria/escritorio_avenida_liberdade_interior/images/07.jpg",
          "schema_version": 0,
          "attributes": {
            "acl": "public-read",
            "bucket": "prospacept",
            "bucket_key_enabled": false,
            "cache_control": "",
            "content": null,
            "content_base64": null,
            "content_disposition": "",
            "content_encoding": "",
            "content_language": "",
            "content_type": "binary/octet-stream",
            "etag": "d1ad865bd850f5ac797131522744b171",
            "force_destroy": false,
            "id": "galeria/escritorio_avenida_liberdade_interior/images/07.jpg",
            "key": "galeria/escritorio_avenida_liberdade_interior/images/07.jpg",
            "kms_key_id": null,
            "metadata": null,
            "object_lock_legal_hold_status": "",
            "object_lock_mode": "",
            "object_lock_retain_until_date": "",
            "server_side_encryption": "",
            "source": "./public/galeria/escritorio_avenida_liberdade_interior/images/07.jpg",
            "source_hash": null,
            "storage_class": "STANDARD",
            "tags": null,
            "tags_all": {},
            "version_id": "",
            "website_redirect": ""
          },
          "sensitive_attributes": [],
          "private": "bnVsbA==",
          "dependencies": [
            "aws_s3_bucket.prospacept"
          ]
        },
        {
          "index_key": "galeria/escritorio_avenida_liberdade_interior/images/07_huf034b61fe1fc232725fd27f0a7518acd_257728_1200x1200_fit_q75_box.jpg",
          "schema_version": 0,
          "attributes": {
            "acl": "public-read",
            "bucket": "prospacept",
            "bucket_key_enabled": false,
            "cache_control": "",
            "content": null,
            "content_base64": null,
            "content_disposition": "",
            "content_encoding": "",
            "content_language": "",
            "content_type": "binary/octet-stream",
            "etag": "7f14e81ab705a2b907af3de2b0c46a5a",
            "force_destroy": false,
            "id": "galeria/escritorio_avenida_liberdade_interior/images/07_huf034b61fe1fc232725fd27f0a7518acd_257728_1200x1200_fit_q75_box.jpg",
            "key": "galeria/escritorio_avenida_liberdade_interior/images/07_huf034b61fe1fc232725fd27f0a7518acd_257728_1200x1200_fit_q75_box.jpg",
            "kms_key_id": null,
            "metadata": null,
            "object_lock_legal_hold_status": "",
            "object_lock_mode": "",
            "object_lock_retain_until_date": "",
            "server_side_encryption": "",
            "source": "./public/galeria/escritorio_avenida_liberdade_interior/images/07_huf034b61fe1fc232725fd27f0a7518acd_257728_1200x1200_fit_q75_box.jpg",
            "source_hash": null,
            "storage_class": "STANDARD",
            "tags": null,
            "tags_all": {},
            "version_id": "",
            "website_redirect": ""
          },
          "sensitive_attributes": [],
          "private": "bnVsbA==",
          "dependencies": [
            "aws_s3_bucket.prospacept"
          ]
        },
        {
          "index_key": "galeria/escritorio_avenida_liberdade_interior/images/08.jpg",
          "schema_version": 0,
          "attributes": {
            "acl": "public-read",
            "bucket": "prospacept",
            "bucket_key_enabled": false,
            "cache_control": "",
            "content": null,
            "content_base64": null,
            "content_disposition": "",
            "content_encoding": "",
            "content_language": "",
            "content_type": "binary/octet-stream",
            "etag": "1cf5fe8ee21eb4373b3f66600a194ef8",
            "force_destroy": false,
            "id": "galeria/escritorio_avenida_liberdade_interior/images/08.jpg",
            "key": "galeria/escritorio_avenida_liberdade_interior/images/08.jpg",
            "kms_key_id": null,
            "metadata": null,
            "object_lock_legal_hold_status": "",
            "object_lock_mode": "",
            "object_lock_retain_until_date": "",
            "server_side_encryption": "",
            "source": "./public/galeria/escritorio_avenida_liberdade_interior/images/08.jpg",
            "source_hash": null,
            "storage_class": "STANDARD",
            "tags": null,
            "tags_all": {},
            "version_id": "",
            "website_redirect": ""
          },
          "sensitive_attributes": [],
          "private": "bnVsbA==",
          "dependencies": [
            "aws_s3_bucket.prospacept"
          ]
        },
        {
          "index_key": "galeria/escritorio_avenida_liberdade_interior/images/08_huf034b61fe1fc232725fd27f0a7518acd_290966_1200x1200_fit_q75_box.jpg",
          "schema_version": 0,
          "attributes": {
            "acl": "public-read",
            "bucket": "prospacept",
            "bucket_key_enabled": false,
            "cache_control": "",
            "content": null,
            "content_base64": null,
            "content_disposition": "",
            "content_encoding": "",
            "content_language": "",
            "content_type": "binary/octet-stream",
            "etag": "35447a0e4e2446af9185a57b1e57db46",
            "force_destroy": false,
            "id": "galeria/escritorio_avenida_liberdade_interior/images/08_huf034b61fe1fc232725fd27f0a7518acd_290966_1200x1200_fit_q75_box.jpg",
            "key": "galeria/escritorio_avenida_liberdade_interior/images/08_huf034b61fe1fc232725fd27f0a7518acd_290966_1200x1200_fit_q75_box.jpg",
            "kms_key_id": null,
            "metadata": null,
            "object_lock_legal_hold_status": "",
            "object_lock_mode": "",
            "object_lock_retain_until_date": "",
            "server_side_encryption": "",
            "source": "./public/galeria/escritorio_avenida_liberdade_interior/images/08_huf034b61fe1fc232725fd27f0a7518acd_290966_1200x1200_fit_q75_box.jpg",
            "source_hash": null,
            "storage_class": "STANDARD",
            "tags": null,
            "tags_all": {},
            "version_id": "",
            "website_redirect": ""
          },
          "sensitive_attributes": [],
          "private": "bnVsbA==",
          "dependencies": [
            "aws_s3_bucket.prospacept"
          ]
        },
        {
          "index_key": "galeria/escritorio_avenida_liberdade_interior/images/09.jpg",
          "schema_version": 0,
          "attributes": {
            "acl": "public-read",
            "bucket": "prospacept",
            "bucket_key_enabled": false,
            "cache_control": "",
            "content": null,
            "content_base64": null,
            "content_disposition": "",
            "content_encoding": "",
            "content_language": "",
            "content_type": "binary/octet-stream",
            "etag": "feb0161879dfd24f8127651d7afbfd21",
            "force_destroy": false,
            "id": "galeria/escritorio_avenida_liberdade_interior/images/09.jpg",
            "key": "galeria/escritorio_avenida_liberdade_interior/images/09.jpg",
            "kms_key_id": null,
            "metadata": null,
            "object_lock_legal_hold_status": "",
            "object_lock_mode": "",
            "object_lock_retain_until_date": "",
            "server_side_encryption": "",
            "source": "./public/galeria/escritorio_avenida_liberdade_interior/images/09.jpg",
            "source_hash": null,
            "storage_class": "STANDARD",
            "tags": null,
            "tags_all": {},
            "version_id": "",
            "website_redirect": ""
          },
          "sensitive_attributes": [],
          "private": "bnVsbA==",
          "dependencies": [
            "aws_s3_bucket.prospacept"
          ]
        },
        {
          "index_key": "galeria/escritorio_avenida_liberdade_interior/images/09_huf034b61fe1fc232725fd27f0a7518acd_321277_1200x1200_fit_q75_box.jpg",
          "schema_version": 0,
          "attributes": {
            "acl": "public-read",
            "bucket": "prospacept",
            "bucket_key_enabled": false,
            "cache_control": "",
            "content": null,
            "content_base64": null,
            "content_disposition": "",
            "content_encoding": "",
            "content_language": "",
            "content_type": "binary/octet-stream",
            "etag": "654d43fbbeb4b20be37ca672cc142f5b",
            "force_destroy": false,
            "id": "galeria/escritorio_avenida_liberdade_interior/images/09_huf034b61fe1fc232725fd27f0a7518acd_321277_1200x1200_fit_q75_box.jpg",
            "key": "galeria/escritorio_avenida_liberdade_interior/images/09_huf034b61fe1fc232725fd27f0a7518acd_321277_1200x1200_fit_q75_box.jpg",
            "kms_key_id": null,
            "metadata": null,
            "object_lock_legal_hold_status": "",
            "object_lock_mode": "",
            "object_lock_retain_until_date": "",
            "server_side_encryption": "",
            "source": "./public/galeria/escritorio_avenida_liberdade_interior/images/09_huf034b61fe1fc232725fd27f0a7518acd_321277_1200x1200_fit_q75_box.jpg",
            "source_hash": null,
            "storage_class": "STANDARD",
            "tags": null,
            "tags_all": {},
            "version_id": "",
            "website_redirect": ""
          },
          "sensitive_attributes": [],
          "private": "bnVsbA==",
          "dependencies": [
            "aws_s3_bucket.prospacept"
          ]
        },
        {
          "index_key": "galeria/escritorio_avenida_liberdade_interior/images/10.jpg",
          "schema_version": 0,
          "attributes": {
            "acl": "public-read",
            "bucket": "prospacept",
            "bucket_key_enabled": false,
            "cache_control": "",
            "content": null,
            "content_base64": null,
            "content_disposition": "",
            "content_encoding": "",
            "content_language": "",
            "content_type": "binary/octet-stream",
            "etag": "991234a89198a6cb46f5a20f90fa4b44",
            "force_destroy": false,
            "id": "galeria/escritorio_avenida_liberdade_interior/images/10.jpg",
            "key": "galeria/escritorio_avenida_liberdade_interior/images/10.jpg",
            "kms_key_id": null,
            "metadata": null,
            "object_lock_legal_hold_status": "",
            "object_lock_mode": "",
            "object_lock_retain_until_date": "",
            "server_side_encryption": "",
            "source": "./public/galeria/escritorio_avenida_liberdade_interior/images/10.jpg",
            "source_hash": null,
            "storage_class": "STANDARD",
            "tags": null,
            "tags_all": {},
            "version_id": "",
            "website_redirect": ""
          },
          "sensitive_attributes": [],
          "private": "bnVsbA==",
          "dependencies": [
            "aws_s3_bucket.prospacept"
          ]
        },
        {
          "index_key": "galeria/escritorio_avenida_liberdade_interior/images/10_huf034b61fe1fc232725fd27f0a7518acd_283749_1200x1200_fit_q75_box.jpg",
          "schema_version": 0,
          "attributes": {
            "acl": "public-read",
            "bucket": "prospacept",
            "bucket_key_enabled": false,
            "cache_control": "",
            "content": null,
            "content_base64": null,
            "content_disposition": "",
            "content_encoding": "",
            "content_language": "",
            "content_type": "binary/octet-stream",
            "etag": "3af30f8db7f280b47017279367479bc0",
            "force_destroy": false,
            "id": "galeria/escritorio_avenida_liberdade_interior/images/10_huf034b61fe1fc232725fd27f0a7518acd_283749_1200x1200_fit_q75_box.jpg",
            "key": "galeria/escritorio_avenida_liberdade_interior/images/10_huf034b61fe1fc232725fd27f0a7518acd_283749_1200x1200_fit_q75_box.jpg",
            "kms_key_id": null,
            "metadata": null,
            "object_lock_legal_hold_status": "",
            "object_lock_mode": "",
            "object_lock_retain_until_date": "",
            "server_side_encryption": "",
            "source": "./public/galeria/escritorio_avenida_liberdade_interior/images/10_huf034b61fe1fc232725fd27f0a7518acd_283749_1200x1200_fit_q75_box.jpg",
            "source_hash": null,
            "storage_class": "STANDARD",
            "tags": null,
            "tags_all": {},
            "version_id": "",
            "website_redirect": ""
          },
          "sensitive_attributes": [],
          "private": "bnVsbA==",
          "dependencies": [
            "aws_s3_bucket.prospacept"
          ]
        },
        {
          "index_key": "galeria/escritorio_avenida_liberdade_interior/images/11.jpg",
          "schema_version": 0,
          "attributes": {
            "acl": "public-read",
            "bucket": "prospacept",
            "bucket_key_enabled": false,
            "cache_control": "",
            "content": null,
            "content_base64": null,
            "content_disposition": "",
            "content_encoding": "",
            "content_language": "",
            "content_type": "binary/octet-stream",
            "etag": "b81998f5e75f481d71f771d8ec739939",
            "force_destroy": false,
            "id": "galeria/escritorio_avenida_liberdade_interior/images/11.jpg",
            "key": "galeria/escritorio_avenida_liberdade_interior/images/11.jpg",
            "kms_key_id": null,
            "metadata": null,
            "object_lock_legal_hold_status": "",
            "object_lock_mode": "",
            "object_lock_retain_until_date": "",
            "server_side_encryption": "",
            "source": "./public/galeria/escritorio_avenida_liberdade_interior/images/11.jpg",
            "source_hash": null,
            "storage_class": "STANDARD",
            "tags": null,
            "tags_all": {},
            "version_id": "",
            "website_redirect": ""
          },
          "sensitive_attributes": [],
          "private": "bnVsbA==",
          "dependencies": [
            "aws_s3_bucket.prospacept"
          ]
        },
        {
          "index_key": "galeria/escritorio_avenida_liberdade_interior/images/11_huf034b61fe1fc232725fd27f0a7518acd_297752_1200x1200_fit_q75_box.jpg",
          "schema_version": 0,
          "attributes": {
            "acl": "public-read",
            "bucket": "prospacept",
            "bucket_key_enabled": false,
            "cache_control": "",
            "content": null,
            "content_base64": null,
            "content_disposition": "",
            "content_encoding": "",
            "content_language": "",
            "content_type": "binary/octet-stream",
            "etag": "c927eb36de2bcaae30f77d30ca2c17d5",
            "force_destroy": false,
            "id": "galeria/escritorio_avenida_liberdade_interior/images/11_huf034b61fe1fc232725fd27f0a7518acd_297752_1200x1200_fit_q75_box.jpg",
            "key": "galeria/escritorio_avenida_liberdade_interior/images/11_huf034b61fe1fc232725fd27f0a7518acd_297752_1200x1200_fit_q75_box.jpg",
            "kms_key_id": null,
            "metadata": null,
            "object_lock_legal_hold_status": "",
            "object_lock_mode": "",
            "object_lock_retain_until_date": "",
            "server_side_encryption": "",
            "source": "./public/galeria/escritorio_avenida_liberdade_interior/images/11_huf034b61fe1fc232725fd27f0a7518acd_297752_1200x1200_fit_q75_box.jpg",
            "source_hash": null,
            "storage_class": "STANDARD",
            "tags": null,
            "tags_all": {},
            "version_id": "",
            "website_redirect": ""
          },
          "sensitive_attributes": [],
          "private": "bnVsbA==",
          "dependencies": [
            "aws_s3_bucket.prospacept"
          ]
        },
        {
          "index_key": "galeria/escritorio_avenida_liberdade_interior/images/12.jpg",
          "schema_version": 0,
          "attributes": {
            "acl": "public-read",
            "bucket": "prospacept",
            "bucket_key_enabled": false,
            "cache_control": "",
            "content": null,
            "content_base64": null,
            "content_disposition": "",
            "content_encoding": "",
            "content_language": "",
            "content_type": "binary/octet-stream",
            "etag": "c95c4b6c6030afe2d55aba00711760f9",
            "force_destroy": false,
            "id": "galeria/escritorio_avenida_liberdade_interior/images/12.jpg",
            "key": "galeria/escritorio_avenida_liberdade_interior/images/12.jpg",
            "kms_key_id": null,
            "metadata": null,
            "object_lock_legal_hold_status": "",
            "object_lock_mode": "",
            "object_lock_retain_until_date": "",
            "server_side_encryption": "",
            "source": "./public/galeria/escritorio_avenida_liberdade_interior/images/12.jpg",
            "source_hash": null,
            "storage_class": "STANDARD",
            "tags": null,
            "tags_all": {},
            "version_id": "",
            "website_redirect": ""
          },
          "sensitive_attributes": [],
          "private": "bnVsbA==",
          "dependencies": [
            "aws_s3_bucket.prospacept"
          ]
        },
        {
          "index_key": "galeria/escritorio_avenida_liberdade_interior/images/12_huf034b61fe1fc232725fd27f0a7518acd_245859_1200x1200_fit_q75_box.jpg",
          "schema_version": 0,
          "attributes": {
            "acl": "public-read",
            "bucket": "prospacept",
            "bucket_key_enabled": false,
            "cache_control": "",
            "content": null,
            "content_base64": null,
            "content_disposition": "",
            "content_encoding": "",
            "content_language": "",
            "content_type": "binary/octet-stream",
            "etag": "9ed699c5f11401884bf54d060668047e",
            "force_destroy": false,
            "id": "galeria/escritorio_avenida_liberdade_interior/images/12_huf034b61fe1fc232725fd27f0a7518acd_245859_1200x1200_fit_q75_box.jpg",
            "key": "galeria/escritorio_avenida_liberdade_interior/images/12_huf034b61fe1fc232725fd27f0a7518acd_245859_1200x1200_fit_q75_box.jpg",
            "kms_key_id": null,
            "metadata": null,
            "object_lock_legal_hold_status": "",
            "object_lock_mode": "",
            "object_lock_retain_until_date": "",
            "server_side_encryption": "",
            "source": "./public/galeria/escritorio_avenida_liberdade_interior/images/12_huf034b61fe1fc232725fd27f0a7518acd_245859_1200x1200_fit_q75_box.jpg",
            "source_hash": null,
            "storage_class": "STANDARD",
            "tags": null,
            "tags_all": {},
            "version_id": "",
            "website_redirect": ""
          },
          "sensitive_attributes": [],
          "private": "bnVsbA==",
          "dependencies": [
            "aws_s3_bucket.prospacept"
          ]
        },
        {
          "index_key": "galeria/escritorio_avenida_liberdade_interior/images/13.jpg",
          "schema_version": 0,
          "attributes": {
            "acl": "public-read",
            "bucket": "prospacept",
            "bucket_key_enabled": false,
            "cache_control": "",
            "content": null,
            "content_base64": null,
            "content_disposition": "",
            "content_encoding": "",
            "content_language": "",
            "content_type": "binary/octet-stream",
            "etag": "c95c4b6c6030afe2d55aba00711760f9",
            "force_destroy": false,
            "id": "galeria/escritorio_avenida_liberdade_interior/images/13.jpg",
            "key": "galeria/escritorio_avenida_liberdade_interior/images/13.jpg",
            "kms_key_id": null,
            "metadata": null,
            "object_lock_legal_hold_status": "",
            "object_lock_mode": "",
            "object_lock_retain_until_date": "",
            "server_side_encryption": "",
            "source": "./public/galeria/escritorio_avenida_liberdade_interior/images/13.jpg",
            "source_hash": null,
            "storage_class": "STANDARD",
            "tags": null,
            "tags_all": {},
            "version_id": "",
            "website_redirect": ""
          },
          "sensitive_attributes": [],
          "private": "bnVsbA==",
          "dependencies": [
            "aws_s3_bucket.prospacept"
          ]
        },
        {
          "index_key": "galeria/escritorio_avenida_liberdade_interior/images/13_huf034b61fe1fc232725fd27f0a7518acd_245859_1200x1200_fit_q75_box.jpg",
          "schema_version": 0,
          "attributes": {
            "acl": "public-read",
            "bucket": "prospacept",
            "bucket_key_enabled": false,
            "cache_control": "",
            "content": null,
            "content_base64": null,
            "content_disposition": "",
            "content_encoding": "",
            "content_language": "",
            "content_type": "binary/octet-stream",
            "etag": "9ed699c5f11401884bf54d060668047e",
            "force_destroy": false,
            "id": "galeria/escritorio_avenida_liberdade_interior/images/13_huf034b61fe1fc232725fd27f0a7518acd_245859_1200x1200_fit_q75_box.jpg",
            "key": "galeria/escritorio_avenida_liberdade_interior/images/13_huf034b61fe1fc232725fd27f0a7518acd_245859_1200x1200_fit_q75_box.jpg",
            "kms_key_id": null,
            "metadata": null,
            "object_lock_legal_hold_status": "",
            "object_lock_mode": "",
            "object_lock_retain_until_date": "",
            "server_side_encryption": "",
            "source": "./public/galeria/escritorio_avenida_liberdade_interior/images/13_huf034b61fe1fc232725fd27f0a7518acd_245859_1200x1200_fit_q75_box.jpg",
            "source_hash": null,
            "storage_class": "STANDARD",
            "tags": null,
            "tags_all": {},
            "version_id": "",
            "website_redirect": ""
          },
          "sensitive_attributes": [],
          "private": "bnVsbA==",
          "dependencies": [
            "aws_s3_bucket.prospacept"
          ]
        },
        {
          "index_key": "galeria/escritorio_avenida_liberdade_interior/images/14.jpg",
          "schema_version": 0,
          "attributes": {
            "acl": "public-read",
            "bucket": "prospacept",
            "bucket_key_enabled": false,
            "cache_control": "",
            "content": null,
            "content_base64": null,
            "content_disposition": "",
            "content_encoding": "",
            "content_language": "",
            "content_type": "binary/octet-stream",
            "etag": "d222973572d8cdc06abd2ab02c82321e",
            "force_destroy": false,
            "id": "galeria/escritorio_avenida_liberdade_interior/images/14.jpg",
            "key": "galeria/escritorio_avenida_liberdade_interior/images/14.jpg",
            "kms_key_id": null,
            "metadata": null,
            "object_lock_legal_hold_status": "",
            "object_lock_mode": "",
            "object_lock_retain_until_date": "",
            "server_side_encryption": "",
            "source": "./public/galeria/escritorio_avenida_liberdade_interior/images/14.jpg",
            "source_hash": null,
            "storage_class": "STANDARD",
            "tags": null,
            "tags_all": {},
            "version_id": "",
            "website_redirect": ""
          },
          "sensitive_attributes": [],
          "private": "bnVsbA==",
          "dependencies": [
            "aws_s3_bucket.prospacept"
          ]
        },
        {
          "index_key": "galeria/escritorio_avenida_liberdade_interior/images/14_huf034b61fe1fc232725fd27f0a7518acd_250581_1200x1200_fit_q75_box.jpg",
          "schema_version": 0,
          "attributes": {
            "acl": "public-read",
            "bucket": "prospacept",
            "bucket_key_enabled": false,
            "cache_control": "",
            "content": null,
            "content_base64": null,
            "content_disposition": "",
            "content_encoding": "",
            "content_language": "",
            "content_type": "binary/octet-stream",
            "etag": "4c895f5825776c3bbf1b2959b7299833",
            "force_destroy": false,
            "id": "galeria/escritorio_avenida_liberdade_interior/images/14_huf034b61fe1fc232725fd27f0a7518acd_250581_1200x1200_fit_q75_box.jpg",
            "key": "galeria/escritorio_avenida_liberdade_interior/images/14_huf034b61fe1fc232725fd27f0a7518acd_250581_1200x1200_fit_q75_box.jpg",
            "kms_key_id": null,
            "metadata": null,
            "object_lock_legal_hold_status": "",
            "object_lock_mode": "",
            "object_lock_retain_until_date": "",
            "server_side_encryption": "",
            "source": "./public/galeria/escritorio_avenida_liberdade_interior/images/14_huf034b61fe1fc232725fd27f0a7518acd_250581_1200x1200_fit_q75_box.jpg",
            "source_hash": null,
            "storage_class": "STANDARD",
            "tags": null,
            "tags_all": {},
            "version_id": "",
            "website_redirect": ""
          },
          "sensitive_attributes": [],
          "private": "bnVsbA==",
          "dependencies": [
            "aws_s3_bucket.prospacept"
          ]
        },
        {
          "index_key": "galeria/escritorio_avenida_liberdade_interior/images/15.jpg",
          "schema_version": 0,
          "attributes": {
            "acl": "public-read",
            "bucket": "prospacept",
            "bucket_key_enabled": false,
            "cache_control": "",
            "content": null,
            "content_base64": null,
            "content_disposition": "",
            "content_encoding": "",
            "content_language": "",
            "content_type": "binary/octet-stream",
            "etag": "9b672493bc82be18292216009209a122",
            "force_destroy": false,
            "id": "galeria/escritorio_avenida_liberdade_interior/images/15.jpg",
            "key": "galeria/escritorio_avenida_liberdade_interior/images/15.jpg",
            "kms_key_id": null,
            "metadata": null,
            "object_lock_legal_hold_status": "",
            "object_lock_mode": "",
            "object_lock_retain_until_date": "",
            "server_side_encryption": "",
            "source": "./public/galeria/escritorio_avenida_liberdade_interior/images/15.jpg",
            "source_hash": null,
            "storage_class": "STANDARD",
            "tags": null,
            "tags_all": {},
            "version_id": "",
            "website_redirect": ""
          },
          "sensitive_attributes": [],
          "private": "bnVsbA==",
          "dependencies": [
            "aws_s3_bucket.prospacept"
          ]
        },
        {
          "index_key": "galeria/escritorio_avenida_liberdade_interior/images/15_huf034b61fe1fc232725fd27f0a7518acd_323696_1200x1200_fit_q75_box.jpg",
          "schema_version": 0,
          "attributes": {
            "acl": "public-read",
            "bucket": "prospacept",
            "bucket_key_enabled": false,
            "cache_control": "",
            "content": null,
            "content_base64": null,
            "content_disposition": "",
            "content_encoding": "",
            "content_language": "",
            "content_type": "binary/octet-stream",
            "etag": "8441b30eac625f4287f7f74e68240daf",
            "force_destroy": false,
            "id": "galeria/escritorio_avenida_liberdade_interior/images/15_huf034b61fe1fc232725fd27f0a7518acd_323696_1200x1200_fit_q75_box.jpg",
            "key": "galeria/escritorio_avenida_liberdade_interior/images/15_huf034b61fe1fc232725fd27f0a7518acd_323696_1200x1200_fit_q75_box.jpg",
            "kms_key_id": null,
            "metadata": null,
            "object_lock_legal_hold_status": "",
            "object_lock_mode": "",
            "object_lock_retain_until_date": "",
            "server_side_encryption": "",
            "source": "./public/galeria/escritorio_avenida_liberdade_interior/images/15_huf034b61fe1fc232725fd27f0a7518acd_323696_1200x1200_fit_q75_box.jpg",
            "source_hash": null,
            "storage_class": "STANDARD",
            "tags": null,
            "tags_all": {},
            "version_id": "",
            "website_redirect": ""
          },
          "sensitive_attributes": [],
          "private": "bnVsbA==",
          "dependencies": [
            "aws_s3_bucket.prospacept"
          ]
        },
        {
          "index_key": "galeria/escritorio_avenida_liberdade_interior/images/16.jpg",
          "schema_version": 0,
          "attributes": {
            "acl": "public-read",
            "bucket": "prospacept",
            "bucket_key_enabled": false,
            "cache_control": "",
            "content": null,
            "content_base64": null,
            "content_disposition": "",
            "content_encoding": "",
            "content_language": "",
            "content_type": "binary/octet-stream",
            "etag": "4655bfb5ddcd36e0fdce4a9a0e9a1f4d",
            "force_destroy": false,
            "id": "galeria/escritorio_avenida_liberdade_interior/images/16.jpg",
            "key": "galeria/escritorio_avenida_liberdade_interior/images/16.jpg",
            "kms_key_id": null,
            "metadata": null,
            "object_lock_legal_hold_status": "",
            "object_lock_mode": "",
            "object_lock_retain_until_date": "",
            "server_side_encryption": "",
            "source": "./public/galeria/escritorio_avenida_liberdade_interior/images/16.jpg",
            "source_hash": null,
            "storage_class": "STANDARD",
            "tags": null,
            "tags_all": {},
            "version_id": "",
            "website_redirect": ""
          },
          "sensitive_attributes": [],
          "private": "bnVsbA==",
          "dependencies": [
            "aws_s3_bucket.prospacept"
          ]
        },
        {
          "index_key": "galeria/escritorio_avenida_liberdade_interior/images/16_huf034b61fe1fc232725fd27f0a7518acd_289190_1200x1200_fit_q75_box.jpg",
          "schema_version": 0,
          "attributes": {
            "acl": "public-read",
            "bucket": "prospacept",
            "bucket_key_enabled": false,
            "cache_control": "",
            "content": null,
            "content_base64": null,
            "content_disposition": "",
            "content_encoding": "",
            "content_language": "",
            "content_type": "binary/octet-stream",
            "etag": "3daccfa55bf84e5ab356fcf6e951b1ee",
            "force_destroy": false,
            "id": "galeria/escritorio_avenida_liberdade_interior/images/16_huf034b61fe1fc232725fd27f0a7518acd_289190_1200x1200_fit_q75_box.jpg",
            "key": "galeria/escritorio_avenida_liberdade_interior/images/16_huf034b61fe1fc232725fd27f0a7518acd_289190_1200x1200_fit_q75_box.jpg",
            "kms_key_id": null,
            "metadata": null,
            "object_lock_legal_hold_status": "",
            "object_lock_mode": "",
            "object_lock_retain_until_date": "",
            "server_side_encryption": "",
            "source": "./public/galeria/escritorio_avenida_liberdade_interior/images/16_huf034b61fe1fc232725fd27f0a7518acd_289190_1200x1200_fit_q75_box.jpg",
            "source_hash": null,
            "storage_class": "STANDARD",
            "tags": null,
            "tags_all": {},
            "version_id": "",
            "website_redirect": ""
          },
          "sensitive_attributes": [],
          "private": "bnVsbA==",
          "dependencies": [
            "aws_s3_bucket.prospacept"
          ]
        },
        {
          "index_key": "galeria/escritorio_avenida_liberdade_interior/images/17.jpg",
          "schema_version": 0,
          "attributes": {
            "acl": "public-read",
            "bucket": "prospacept",
            "bucket_key_enabled": false,
            "cache_control": "",
            "content": null,
            "content_base64": null,
            "content_disposition": "",
            "content_encoding": "",
            "content_language": "",
            "content_type": "binary/octet-stream",
            "etag": "e5d65de7bb6015df57204a7fbd5cb82d",
            "force_destroy": false,
            "id": "galeria/escritorio_avenida_liberdade_interior/images/17.jpg",
            "key": "galeria/escritorio_avenida_liberdade_interior/images/17.jpg",
            "kms_key_id": null,
            "metadata": null,
            "object_lock_legal_hold_status": "",
            "object_lock_mode": "",
            "object_lock_retain_until_date": "",
            "server_side_encryption": "",
            "source": "./public/galeria/escritorio_avenida_liberdade_interior/images/17.jpg",
            "source_hash": null,
            "storage_class": "STANDARD",
            "tags": null,
            "tags_all": {},
            "version_id": "",
            "website_redirect": ""
          },
          "sensitive_attributes": [],
          "private": "bnVsbA==",
          "dependencies": [
            "aws_s3_bucket.prospacept"
          ]
        },
        {
          "index_key": "galeria/escritorio_avenida_liberdade_interior/images/17_huf034b61fe1fc232725fd27f0a7518acd_339331_1200x1200_fit_q75_box.jpg",
          "schema_version": 0,
          "attributes": {
            "acl": "public-read",
            "bucket": "prospacept",
            "bucket_key_enabled": false,
            "cache_control": "",
            "content": null,
            "content_base64": null,
            "content_disposition": "",
            "content_encoding": "",
            "content_language": "",
            "content_type": "binary/octet-stream",
            "etag": "90b9a7a417bd7bdf9d9aa60fff45301c",
            "force_destroy": false,
            "id": "galeria/escritorio_avenida_liberdade_interior/images/17_huf034b61fe1fc232725fd27f0a7518acd_339331_1200x1200_fit_q75_box.jpg",
            "key": "galeria/escritorio_avenida_liberdade_interior/images/17_huf034b61fe1fc232725fd27f0a7518acd_339331_1200x1200_fit_q75_box.jpg",
            "kms_key_id": null,
            "metadata": null,
            "object_lock_legal_hold_status": "",
            "object_lock_mode": "",
            "object_lock_retain_until_date": "",
            "server_side_encryption": "",
            "source": "./public/galeria/escritorio_avenida_liberdade_interior/images/17_huf034b61fe1fc232725fd27f0a7518acd_339331_1200x1200_fit_q75_box.jpg",
            "source_hash": null,
            "storage_class": "STANDARD",
            "tags": null,
            "tags_all": {},
            "version_id": "",
            "website_redirect": ""
          },
          "sensitive_attributes": [],
          "private": "bnVsbA==",
          "dependencies": [
            "aws_s3_bucket.prospacept"
          ]
        },
        {
          "index_key": "galeria/escritorio_avenida_liberdade_interior/images/18.jpg",
          "schema_version": 0,
          "attributes": {
            "acl": "public-read",
            "bucket": "prospacept",
            "bucket_key_enabled": false,
            "cache_control": "",
            "content": null,
            "content_base64": null,
            "content_disposition": "",
            "content_encoding": "",
            "content_language": "",
            "content_type": "binary/octet-stream",
            "etag": "3a6a8eccadb9e2cb6d96c6564baf9bf1",
            "force_destroy": false,
            "id": "galeria/escritorio_avenida_liberdade_interior/images/18.jpg",
            "key": "galeria/escritorio_avenida_liberdade_interior/images/18.jpg",
            "kms_key_id": null,
            "metadata": null,
            "object_lock_legal_hold_status": "",
            "object_lock_mode": "",
            "object_lock_retain_until_date": "",
            "server_side_encryption": "",
            "source": "./public/galeria/escritorio_avenida_liberdade_interior/images/18.jpg",
            "source_hash": null,
            "storage_class": "STANDARD",
            "tags": null,
            "tags_all": {},
            "version_id": "",
            "website_redirect": ""
          },
          "sensitive_attributes": [],
          "private": "bnVsbA==",
          "dependencies": [
            "aws_s3_bucket.prospacept"
          ]
        },
        {
          "index_key": "galeria/escritorio_avenida_liberdade_interior/images/18_huf034b61fe1fc232725fd27f0a7518acd_376801_1200x1200_fit_q75_box.jpg",
          "schema_version": 0,
          "attributes": {
            "acl": "public-read",
            "bucket": "prospacept",
            "bucket_key_enabled": false,
            "cache_control": "",
            "content": null,
            "content_base64": null,
            "content_disposition": "",
            "content_encoding": "",
            "content_language": "",
            "content_type": "binary/octet-stream",
            "etag": "3695c59213f4e74216978ca784e8fa5f",
            "force_destroy": false,
            "id": "galeria/escritorio_avenida_liberdade_interior/images/18_huf034b61fe1fc232725fd27f0a7518acd_376801_1200x1200_fit_q75_box.jpg",
            "key": "galeria/escritorio_avenida_liberdade_interior/images/18_huf034b61fe1fc232725fd27f0a7518acd_376801_1200x1200_fit_q75_box.jpg",
            "kms_key_id": null,
            "metadata": null,
            "object_lock_legal_hold_status": "",
            "object_lock_mode": "",
            "object_lock_retain_until_date": "",
            "server_side_encryption": "",
            "source": "./public/galeria/escritorio_avenida_liberdade_interior/images/18_huf034b61fe1fc232725fd27f0a7518acd_376801_1200x1200_fit_q75_box.jpg",
            "source_hash": null,
            "storage_class": "STANDARD",
            "tags": null,
            "tags_all": {},
            "version_id": "",
            "website_redirect": ""
          },
          "sensitive_attributes": [],
          "private": "bnVsbA==",
          "dependencies": [
            "aws_s3_bucket.prospacept"
          ]
        },
        {
          "index_key": "galeria/escritorio_avenida_liberdade_interior/images/19.jpg",
          "schema_version": 0,
          "attributes": {
            "acl": "public-read",
            "bucket": "prospacept",
            "bucket_key_enabled": false,
            "cache_control": "",
            "content": null,
            "content_base64": null,
            "content_disposition": "",
            "content_encoding": "",
            "content_language": "",
            "content_type": "binary/octet-stream",
            "etag": "b75da2cd4a1404201323b8a2ae2da54a",
            "force_destroy": false,
            "id": "galeria/escritorio_avenida_liberdade_interior/images/19.jpg",
            "key": "galeria/escritorio_avenida_liberdade_interior/images/19.jpg",
            "kms_key_id": null,
            "metadata": null,
            "object_lock_legal_hold_status": "",
            "object_lock_mode": "",
            "object_lock_retain_until_date": "",
            "server_side_encryption": "",
            "source": "./public/galeria/escritorio_avenida_liberdade_interior/images/19.jpg",
            "source_hash": null,
            "storage_class": "STANDARD",
            "tags": null,
            "tags_all": {},
            "version_id": "",
            "website_redirect": ""
          },
          "sensitive_attributes": [],
          "private": "bnVsbA==",
          "dependencies": [
            "aws_s3_bucket.prospacept"
          ]
        },
        {
          "index_key": "galeria/escritorio_avenida_liberdade_interior/images/19_huf034b61fe1fc232725fd27f0a7518acd_430773_1200x1200_fit_q75_box.jpg",
          "schema_version": 0,
          "attributes": {
            "acl": "public-read",
            "bucket": "prospacept",
            "bucket_key_enabled": false,
            "cache_control": "",
            "content": null,
            "content_base64": null,
            "content_disposition": "",
            "content_encoding": "",
            "content_language": "",
            "content_type": "binary/octet-stream",
            "etag": "15414fb790e4dcb621a9043a1c15f56c",
            "force_destroy": false,
            "id": "galeria/escritorio_avenida_liberdade_interior/images/19_huf034b61fe1fc232725fd27f0a7518acd_430773_1200x1200_fit_q75_box.jpg",
            "key": "galeria/escritorio_avenida_liberdade_interior/images/19_huf034b61fe1fc232725fd27f0a7518acd_430773_1200x1200_fit_q75_box.jpg",
            "kms_key_id": null,
            "metadata": null,
            "object_lock_legal_hold_status": "",
            "object_lock_mode": "",
            "object_lock_retain_until_date": "",
            "server_side_encryption": "",
            "source": "./public/galeria/escritorio_avenida_liberdade_interior/images/19_huf034b61fe1fc232725fd27f0a7518acd_430773_1200x1200_fit_q75_box.jpg",
            "source_hash": null,
            "storage_class": "STANDARD",
            "tags": null,
            "tags_all": {},
            "version_id": "",
            "website_redirect": ""
          },
          "sensitive_attributes": [],
          "private": "bnVsbA==",
          "dependencies": [
            "aws_s3_bucket.prospacept"
          ]
        },
        {
          "index_key": "galeria/escritorio_avenida_liberdade_interior/images/20.jpg",
          "schema_version": 0,
          "attributes": {
            "acl": "public-read",
            "bucket": "prospacept",
            "bucket_key_enabled": false,
            "cache_control": "",
            "content": null,
            "content_base64": null,
            "content_disposition": "",
            "content_encoding": "",
            "content_language": "",
            "content_type": "binary/octet-stream",
            "etag": "094072da451ff9acc66c6285e4172483",
            "force_destroy": false,
            "id": "galeria/escritorio_avenida_liberdade_interior/images/20.jpg",
            "key": "galeria/escritorio_avenida_liberdade_interior/images/20.jpg",
            "kms_key_id": null,
            "metadata": null,
            "object_lock_legal_hold_status": "",
            "object_lock_mode": "",
            "object_lock_retain_until_date": "",
            "server_side_encryption": "",
            "source": "./public/galeria/escritorio_avenida_liberdade_interior/images/20.jpg",
            "source_hash": null,
            "storage_class": "STANDARD",
            "tags": null,
            "tags_all": {},
            "version_id": "",
            "website_redirect": ""
          },
          "sensitive_attributes": [],
          "private": "bnVsbA==",
          "dependencies": [
            "aws_s3_bucket.prospacept"
          ]
        },
        {
          "index_key": "galeria/escritorio_avenida_liberdade_interior/images/20_huf034b61fe1fc232725fd27f0a7518acd_350268_1200x1200_fit_q75_box.jpg",
          "schema_version": 0,
          "attributes": {
            "acl": "public-read",
            "bucket": "prospacept",
            "bucket_key_enabled": false,
            "cache_control": "",
            "content": null,
            "content_base64": null,
            "content_disposition": "",
            "content_encoding": "",
            "content_language": "",
            "content_type": "binary/octet-stream",
            "etag": "6e9813a6af39155bc9d98bcd78bc27d3",
            "force_destroy": false,
            "id": "galeria/escritorio_avenida_liberdade_interior/images/20_huf034b61fe1fc232725fd27f0a7518acd_350268_1200x1200_fit_q75_box.jpg",
            "key": "galeria/escritorio_avenida_liberdade_interior/images/20_huf034b61fe1fc232725fd27f0a7518acd_350268_1200x1200_fit_q75_box.jpg",
            "kms_key_id": null,
            "metadata": null,
            "object_lock_legal_hold_status": "",
            "object_lock_mode": "",
            "object_lock_retain_until_date": "",
            "server_side_encryption": "",
            "source": "./public/galeria/escritorio_avenida_liberdade_interior/images/20_huf034b61fe1fc232725fd27f0a7518acd_350268_1200x1200_fit_q75_box.jpg",
            "source_hash": null,
            "storage_class": "STANDARD",
            "tags": null,
            "tags_all": {},
            "version_id": "",
            "website_redirect": ""
          },
          "sensitive_attributes": [],
          "private": "bnVsbA==",
          "dependencies": [
            "aws_s3_bucket.prospacept"
          ]
        },
        {
          "index_key": "galeria/escritorio_avenida_liberdade_interior/images/21.jpg",
          "schema_version": 0,
          "attributes": {
            "acl": "public-read",
            "bucket": "prospacept",
            "bucket_key_enabled": false,
            "cache_control": "",
            "content": null,
            "content_base64": null,
            "content_disposition": "",
            "content_encoding": "",
            "content_language": "",
            "content_type": "binary/octet-stream",
            "etag": "7b70ba695e5ef996543e4c49bbecf432",
            "force_destroy": false,
            "id": "galeria/escritorio_avenida_liberdade_interior/images/21.jpg",
            "key": "galeria/escritorio_avenida_liberdade_interior/images/21.jpg",
            "kms_key_id": null,
            "metadata": null,
            "object_lock_legal_hold_status": "",
            "object_lock_mode": "",
            "object_lock_retain_until_date": "",
            "server_side_encryption": "",
            "source": "./public/galeria/escritorio_avenida_liberdade_interior/images/21.jpg",
            "source_hash": null,
            "storage_class": "STANDARD",
            "tags": null,
            "tags_all": {},
            "version_id": "",
            "website_redirect": ""
          },
          "sensitive_attributes": [],
          "private": "bnVsbA==",
          "dependencies": [
            "aws_s3_bucket.prospacept"
          ]
        },
        {
          "index_key": "galeria/escritorio_avenida_liberdade_interior/images/21_huf034b61fe1fc232725fd27f0a7518acd_373970_1200x1200_fit_q75_box.jpg",
          "schema_version": 0,
          "attributes": {
            "acl": "public-read",
            "bucket": "prospacept",
            "bucket_key_enabled": false,
            "cache_control": "",
            "content": null,
            "content_base64": null,
            "content_disposition": "",
            "content_encoding": "",
            "content_language": "",
            "content_type": "binary/octet-stream",
            "etag": "1ad530630da3861742307b0eb9395dc7",
            "force_destroy": false,
            "id": "galeria/escritorio_avenida_liberdade_interior/images/21_huf034b61fe1fc232725fd27f0a7518acd_373970_1200x1200_fit_q75_box.jpg",
            "key": "galeria/escritorio_avenida_liberdade_interior/images/21_huf034b61fe1fc232725fd27f0a7518acd_373970_1200x1200_fit_q75_box.jpg",
            "kms_key_id": null,
            "metadata": null,
            "object_lock_legal_hold_status": "",
            "object_lock_mode": "",
            "object_lock_retain_until_date": "",
            "server_side_encryption": "",
            "source": "./public/galeria/escritorio_avenida_liberdade_interior/images/21_huf034b61fe1fc232725fd27f0a7518acd_373970_1200x1200_fit_q75_box.jpg",
            "source_hash": null,
            "storage_class": "STANDARD",
            "tags": null,
            "tags_all": {},
            "version_id": "",
            "website_redirect": ""
          },
          "sensitive_attributes": [],
          "private": "bnVsbA==",
          "dependencies": [
            "aws_s3_bucket.prospacept"
          ]
        },
        {
          "index_key": "galeria/escritorio_avenida_liberdade_interior/images/22.jpg",
          "schema_version": 0,
          "attributes": {
            "acl": "public-read",
            "bucket": "prospacept",
            "bucket_key_enabled": false,
            "cache_control": "",
            "content": null,
            "content_base64": null,
            "content_disposition": "",
            "content_encoding": "",
            "content_language": "",
            "content_type": "binary/octet-stream",
            "etag": "1f08205b3c1945e2cebf84d219a7c671",
            "force_destroy": false,
            "id": "galeria/escritorio_avenida_liberdade_interior/images/22.jpg",
            "key": "galeria/escritorio_avenida_liberdade_interior/images/22.jpg",
            "kms_key_id": null,
            "metadata": null,
            "object_lock_legal_hold_status": "",
            "object_lock_mode": "",
            "object_lock_retain_until_date": "",
            "server_side_encryption": "",
            "source": "./public/galeria/escritorio_avenida_liberdade_interior/images/22.jpg",
            "source_hash": null,
            "storage_class": "STANDARD",
            "tags": null,
            "tags_all": {},
            "version_id": "",
            "website_redirect": ""
          },
          "sensitive_attributes": [],
          "private": "bnVsbA==",
          "dependencies": [
            "aws_s3_bucket.prospacept"
          ]
        },
        {
          "index_key": "galeria/escritorio_avenida_liberdade_interior/images/22_huf034b61fe1fc232725fd27f0a7518acd_288818_1200x1200_fit_q75_box.jpg",
          "schema_version": 0,
          "attributes": {
            "acl": "public-read",
            "bucket": "prospacept",
            "bucket_key_enabled": false,
            "cache_control": "",
            "content": null,
            "content_base64": null,
            "content_disposition": "",
            "content_encoding": "",
            "content_language": "",
            "content_type": "binary/octet-stream",
            "etag": "a6003bc84a173277b757abc9b19bed8d",
            "force_destroy": false,
            "id": "galeria/escritorio_avenida_liberdade_interior/images/22_huf034b61fe1fc232725fd27f0a7518acd_288818_1200x1200_fit_q75_box.jpg",
            "key": "galeria/escritorio_avenida_liberdade_interior/images/22_huf034b61fe1fc232725fd27f0a7518acd_288818_1200x1200_fit_q75_box.jpg",
            "kms_key_id": null,
            "metadata": null,
            "object_lock_legal_hold_status": "",
            "object_lock_mode": "",
            "object_lock_retain_until_date": "",
            "server_side_encryption": "",
            "source": "./public/galeria/escritorio_avenida_liberdade_interior/images/22_huf034b61fe1fc232725fd27f0a7518acd_288818_1200x1200_fit_q75_box.jpg",
            "source_hash": null,
            "storage_class": "STANDARD",
            "tags": null,
            "tags_all": {},
            "version_id": "",
            "website_redirect": ""
          },
          "sensitive_attributes": [],
          "private": "bnVsbA==",
          "dependencies": [
            "aws_s3_bucket.prospacept"
          ]
        },
        {
          "index_key": "galeria/escritorio_avenida_liberdade_interior/images/23.jpg",
          "schema_version": 0,
          "attributes": {
            "acl": "public-read",
            "bucket": "prospacept",
            "bucket_key_enabled": false,
            "cache_control": "",
            "content": null,
            "content_base64": null,
            "content_disposition": "",
            "content_encoding": "",
            "content_language": "",
            "content_type": "binary/octet-stream",
            "etag": "c2deadac66a64ca9eb13da885b596455",
            "force_destroy": false,
            "id": "galeria/escritorio_avenida_liberdade_interior/images/23.jpg",
            "key": "galeria/escritorio_avenida_liberdade_interior/images/23.jpg",
            "kms_key_id": null,
            "metadata": null,
            "object_lock_legal_hold_status": "",
            "object_lock_mode": "",
            "object_lock_retain_until_date": "",
            "server_side_encryption": "",
            "source": "./public/galeria/escritorio_avenida_liberdade_interior/images/23.jpg",
            "source_hash": null,
            "storage_class": "STANDARD",
            "tags": null,
            "tags_all": {},
            "version_id": "",
            "website_redirect": ""
          },
          "sensitive_attributes": [],
          "private": "bnVsbA==",
          "dependencies": [
            "aws_s3_bucket.prospacept"
          ]
        },
        {
          "index_key": "galeria/escritorio_avenida_liberdade_interior/images/23_huf034b61fe1fc232725fd27f0a7518acd_319631_1200x1200_fit_q75_box.jpg",
          "schema_version": 0,
          "attributes": {
            "acl": "public-read",
            "bucket": "prospacept",
            "bucket_key_enabled": false,
            "cache_control": "",
            "content": null,
            "content_base64": null,
            "content_disposition": "",
            "content_encoding": "",
            "content_language": "",
            "content_type": "binary/octet-stream",
            "etag": "747b12b66b1a434a6173027e56c6132f",
            "force_destroy": false,
            "id": "galeria/escritorio_avenida_liberdade_interior/images/23_huf034b61fe1fc232725fd27f0a7518acd_319631_1200x1200_fit_q75_box.jpg",
            "key": "galeria/escritorio_avenida_liberdade_interior/images/23_huf034b61fe1fc232725fd27f0a7518acd_319631_1200x1200_fit_q75_box.jpg",
            "kms_key_id": null,
            "metadata": null,
            "object_lock_legal_hold_status": "",
            "object_lock_mode": "",
            "object_lock_retain_until_date": "",
            "server_side_encryption": "",
            "source": "./public/galeria/escritorio_avenida_liberdade_interior/images/23_huf034b61fe1fc232725fd27f0a7518acd_319631_1200x1200_fit_q75_box.jpg",
            "source_hash": null,
            "storage_class": "STANDARD",
            "tags": null,
            "tags_all": {},
            "version_id": "",
            "website_redirect": ""
          },
          "sensitive_attributes": [],
          "private": "bnVsbA==",
          "dependencies": [
            "aws_s3_bucket.prospacept"
          ]
        },
        {
          "index_key": "galeria/escritorio_avenida_liberdade_interior/images/24.jpg",
          "schema_version": 0,
          "attributes": {
            "acl": "public-read",
            "bucket": "prospacept",
            "bucket_key_enabled": false,
            "cache_control": "",
            "content": null,
            "content_base64": null,
            "content_disposition": "",
            "content_encoding": "",
            "content_language": "",
            "content_type": "binary/octet-stream",
            "etag": "e722e04d0305b05f6b9ad6eea555620a",
            "force_destroy": false,
            "id": "galeria/escritorio_avenida_liberdade_interior/images/24.jpg",
            "key": "galeria/escritorio_avenida_liberdade_interior/images/24.jpg",
            "kms_key_id": null,
            "metadata": null,
            "object_lock_legal_hold_status": "",
            "object_lock_mode": "",
            "object_lock_retain_until_date": "",
            "server_side_encryption": "",
            "source": "./public/galeria/escritorio_avenida_liberdade_interior/images/24.jpg",
            "source_hash": null,
            "storage_class": "STANDARD",
            "tags": null,
            "tags_all": {},
            "version_id": "",
            "website_redirect": ""
          },
          "sensitive_attributes": [],
          "private": "bnVsbA==",
          "dependencies": [
            "aws_s3_bucket.prospacept"
          ]
        },
        {
          "index_key": "galeria/escritorio_avenida_liberdade_interior/images/24_huf034b61fe1fc232725fd27f0a7518acd_522499_1200x1200_fit_q75_box.jpg",
          "schema_version": 0,
          "attributes": {
            "acl": "public-read",
            "bucket": "prospacept",
            "bucket_key_enabled": false,
            "cache_control": "",
            "content": null,
            "content_base64": null,
            "content_disposition": "",
            "content_encoding": "",
            "content_language": "",
            "content_type": "binary/octet-stream",
            "etag": "82761711167fb84231f4fadb3a3d6d9b",
            "force_destroy": false,
            "id": "galeria/escritorio_avenida_liberdade_interior/images/24_huf034b61fe1fc232725fd27f0a7518acd_522499_1200x1200_fit_q75_box.jpg",
            "key": "galeria/escritorio_avenida_liberdade_interior/images/24_huf034b61fe1fc232725fd27f0a7518acd_522499_1200x1200_fit_q75_box.jpg",
            "kms_key_id": null,
            "metadata": null,
            "object_lock_legal_hold_status": "",
            "object_lock_mode": "",
            "object_lock_retain_until_date": "",
            "server_side_encryption": "",
            "source": "./public/galeria/escritorio_avenida_liberdade_interior/images/24_huf034b61fe1fc232725fd27f0a7518acd_522499_1200x1200_fit_q75_box.jpg",
            "source_hash": null,
            "storage_class": "STANDARD",
            "tags": null,
            "tags_all": {},
            "version_id": "",
            "website_redirect": ""
          },
          "sensitive_attributes": [],
          "private": "bnVsbA==",
          "dependencies": [
            "aws_s3_bucket.prospacept"
          ]
        },
        {
          "index_key": "galeria/escritorio_avenida_liberdade_interior/images/25.jpg",
          "schema_version": 0,
          "attributes": {
            "acl": "public-read",
            "bucket": "prospacept",
            "bucket_key_enabled": false,
            "cache_control": "",
            "content": null,
            "content_base64": null,
            "content_disposition": "",
            "content_encoding": "",
            "content_language": "",
            "content_type": "binary/octet-stream",
            "etag": "32b03ed8621a22133215b44753a17463",
            "force_destroy": false,
            "id": "galeria/escritorio_avenida_liberdade_interior/images/25.jpg",
            "key": "galeria/escritorio_avenida_liberdade_interior/images/25.jpg",
            "kms_key_id": null,
            "metadata": null,
            "object_lock_legal_hold_status": "",
            "object_lock_mode": "",
            "object_lock_retain_until_date": "",
            "server_side_encryption": "",
            "source": "./public/galeria/escritorio_avenida_liberdade_interior/images/25.jpg",
            "source_hash": null,
            "storage_class": "STANDARD",
            "tags": null,
            "tags_all": {},
            "version_id": "",
            "website_redirect": ""
          },
          "sensitive_attributes": [],
          "private": "bnVsbA==",
          "dependencies": [
            "aws_s3_bucket.prospacept"
          ]
        },
        {
          "index_key": "galeria/escritorio_avenida_liberdade_interior/images/25_huf034b61fe1fc232725fd27f0a7518acd_420283_1200x1200_fit_q75_box.jpg",
          "schema_version": 0,
          "attributes": {
            "acl": "public-read",
            "bucket": "prospacept",
            "bucket_key_enabled": false,
            "cache_control": "",
            "content": null,
            "content_base64": null,
            "content_disposition": "",
            "content_encoding": "",
            "content_language": "",
            "content_type": "binary/octet-stream",
            "etag": "4e65b8907cbb7c3bb5e4fe43266f3856",
            "force_destroy": false,
            "id": "galeria/escritorio_avenida_liberdade_interior/images/25_huf034b61fe1fc232725fd27f0a7518acd_420283_1200x1200_fit_q75_box.jpg",
            "key": "galeria/escritorio_avenida_liberdade_interior/images/25_huf034b61fe1fc232725fd27f0a7518acd_420283_1200x1200_fit_q75_box.jpg",
            "kms_key_id": null,
            "metadata": null,
            "object_lock_legal_hold_status": "",
            "object_lock_mode": "",
            "object_lock_retain_until_date": "",
            "server_side_encryption": "",
            "source": "./public/galeria/escritorio_avenida_liberdade_interior/images/25_huf034b61fe1fc232725fd27f0a7518acd_420283_1200x1200_fit_q75_box.jpg",
            "source_hash": null,
            "storage_class": "STANDARD",
            "tags": null,
            "tags_all": {},
            "version_id": "",
            "website_redirect": ""
          },
          "sensitive_attributes": [],
          "private": "bnVsbA==",
          "dependencies": [
            "aws_s3_bucket.prospacept"
          ]
        },
        {
          "index_key": "galeria/escritorio_avenida_liberdade_interior/images/26.jpg",
          "schema_version": 0,
          "attributes": {
            "acl": "public-read",
            "bucket": "prospacept",
            "bucket_key_enabled": false,
            "cache_control": "",
            "content": null,
            "content_base64": null,
            "content_disposition": "",
            "content_encoding": "",
            "content_language": "",
            "content_type": "binary/octet-stream",
            "etag": "bc93a62dcf5e0ad76f7faba5d6798911",
            "force_destroy": false,
            "id": "galeria/escritorio_avenida_liberdade_interior/images/26.jpg",
            "key": "galeria/escritorio_avenida_liberdade_interior/images/26.jpg",
            "kms_key_id": null,
            "metadata": null,
            "object_lock_legal_hold_status": "",
            "object_lock_mode": "",
            "object_lock_retain_until_date": "",
            "server_side_encryption": "",
            "source": "./public/galeria/escritorio_avenida_liberdade_interior/images/26.jpg",
            "source_hash": null,
            "storage_class": "STANDARD",
            "tags": null,
            "tags_all": {},
            "version_id": "",
            "website_redirect": ""
          },
          "sensitive_attributes": [],
          "private": "bnVsbA==",
          "dependencies": [
            "aws_s3_bucket.prospacept"
          ]
        },
        {
          "index_key": "galeria/escritorio_avenida_liberdade_interior/images/26_huf034b61fe1fc232725fd27f0a7518acd_475389_1200x1200_fit_q75_box.jpg",
          "schema_version": 0,
          "attributes": {
            "acl": "public-read",
            "bucket": "prospacept",
            "bucket_key_enabled": false,
            "cache_control": "",
            "content": null,
            "content_base64": null,
            "content_disposition": "",
            "content_encoding": "",
            "content_language": "",
            "content_type": "binary/octet-stream",
            "etag": "c78570bd4cca7dd9daa617baa79a4ac9",
            "force_destroy": false,
            "id": "galeria/escritorio_avenida_liberdade_interior/images/26_huf034b61fe1fc232725fd27f0a7518acd_475389_1200x1200_fit_q75_box.jpg",
            "key": "galeria/escritorio_avenida_liberdade_interior/images/26_huf034b61fe1fc232725fd27f0a7518acd_475389_1200x1200_fit_q75_box.jpg",
            "kms_key_id": null,
            "metadata": null,
            "object_lock_legal_hold_status": "",
            "object_lock_mode": "",
            "object_lock_retain_until_date": "",
            "server_side_encryption": "",
            "source": "./public/galeria/escritorio_avenida_liberdade_interior/images/26_huf034b61fe1fc232725fd27f0a7518acd_475389_1200x1200_fit_q75_box.jpg",
            "source_hash": null,
            "storage_class": "STANDARD",
            "tags": null,
            "tags_all": {},
            "version_id": "",
            "website_redirect": ""
          },
          "sensitive_attributes": [],
          "private": "bnVsbA==",
          "dependencies": [
            "aws_s3_bucket.prospacept"
          ]
        },
        {
          "index_key": "galeria/escritorio_avenida_liberdade_interior/images/27.jpg",
          "schema_version": 0,
          "attributes": {
            "acl": "public-read",
            "bucket": "prospacept",
            "bucket_key_enabled": false,
            "cache_control": "",
            "content": null,
            "content_base64": null,
            "content_disposition": "",
            "content_encoding": "",
            "content_language": "",
            "content_type": "binary/octet-stream",
            "etag": "17eaae93bd90e28da084a56c89c4d3a0",
            "force_destroy": false,
            "id": "galeria/escritorio_avenida_liberdade_interior/images/27.jpg",
            "key": "galeria/escritorio_avenida_liberdade_interior/images/27.jpg",
            "kms_key_id": null,
            "metadata": null,
            "object_lock_legal_hold_status": "",
            "object_lock_mode": "",
            "object_lock_retain_until_date": "",
            "server_side_encryption": "",
            "source": "./public/galeria/escritorio_avenida_liberdade_interior/images/27.jpg",
            "source_hash": null,
            "storage_class": "STANDARD",
            "tags": null,
            "tags_all": {},
            "version_id": "",
            "website_redirect": ""
          },
          "sensitive_attributes": [],
          "private": "bnVsbA==",
          "dependencies": [
            "aws_s3_bucket.prospacept"
          ]
        },
        {
          "index_key": "galeria/escritorio_avenida_liberdade_interior/images/27_huf034b61fe1fc232725fd27f0a7518acd_440917_1200x1200_fit_q75_box.jpg",
          "schema_version": 0,
          "attributes": {
            "acl": "public-read",
            "bucket": "prospacept",
            "bucket_key_enabled": false,
            "cache_control": "",
            "content": null,
            "content_base64": null,
            "content_disposition": "",
            "content_encoding": "",
            "content_language": "",
            "content_type": "binary/octet-stream",
            "etag": "75255e24f5d9dbc9b7649f724e318ea8",
            "force_destroy": false,
            "id": "galeria/escritorio_avenida_liberdade_interior/images/27_huf034b61fe1fc232725fd27f0a7518acd_440917_1200x1200_fit_q75_box.jpg",
            "key": "galeria/escritorio_avenida_liberdade_interior/images/27_huf034b61fe1fc232725fd27f0a7518acd_440917_1200x1200_fit_q75_box.jpg",
            "kms_key_id": null,
            "metadata": null,
            "object_lock_legal_hold_status": "",
            "object_lock_mode": "",
            "object_lock_retain_until_date": "",
            "server_side_encryption": "",
            "source": "./public/galeria/escritorio_avenida_liberdade_interior/images/27_huf034b61fe1fc232725fd27f0a7518acd_440917_1200x1200_fit_q75_box.jpg",
            "source_hash": null,
            "storage_class": "STANDARD",
            "tags": null,
            "tags_all": {},
            "version_id": "",
            "website_redirect": ""
          },
          "sensitive_attributes": [],
          "private": "bnVsbA==",
          "dependencies": [
            "aws_s3_bucket.prospacept"
          ]
        },
        {
          "index_key": "galeria/escritorio_avenida_liberdade_interior/images/28.jpg",
          "schema_version": 0,
          "attributes": {
            "acl": "public-read",
            "bucket": "prospacept",
            "bucket_key_enabled": false,
            "cache_control": "",
            "content": null,
            "content_base64": null,
            "content_disposition": "",
            "content_encoding": "",
            "content_language": "",
            "content_type": "binary/octet-stream",
            "etag": "73f36d0a71963643ccc283dba7eaca36",
            "force_destroy": false,
            "id": "galeria/escritorio_avenida_liberdade_interior/images/28.jpg",
            "key": "galeria/escritorio_avenida_liberdade_interior/images/28.jpg",
            "kms_key_id": null,
            "metadata": null,
            "object_lock_legal_hold_status": "",
            "object_lock_mode": "",
            "object_lock_retain_until_date": "",
            "server_side_encryption": "",
            "source": "./public/galeria/escritorio_avenida_liberdade_interior/images/28.jpg",
            "source_hash": null,
            "storage_class": "STANDARD",
            "tags": null,
            "tags_all": {},
            "version_id": "",
            "website_redirect": ""
          },
          "sensitive_attributes": [],
          "private": "bnVsbA==",
          "dependencies": [
            "aws_s3_bucket.prospacept"
          ]
        },
        {
          "index_key": "galeria/escritorio_avenida_liberdade_interior/images/28_huf034b61fe1fc232725fd27f0a7518acd_520957_1200x1200_fit_q75_box.jpg",
          "schema_version": 0,
          "attributes": {
            "acl": "public-read",
            "bucket": "prospacept",
            "bucket_key_enabled": false,
            "cache_control": "",
            "content": null,
            "content_base64": null,
            "content_disposition": "",
            "content_encoding": "",
            "content_language": "",
            "content_type": "binary/octet-stream",
            "etag": "7e0260d10cb25b33c4e0d02d7de2203c",
            "force_destroy": false,
            "id": "galeria/escritorio_avenida_liberdade_interior/images/28_huf034b61fe1fc232725fd27f0a7518acd_520957_1200x1200_fit_q75_box.jpg",
            "key": "galeria/escritorio_avenida_liberdade_interior/images/28_huf034b61fe1fc232725fd27f0a7518acd_520957_1200x1200_fit_q75_box.jpg",
            "kms_key_id": null,
            "metadata": null,
            "object_lock_legal_hold_status": "",
            "object_lock_mode": "",
            "object_lock_retain_until_date": "",
            "server_side_encryption": "",
            "source": "./public/galeria/escritorio_avenida_liberdade_interior/images/28_huf034b61fe1fc232725fd27f0a7518acd_520957_1200x1200_fit_q75_box.jpg",
            "source_hash": null,
            "storage_class": "STANDARD",
            "tags": null,
            "tags_all": {},
            "version_id": "",
            "website_redirect": ""
          },
          "sensitive_attributes": [],
          "private": "bnVsbA==",
          "dependencies": [
            "aws_s3_bucket.prospacept"
          ]
        },
        {
          "index_key": "galeria/escritorio_avenida_liberdade_interior/images/29.jpg",
          "schema_version": 0,
          "attributes": {
            "acl": "public-read",
            "bucket": "prospacept",
            "bucket_key_enabled": false,
            "cache_control": "",
            "content": null,
            "content_base64": null,
            "content_disposition": "",
            "content_encoding": "",
            "content_language": "",
            "content_type": "binary/octet-stream",
            "etag": "2467a34f9bf11748973e9a0d65ed01c9",
            "force_destroy": false,
            "id": "galeria/escritorio_avenida_liberdade_interior/images/29.jpg",
            "key": "galeria/escritorio_avenida_liberdade_interior/images/29.jpg",
            "kms_key_id": null,
            "metadata": null,
            "object_lock_legal_hold_status": "",
            "object_lock_mode": "",
            "object_lock_retain_until_date": "",
            "server_side_encryption": "",
            "source": "./public/galeria/escritorio_avenida_liberdade_interior/images/29.jpg",
            "source_hash": null,
            "storage_class": "STANDARD",
            "tags": null,
            "tags_all": {},
            "version_id": "",
            "website_redirect": ""
          },
          "sensitive_attributes": [],
          "private": "bnVsbA==",
          "dependencies": [
            "aws_s3_bucket.prospacept"
          ]
        },
        {
          "index_key": "galeria/escritorio_avenida_liberdade_interior/images/29_huf034b61fe1fc232725fd27f0a7518acd_250361_1200x1200_fit_q75_box.jpg",
          "schema_version": 0,
          "attributes": {
            "acl": "public-read",
            "bucket": "prospacept",
            "bucket_key_enabled": false,
            "cache_control": "",
            "content": null,
            "content_base64": null,
            "content_disposition": "",
            "content_encoding": "",
            "content_language": "",
            "content_type": "binary/octet-stream",
            "etag": "1c9631460a91b2d4e5e2b5bde1aab4f8",
            "force_destroy": false,
            "id": "galeria/escritorio_avenida_liberdade_interior/images/29_huf034b61fe1fc232725fd27f0a7518acd_250361_1200x1200_fit_q75_box.jpg",
            "key": "galeria/escritorio_avenida_liberdade_interior/images/29_huf034b61fe1fc232725fd27f0a7518acd_250361_1200x1200_fit_q75_box.jpg",
            "kms_key_id": null,
            "metadata": null,
            "object_lock_legal_hold_status": "",
            "object_lock_mode": "",
            "object_lock_retain_until_date": "",
            "server_side_encryption": "",
            "source": "./public/galeria/escritorio_avenida_liberdade_interior/images/29_huf034b61fe1fc232725fd27f0a7518acd_250361_1200x1200_fit_q75_box.jpg",
            "source_hash": null,
            "storage_class": "STANDARD",
            "tags": null,
            "tags_all": {},
            "version_id": "",
            "website_redirect": ""
          },
          "sensitive_attributes": [],
          "private": "bnVsbA==",
          "dependencies": [
            "aws_s3_bucket.prospacept"
          ]
        },
        {
          "index_key": "galeria/escritorio_avenida_liberdade_interior/images/30.jpg",
          "schema_version": 0,
          "attributes": {
            "acl": "public-read",
            "bucket": "prospacept",
            "bucket_key_enabled": false,
            "cache_control": "",
            "content": null,
            "content_base64": null,
            "content_disposition": "",
            "content_encoding": "",
            "content_language": "",
            "content_type": "binary/octet-stream",
            "etag": "f12d707aab58d78b6f7ea45f3b0caef8",
            "force_destroy": false,
            "id": "galeria/escritorio_avenida_liberdade_interior/images/30.jpg",
            "key": "galeria/escritorio_avenida_liberdade_interior/images/30.jpg",
            "kms_key_id": null,
            "metadata": null,
            "object_lock_legal_hold_status": "",
            "object_lock_mode": "",
            "object_lock_retain_until_date": "",
            "server_side_encryption": "",
            "source": "./public/galeria/escritorio_avenida_liberdade_interior/images/30.jpg",
            "source_hash": null,
            "storage_class": "STANDARD",
            "tags": null,
            "tags_all": {},
            "version_id": "",
            "website_redirect": ""
          },
          "sensitive_attributes": [],
          "private": "bnVsbA==",
          "dependencies": [
            "aws_s3_bucket.prospacept"
          ]
        },
        {
          "index_key": "galeria/escritorio_avenida_liberdade_interior/images/30_huf034b61fe1fc232725fd27f0a7518acd_269027_1200x1200_fit_q75_box.jpg",
          "schema_version": 0,
          "attributes": {
            "acl": "public-read",
            "bucket": "prospacept",
            "bucket_key_enabled": false,
            "cache_control": "",
            "content": null,
            "content_base64": null,
            "content_disposition": "",
            "content_encoding": "",
            "content_language": "",
            "content_type": "binary/octet-stream",
            "etag": "800792055f1a300df24b9fe84e960f9b",
            "force_destroy": false,
            "id": "galeria/escritorio_avenida_liberdade_interior/images/30_huf034b61fe1fc232725fd27f0a7518acd_269027_1200x1200_fit_q75_box.jpg",
            "key": "galeria/escritorio_avenida_liberdade_interior/images/30_huf034b61fe1fc232725fd27f0a7518acd_269027_1200x1200_fit_q75_box.jpg",
            "kms_key_id": null,
            "metadata": null,
            "object_lock_legal_hold_status": "",
            "object_lock_mode": "",
            "object_lock_retain_until_date": "",
            "server_side_encryption": "",
            "source": "./public/galeria/escritorio_avenida_liberdade_interior/images/30_huf034b61fe1fc232725fd27f0a7518acd_269027_1200x1200_fit_q75_box.jpg",
            "source_hash": null,
            "storage_class": "STANDARD",
            "tags": null,
            "tags_all": {},
            "version_id": "",
            "website_redirect": ""
          },
          "sensitive_attributes": [],
          "private": "bnVsbA==",
          "dependencies": [
            "aws_s3_bucket.prospacept"
          ]
        },
        {
          "index_key": "galeria/escritorio_avenida_liberdade_interior/images/31.jpg",
          "schema_version": 0,
          "attributes": {
            "acl": "public-read",
            "bucket": "prospacept",
            "bucket_key_enabled": false,
            "cache_control": "",
            "content": null,
            "content_base64": null,
            "content_disposition": "",
            "content_encoding": "",
            "content_language": "",
            "content_type": "binary/octet-stream",
            "etag": "dd5d314c55252a451fd75cae7745bb7f",
            "force_destroy": false,
            "id": "galeria/escritorio_avenida_liberdade_interior/images/31.jpg",
            "key": "galeria/escritorio_avenida_liberdade_interior/images/31.jpg",
            "kms_key_id": null,
            "metadata": null,
            "object_lock_legal_hold_status": "",
            "object_lock_mode": "",
            "object_lock_retain_until_date": "",
            "server_side_encryption": "",
            "source": "./public/galeria/escritorio_avenida_liberdade_interior/images/31.jpg",
            "source_hash": null,
            "storage_class": "STANDARD",
            "tags": null,
            "tags_all": {},
            "version_id": "",
            "website_redirect": ""
          },
          "sensitive_attributes": [],
          "private": "bnVsbA==",
          "dependencies": [
            "aws_s3_bucket.prospacept"
          ]
        },
        {
          "index_key": "galeria/escritorio_avenida_liberdade_interior/images/31_huf034b61fe1fc232725fd27f0a7518acd_226388_1200x1200_fit_q75_box.jpg",
          "schema_version": 0,
          "attributes": {
            "acl": "public-read",
            "bucket": "prospacept",
            "bucket_key_enabled": false,
            "cache_control": "",
            "content": null,
            "content_base64": null,
            "content_disposition": "",
            "content_encoding": "",
            "content_language": "",
            "content_type": "binary/octet-stream",
            "etag": "f846f58226a702baaeefe9487c5627aa",
            "force_destroy": false,
            "id": "galeria/escritorio_avenida_liberdade_interior/images/31_huf034b61fe1fc232725fd27f0a7518acd_226388_1200x1200_fit_q75_box.jpg",
            "key": "galeria/escritorio_avenida_liberdade_interior/images/31_huf034b61fe1fc232725fd27f0a7518acd_226388_1200x1200_fit_q75_box.jpg",
            "kms_key_id": null,
            "metadata": null,
            "object_lock_legal_hold_status": "",
            "object_lock_mode": "",
            "object_lock_retain_until_date": "",
            "server_side_encryption": "",
            "source": "./public/galeria/escritorio_avenida_liberdade_interior/images/31_huf034b61fe1fc232725fd27f0a7518acd_226388_1200x1200_fit_q75_box.jpg",
            "source_hash": null,
            "storage_class": "STANDARD",
            "tags": null,
            "tags_all": {},
            "version_id": "",
            "website_redirect": ""
          },
          "sensitive_attributes": [],
          "private": "bnVsbA==",
          "dependencies": [
            "aws_s3_bucket.prospacept"
          ]
        },
        {
          "index_key": "galeria/escritorio_avenida_liberdade_interior/images/32.jpg",
          "schema_version": 0,
          "attributes": {
            "acl": "public-read",
            "bucket": "prospacept",
            "bucket_key_enabled": false,
            "cache_control": "",
            "content": null,
            "content_base64": null,
            "content_disposition": "",
            "content_encoding": "",
            "content_language": "",
            "content_type": "binary/octet-stream",
            "etag": "fc4d5b7832a8233192d7652d9f483ddb",
            "force_destroy": false,
            "id": "galeria/escritorio_avenida_liberdade_interior/images/32.jpg",
            "key": "galeria/escritorio_avenida_liberdade_interior/images/32.jpg",
            "kms_key_id": null,
            "metadata": null,
            "object_lock_legal_hold_status": "",
            "object_lock_mode": "",
            "object_lock_retain_until_date": "",
            "server_side_encryption": "",
            "source": "./public/galeria/escritorio_avenida_liberdade_interior/images/32.jpg",
            "source_hash": null,
            "storage_class": "STANDARD",
            "tags": null,
            "tags_all": {},
            "version_id": "",
            "website_redirect": ""
          },
          "sensitive_attributes": [],
          "private": "bnVsbA==",
          "dependencies": [
            "aws_s3_bucket.prospacept"
          ]
        },
        {
          "index_key": "galeria/escritorio_avenida_liberdade_interior/images/32_huf034b61fe1fc232725fd27f0a7518acd_254559_1200x1200_fit_q75_box.jpg",
          "schema_version": 0,
          "attributes": {
            "acl": "public-read",
            "bucket": "prospacept",
            "bucket_key_enabled": false,
            "cache_control": "",
            "content": null,
            "content_base64": null,
            "content_disposition": "",
            "content_encoding": "",
            "content_language": "",
            "content_type": "binary/octet-stream",
            "etag": "236500351c70d21bea232d60005f4708",
            "force_destroy": false,
            "id": "galeria/escritorio_avenida_liberdade_interior/images/32_huf034b61fe1fc232725fd27f0a7518acd_254559_1200x1200_fit_q75_box.jpg",
            "key": "galeria/escritorio_avenida_liberdade_interior/images/32_huf034b61fe1fc232725fd27f0a7518acd_254559_1200x1200_fit_q75_box.jpg",
            "kms_key_id": null,
            "metadata": null,
            "object_lock_legal_hold_status": "",
            "object_lock_mode": "",
            "object_lock_retain_until_date": "",
            "server_side_encryption": "",
            "source": "./public/galeria/escritorio_avenida_liberdade_interior/images/32_huf034b61fe1fc232725fd27f0a7518acd_254559_1200x1200_fit_q75_box.jpg",
            "source_hash": null,
            "storage_class": "STANDARD",
            "tags": null,
            "tags_all": {},
            "version_id": "",
            "website_redirect": ""
          },
          "sensitive_attributes": [],
          "private": "bnVsbA==",
          "dependencies": [
            "aws_s3_bucket.prospacept"
          ]
        },
        {
          "index_key": "galeria/escritorio_avenida_liberdade_interior/images/33.jpg",
          "schema_version": 0,
          "attributes": {
            "acl": "public-read",
            "bucket": "prospacept",
            "bucket_key_enabled": false,
            "cache_control": "",
            "content": null,
            "content_base64": null,
            "content_disposition": "",
            "content_encoding": "",
            "content_language": "",
            "content_type": "binary/octet-stream",
            "etag": "8e3beb24109f395ca37d364645c9896d",
            "force_destroy": false,
            "id": "galeria/escritorio_avenida_liberdade_interior/images/33.jpg",
            "key": "galeria/escritorio_avenida_liberdade_interior/images/33.jpg",
            "kms_key_id": null,
            "metadata": null,
            "object_lock_legal_hold_status": "",
            "object_lock_mode": "",
            "object_lock_retain_until_date": "",
            "server_side_encryption": "",
            "source": "./public/galeria/escritorio_avenida_liberdade_interior/images/33.jpg",
            "source_hash": null,
            "storage_class": "STANDARD",
            "tags": null,
            "tags_all": {},
            "version_id": "",
            "website_redirect": ""
          },
          "sensitive_attributes": [],
          "private": "bnVsbA==",
          "dependencies": [
            "aws_s3_bucket.prospacept"
          ]
        },
        {
          "index_key": "galeria/escritorio_avenida_liberdade_interior/images/33_huf034b61fe1fc232725fd27f0a7518acd_226133_1200x1200_fit_q75_box.jpg",
          "schema_version": 0,
          "attributes": {
            "acl": "public-read",
            "bucket": "prospacept",
            "bucket_key_enabled": false,
            "cache_control": "",
            "content": null,
            "content_base64": null,
            "content_disposition": "",
            "content_encoding": "",
            "content_language": "",
            "content_type": "binary/octet-stream",
            "etag": "6f7791b67f9f1b923d8cb84259a2e47a",
            "force_destroy": false,
            "id": "galeria/escritorio_avenida_liberdade_interior/images/33_huf034b61fe1fc232725fd27f0a7518acd_226133_1200x1200_fit_q75_box.jpg",
            "key": "galeria/escritorio_avenida_liberdade_interior/images/33_huf034b61fe1fc232725fd27f0a7518acd_226133_1200x1200_fit_q75_box.jpg",
            "kms_key_id": null,
            "metadata": null,
            "object_lock_legal_hold_status": "",
            "object_lock_mode": "",
            "object_lock_retain_until_date": "",
            "server_side_encryption": "",
            "source": "./public/galeria/escritorio_avenida_liberdade_interior/images/33_huf034b61fe1fc232725fd27f0a7518acd_226133_1200x1200_fit_q75_box.jpg",
            "source_hash": null,
            "storage_class": "STANDARD",
            "tags": null,
            "tags_all": {},
            "version_id": "",
            "website_redirect": ""
          },
          "sensitive_attributes": [],
          "private": "bnVsbA==",
          "dependencies": [
            "aws_s3_bucket.prospacept"
          ]
        },
        {
          "index_key": "galeria/escritorio_avenida_liberdade_interior/images/34.jpg",
          "schema_version": 0,
          "attributes": {
            "acl": "public-read",
            "bucket": "prospacept",
            "bucket_key_enabled": false,
            "cache_control": "",
            "content": null,
            "content_base64": null,
            "content_disposition": "",
            "content_encoding": "",
            "content_language": "",
            "content_type": "binary/octet-stream",
            "etag": "d4345e11b19fd66cad660d549dc2c2a7",
            "force_destroy": false,
            "id": "galeria/escritorio_avenida_liberdade_interior/images/34.jpg",
            "key": "galeria/escritorio_avenida_liberdade_interior/images/34.jpg",
            "kms_key_id": null,
            "metadata": null,
            "object_lock_legal_hold_status": "",
            "object_lock_mode": "",
            "object_lock_retain_until_date": "",
            "server_side_encryption": "",
            "source": "./public/galeria/escritorio_avenida_liberdade_interior/images/34.jpg",
            "source_hash": null,
            "storage_class": "STANDARD",
            "tags": null,
            "tags_all": {},
            "version_id": "",
            "website_redirect": ""
          },
          "sensitive_attributes": [],
          "private": "bnVsbA==",
          "dependencies": [
            "aws_s3_bucket.prospacept"
          ]
        },
        {
          "index_key": "galeria/escritorio_avenida_liberdade_interior/images/34_huf034b61fe1fc232725fd27f0a7518acd_355472_1200x1200_fit_q75_box.jpg",
          "schema_version": 0,
          "attributes": {
            "acl": "public-read",
            "bucket": "prospacept",
            "bucket_key_enabled": false,
            "cache_control": "",
            "content": null,
            "content_base64": null,
            "content_disposition": "",
            "content_encoding": "",
            "content_language": "",
            "content_type": "binary/octet-stream",
            "etag": "f0e72bb9861ddccb74229c523331f246",
            "force_destroy": false,
            "id": "galeria/escritorio_avenida_liberdade_interior/images/34_huf034b61fe1fc232725fd27f0a7518acd_355472_1200x1200_fit_q75_box.jpg",
            "key": "galeria/escritorio_avenida_liberdade_interior/images/34_huf034b61fe1fc232725fd27f0a7518acd_355472_1200x1200_fit_q75_box.jpg",
            "kms_key_id": null,
            "metadata": null,
            "object_lock_legal_hold_status": "",
            "object_lock_mode": "",
            "object_lock_retain_until_date": "",
            "server_side_encryption": "",
            "source": "./public/galeria/escritorio_avenida_liberdade_interior/images/34_huf034b61fe1fc232725fd27f0a7518acd_355472_1200x1200_fit_q75_box.jpg",
            "source_hash": null,
            "storage_class": "STANDARD",
            "tags": null,
            "tags_all": {},
            "version_id": "",
            "website_redirect": ""
          },
          "sensitive_attributes": [],
          "private": "bnVsbA==",
          "dependencies": [
            "aws_s3_bucket.prospacept"
          ]
        },
        {
          "index_key": "galeria/escritorio_avenida_liberdade_interior/images/35.jpg",
          "schema_version": 0,
          "attributes": {
            "acl": "public-read",
            "bucket": "prospacept",
            "bucket_key_enabled": false,
            "cache_control": "",
            "content": null,
            "content_base64": null,
            "content_disposition": "",
            "content_encoding": "",
            "content_language": "",
            "content_type": "binary/octet-stream",
            "etag": "b185f9ec558f6759c0fb92a373d0c01e",
            "force_destroy": false,
            "id": "galeria/escritorio_avenida_liberdade_interior/images/35.jpg",
            "key": "galeria/escritorio_avenida_liberdade_interior/images/35.jpg",
            "kms_key_id": null,
            "metadata": null,
            "object_lock_legal_hold_status": "",
            "object_lock_mode": "",
            "object_lock_retain_until_date": "",
            "server_side_encryption": "",
            "source": "./public/galeria/escritorio_avenida_liberdade_interior/images/35.jpg",
            "source_hash": null,
            "storage_class": "STANDARD",
            "tags": null,
            "tags_all": {},
            "version_id": "",
            "website_redirect": ""
          },
          "sensitive_attributes": [],
          "private": "bnVsbA==",
          "dependencies": [
            "aws_s3_bucket.prospacept"
          ]
        },
        {
          "index_key": "galeria/escritorio_avenida_liberdade_interior/images/35_huf034b61fe1fc232725fd27f0a7518acd_321676_1200x1200_fit_q75_box.jpg",
          "schema_version": 0,
          "attributes": {
            "acl": "public-read",
            "bucket": "prospacept",
            "bucket_key_enabled": false,
            "cache_control": "",
            "content": null,
            "content_base64": null,
            "content_disposition": "",
            "content_encoding": "",
            "content_language": "",
            "content_type": "binary/octet-stream",
            "etag": "5b36493565484ad4a1a479181b0e57bf",
            "force_destroy": false,
            "id": "galeria/escritorio_avenida_liberdade_interior/images/35_huf034b61fe1fc232725fd27f0a7518acd_321676_1200x1200_fit_q75_box.jpg",
            "key": "galeria/escritorio_avenida_liberdade_interior/images/35_huf034b61fe1fc232725fd27f0a7518acd_321676_1200x1200_fit_q75_box.jpg",
            "kms_key_id": null,
            "metadata": null,
            "object_lock_legal_hold_status": "",
            "object_lock_mode": "",
            "object_lock_retain_until_date": "",
            "server_side_encryption": "",
            "source": "./public/galeria/escritorio_avenida_liberdade_interior/images/35_huf034b61fe1fc232725fd27f0a7518acd_321676_1200x1200_fit_q75_box.jpg",
            "source_hash": null,
            "storage_class": "STANDARD",
            "tags": null,
            "tags_all": {},
            "version_id": "",
            "website_redirect": ""
          },
          "sensitive_attributes": [],
          "private": "bnVsbA==",
          "dependencies": [
            "aws_s3_bucket.prospacept"
          ]
        },
        {
          "index_key": "galeria/escritorio_avenida_liberdade_interior/images/36.jpg",
          "schema_version": 0,
          "attributes": {
            "acl": "public-read",
            "bucket": "prospacept",
            "bucket_key_enabled": false,
            "cache_control": "",
            "content": null,
            "content_base64": null,
            "content_disposition": "",
            "content_encoding": "",
            "content_language": "",
            "content_type": "binary/octet-stream",
            "etag": "3dc6a108f9596e7538da202b79256575",
            "force_destroy": false,
            "id": "galeria/escritorio_avenida_liberdade_interior/images/36.jpg",
            "key": "galeria/escritorio_avenida_liberdade_interior/images/36.jpg",
            "kms_key_id": null,
            "metadata": null,
            "object_lock_legal_hold_status": "",
            "object_lock_mode": "",
            "object_lock_retain_until_date": "",
            "server_side_encryption": "",
            "source": "./public/galeria/escritorio_avenida_liberdade_interior/images/36.jpg",
            "source_hash": null,
            "storage_class": "STANDARD",
            "tags": null,
            "tags_all": {},
            "version_id": "",
            "website_redirect": ""
          },
          "sensitive_attributes": [],
          "private": "bnVsbA==",
          "dependencies": [
            "aws_s3_bucket.prospacept"
          ]
        },
        {
          "index_key": "galeria/escritorio_avenida_liberdade_interior/images/36_huf034b61fe1fc232725fd27f0a7518acd_223447_1200x1200_fit_q75_box.jpg",
          "schema_version": 0,
          "attributes": {
            "acl": "public-read",
            "bucket": "prospacept",
            "bucket_key_enabled": false,
            "cache_control": "",
            "content": null,
            "content_base64": null,
            "content_disposition": "",
            "content_encoding": "",
            "content_language": "",
            "content_type": "binary/octet-stream",
            "etag": "ad0b70aa8645cf4e6073221ded8e8897",
            "force_destroy": false,
            "id": "galeria/escritorio_avenida_liberdade_interior/images/36_huf034b61fe1fc232725fd27f0a7518acd_223447_1200x1200_fit_q75_box.jpg",
            "key": "galeria/escritorio_avenida_liberdade_interior/images/36_huf034b61fe1fc232725fd27f0a7518acd_223447_1200x1200_fit_q75_box.jpg",
            "kms_key_id": null,
            "metadata": null,
            "object_lock_legal_hold_status": "",
            "object_lock_mode": "",
            "object_lock_retain_until_date": "",
            "server_side_encryption": "",
            "source": "./public/galeria/escritorio_avenida_liberdade_interior/images/36_huf034b61fe1fc232725fd27f0a7518acd_223447_1200x1200_fit_q75_box.jpg",
            "source_hash": null,
            "storage_class": "STANDARD",
            "tags": null,
            "tags_all": {},
            "version_id": "",
            "website_redirect": ""
          },
          "sensitive_attributes": [],
          "private": "bnVsbA==",
          "dependencies": [
            "aws_s3_bucket.prospacept"
          ]
        },
        {
          "index_key": "galeria/index.xml",
          "schema_version": 0,
          "attributes": {
            "acl": "public-read",
            "bucket": "prospacept",
            "bucket_key_enabled": false,
            "cache_control": "",
            "content": null,
            "content_base64": null,
            "content_disposition": "",
            "content_encoding": "",
            "content_language": "",
            "content_type": "binary/octet-stream",
            "etag": "e51d1c232010ce3481b4dd3b4fca0b8f",
            "force_destroy": false,
            "id": "galeria/index.xml",
            "key": "galeria/index.xml",
            "kms_key_id": null,
            "metadata": null,
            "object_lock_legal_hold_status": "",
            "object_lock_mode": "",
            "object_lock_retain_until_date": "",
            "server_side_encryption": "",
            "source": "./public/galeria/index.xml",
            "source_hash": null,
            "storage_class": "STANDARD",
            "tags": null,
            "tags_all": {},
            "version_id": "",
            "website_redirect": ""
          },
          "sensitive_attributes": [],
          "private": "bnVsbA==",
          "dependencies": [
            "aws_s3_bucket.prospacept"
          ]
        },
        {
          "index_key": "galeria/paco_arcos_detalhes.html",
          "schema_version": 0,
          "attributes": {
            "acl": "public-read",
            "bucket": "prospacept",
            "bucket_key_enabled": false,
            "cache_control": "",
            "content": null,
            "content_base64": null,
            "content_disposition": "",
            "content_encoding": "",
            "content_language": "",
            "content_type": "binary/octet-stream",
            "etag": "62b92a434c05785476c23788e0c77c86",
            "force_destroy": false,
            "id": "galeria/paco_arcos_detalhes.html",
            "key": "galeria/paco_arcos_detalhes.html",
            "kms_key_id": null,
            "metadata": null,
            "object_lock_legal_hold_status": "",
            "object_lock_mode": "",
            "object_lock_retain_until_date": "",
            "server_side_encryption": "",
            "source": "./public/galeria/paco_arcos_detalhes.html",
            "source_hash": null,
            "storage_class": "STANDARD",
            "tags": null,
            "tags_all": {},
            "version_id": "",
            "website_redirect": ""
          },
          "sensitive_attributes": [],
          "private": "bnVsbA==",
          "dependencies": [
            "aws_s3_bucket.prospacept"
          ]
        },
        {
          "index_key": "galeria/paco_arcos_detalhes/images/01.jpg",
          "schema_version": 0,
          "attributes": {
            "acl": "public-read",
            "bucket": "prospacept",
            "bucket_key_enabled": false,
            "cache_control": "",
            "content": null,
            "content_base64": null,
            "content_disposition": "",
            "content_encoding": "",
            "content_language": "",
            "content_type": "binary/octet-stream",
            "etag": "30b6e5f2dda006dc84fef9ade710a041",
            "force_destroy": false,
            "id": "galeria/paco_arcos_detalhes/images/01.jpg",
            "key": "galeria/paco_arcos_detalhes/images/01.jpg",
            "kms_key_id": null,
            "metadata": null,
            "object_lock_legal_hold_status": "",
            "object_lock_mode": "",
            "object_lock_retain_until_date": "",
            "server_side_encryption": "",
            "source": "./public/galeria/paco_arcos_detalhes/images/01.jpg",
            "source_hash": null,
            "storage_class": "STANDARD",
            "tags": null,
            "tags_all": {},
            "version_id": "",
            "website_redirect": ""
          },
          "sensitive_attributes": [],
          "private": "bnVsbA==",
          "dependencies": [
            "aws_s3_bucket.prospacept"
          ]
        },
        {
          "index_key": "galeria/paco_arcos_detalhes/images/01_hu13a2b9d980b72cd67beaeed45f3d06b4_116309_1200x1200_fit_q75_box.jpg",
          "schema_version": 0,
          "attributes": {
            "acl": "public-read",
            "bucket": "prospacept",
            "bucket_key_enabled": false,
            "cache_control": "",
            "content": null,
            "content_base64": null,
            "content_disposition": "",
            "content_encoding": "",
            "content_language": "",
            "content_type": "binary/octet-stream",
            "etag": "1b298a6ff9ab03b4a0c612a90e4c4520",
            "force_destroy": false,
            "id": "galeria/paco_arcos_detalhes/images/01_hu13a2b9d980b72cd67beaeed45f3d06b4_116309_1200x1200_fit_q75_box.jpg",
            "key": "galeria/paco_arcos_detalhes/images/01_hu13a2b9d980b72cd67beaeed45f3d06b4_116309_1200x1200_fit_q75_box.jpg",
            "kms_key_id": null,
            "metadata": null,
            "object_lock_legal_hold_status": "",
            "object_lock_mode": "",
            "object_lock_retain_until_date": "",
            "server_side_encryption": "",
            "source": "./public/galeria/paco_arcos_detalhes/images/01_hu13a2b9d980b72cd67beaeed45f3d06b4_116309_1200x1200_fit_q75_box.jpg",
            "source_hash": null,
            "storage_class": "STANDARD",
            "tags": null,
            "tags_all": {},
            "version_id": "",
            "website_redirect": ""
          },
          "sensitive_attributes": [],
          "private": "bnVsbA==",
          "dependencies": [
            "aws_s3_bucket.prospacept"
          ]
        },
        {
          "index_key": "galeria/paco_arcos_detalhes/images/02.jpg",
          "schema_version": 0,
          "attributes": {
            "acl": "public-read",
            "bucket": "prospacept",
            "bucket_key_enabled": false,
            "cache_control": "",
            "content": null,
            "content_base64": null,
            "content_disposition": "",
            "content_encoding": "",
            "content_language": "",
            "content_type": "binary/octet-stream",
            "etag": "1ba1a220141b6e2c41c6c27ca12d93d8",
            "force_destroy": false,
            "id": "galeria/paco_arcos_detalhes/images/02.jpg",
            "key": "galeria/paco_arcos_detalhes/images/02.jpg",
            "kms_key_id": null,
            "metadata": null,
            "object_lock_legal_hold_status": "",
            "object_lock_mode": "",
            "object_lock_retain_until_date": "",
            "server_side_encryption": "",
            "source": "./public/galeria/paco_arcos_detalhes/images/02.jpg",
            "source_hash": null,
            "storage_class": "STANDARD",
            "tags": null,
            "tags_all": {},
            "version_id": "",
            "website_redirect": ""
          },
          "sensitive_attributes": [],
          "private": "bnVsbA==",
          "dependencies": [
            "aws_s3_bucket.prospacept"
          ]
        },
        {
          "index_key": "galeria/paco_arcos_detalhes/images/02_hufd9454bd44c8954c6d23fcc3f0ea44ab_110447_1200x1200_fit_q75_box.jpg",
          "schema_version": 0,
          "attributes": {
            "acl": "public-read",
            "bucket": "prospacept",
            "bucket_key_enabled": false,
            "cache_control": "",
            "content": null,
            "content_base64": null,
            "content_disposition": "",
            "content_encoding": "",
            "content_language": "",
            "content_type": "binary/octet-stream",
            "etag": "e8947e14f29ef382742575984265f7f7",
            "force_destroy": false,
            "id": "galeria/paco_arcos_detalhes/images/02_hufd9454bd44c8954c6d23fcc3f0ea44ab_110447_1200x1200_fit_q75_box.jpg",
            "key": "galeria/paco_arcos_detalhes/images/02_hufd9454bd44c8954c6d23fcc3f0ea44ab_110447_1200x1200_fit_q75_box.jpg",
            "kms_key_id": null,
            "metadata": null,
            "object_lock_legal_hold_status": "",
            "object_lock_mode": "",
            "object_lock_retain_until_date": "",
            "server_side_encryption": "",
            "source": "./public/galeria/paco_arcos_detalhes/images/02_hufd9454bd44c8954c6d23fcc3f0ea44ab_110447_1200x1200_fit_q75_box.jpg",
            "source_hash": null,
            "storage_class": "STANDARD",
            "tags": null,
            "tags_all": {},
            "version_id": "",
            "website_redirect": ""
          },
          "sensitive_attributes": [],
          "private": "bnVsbA==",
          "dependencies": [
            "aws_s3_bucket.prospacept"
          ]
        },
        {
          "index_key": "galeria/paco_arcos_detalhes/images/03.jpg",
          "schema_version": 0,
          "attributes": {
            "acl": "public-read",
            "bucket": "prospacept",
            "bucket_key_enabled": false,
            "cache_control": "",
            "content": null,
            "content_base64": null,
            "content_disposition": "",
            "content_encoding": "",
            "content_language": "",
            "content_type": "binary/octet-stream",
            "etag": "56aab9af6b38aa3d41f5baa10d922f57",
            "force_destroy": false,
            "id": "galeria/paco_arcos_detalhes/images/03.jpg",
            "key": "galeria/paco_arcos_detalhes/images/03.jpg",
            "kms_key_id": null,
            "metadata": null,
            "object_lock_legal_hold_status": "",
            "object_lock_mode": "",
            "object_lock_retain_until_date": "",
            "server_side_encryption": "",
            "source": "./public/galeria/paco_arcos_detalhes/images/03.jpg",
            "source_hash": null,
            "storage_class": "STANDARD",
            "tags": null,
            "tags_all": {},
            "version_id": "",
            "website_redirect": ""
          },
          "sensitive_attributes": [],
          "private": "bnVsbA==",
          "dependencies": [
            "aws_s3_bucket.prospacept"
          ]
        },
        {
          "index_key": "galeria/paco_arcos_detalhes/images/03_hue1398de2fcd7525f28fd07c8d3bedee8_117196_1200x1200_fit_q75_box.jpg",
          "schema_version": 0,
          "attributes": {
            "acl": "public-read",
            "bucket": "prospacept",
            "bucket_key_enabled": false,
            "cache_control": "",
            "content": null,
            "content_base64": null,
            "content_disposition": "",
            "content_encoding": "",
            "content_language": "",
            "content_type": "binary/octet-stream",
            "etag": "afa14c4ce0ae498ac845a11440d64ffe",
            "force_destroy": false,
            "id": "galeria/paco_arcos_detalhes/images/03_hue1398de2fcd7525f28fd07c8d3bedee8_117196_1200x1200_fit_q75_box.jpg",
            "key": "galeria/paco_arcos_detalhes/images/03_hue1398de2fcd7525f28fd07c8d3bedee8_117196_1200x1200_fit_q75_box.jpg",
            "kms_key_id": null,
            "metadata": null,
            "object_lock_legal_hold_status": "",
            "object_lock_mode": "",
            "object_lock_retain_until_date": "",
            "server_side_encryption": "",
            "source": "./public/galeria/paco_arcos_detalhes/images/03_hue1398de2fcd7525f28fd07c8d3bedee8_117196_1200x1200_fit_q75_box.jpg",
            "source_hash": null,
            "storage_class": "STANDARD",
            "tags": null,
            "tags_all": {},
            "version_id": "",
            "website_redirect": ""
          },
          "sensitive_attributes": [],
          "private": "bnVsbA==",
          "dependencies": [
            "aws_s3_bucket.prospacept"
          ]
        },
        {
          "index_key": "galeria/paco_arcos_detalhes/images/04.jpg",
          "schema_version": 0,
          "attributes": {
            "acl": "public-read",
            "bucket": "prospacept",
            "bucket_key_enabled": false,
            "cache_control": "",
            "content": null,
            "content_base64": null,
            "content_disposition": "",
            "content_encoding": "",
            "content_language": "",
            "content_type": "binary/octet-stream",
            "etag": "3ef7672411a6b7695b74ccde6a8db84c",
            "force_destroy": false,
            "id": "galeria/paco_arcos_detalhes/images/04.jpg",
            "key": "galeria/paco_arcos_detalhes/images/04.jpg",
            "kms_key_id": null,
            "metadata": null,
            "object_lock_legal_hold_status": "",
            "object_lock_mode": "",
            "object_lock_retain_until_date": "",
            "server_side_encryption": "",
            "source": "./public/galeria/paco_arcos_detalhes/images/04.jpg",
            "source_hash": null,
            "storage_class": "STANDARD",
            "tags": null,
            "tags_all": {},
            "version_id": "",
            "website_redirect": ""
          },
          "sensitive_attributes": [],
          "private": "bnVsbA==",
          "dependencies": [
            "aws_s3_bucket.prospacept"
          ]
        },
        {
          "index_key": "galeria/paco_arcos_detalhes/images/04_hu722b164087f9adc759894992b70ee631_109717_1200x1200_fit_q75_box.jpg",
          "schema_version": 0,
          "attributes": {
            "acl": "public-read",
            "bucket": "prospacept",
            "bucket_key_enabled": false,
            "cache_control": "",
            "content": null,
            "content_base64": null,
            "content_disposition": "",
            "content_encoding": "",
            "content_language": "",
            "content_type": "binary/octet-stream",
            "etag": "a7a6cb061151acd36185d7d9836f7f49",
            "force_destroy": false,
            "id": "galeria/paco_arcos_detalhes/images/04_hu722b164087f9adc759894992b70ee631_109717_1200x1200_fit_q75_box.jpg",
            "key": "galeria/paco_arcos_detalhes/images/04_hu722b164087f9adc759894992b70ee631_109717_1200x1200_fit_q75_box.jpg",
            "kms_key_id": null,
            "metadata": null,
            "object_lock_legal_hold_status": "",
            "object_lock_mode": "",
            "object_lock_retain_until_date": "",
            "server_side_encryption": "",
            "source": "./public/galeria/paco_arcos_detalhes/images/04_hu722b164087f9adc759894992b70ee631_109717_1200x1200_fit_q75_box.jpg",
            "source_hash": null,
            "storage_class": "STANDARD",
            "tags": null,
            "tags_all": {},
            "version_id": "",
            "website_redirect": ""
          },
          "sensitive_attributes": [],
          "private": "bnVsbA==",
          "dependencies": [
            "aws_s3_bucket.prospacept"
          ]
        },
        {
          "index_key": "galeria/paco_arcos_detalhes/images/05.jpg",
          "schema_version": 0,
          "attributes": {
            "acl": "public-read",
            "bucket": "prospacept",
            "bucket_key_enabled": false,
            "cache_control": "",
            "content": null,
            "content_base64": null,
            "content_disposition": "",
            "content_encoding": "",
            "content_language": "",
            "content_type": "binary/octet-stream",
            "etag": "1d7fdd49353055f1816eb4ef96832ec8",
            "force_destroy": false,
            "id": "galeria/paco_arcos_detalhes/images/05.jpg",
            "key": "galeria/paco_arcos_detalhes/images/05.jpg",
            "kms_key_id": null,
            "metadata": null,
            "object_lock_legal_hold_status": "",
            "object_lock_mode": "",
            "object_lock_retain_until_date": "",
            "server_side_encryption": "",
            "source": "./public/galeria/paco_arcos_detalhes/images/05.jpg",
            "source_hash": null,
            "storage_class": "STANDARD",
            "tags": null,
            "tags_all": {},
            "version_id": "",
            "website_redirect": ""
          },
          "sensitive_attributes": [],
          "private": "bnVsbA==",
          "dependencies": [
            "aws_s3_bucket.prospacept"
          ]
        },
        {
          "index_key": "galeria/paco_arcos_detalhes/images/05_hu0fe252dbe88042330940ed8daf32cdf2_104570_1200x1200_fit_q75_box.jpg",
          "schema_version": 0,
          "attributes": {
            "acl": "public-read",
            "bucket": "prospacept",
            "bucket_key_enabled": false,
            "cache_control": "",
            "content": null,
            "content_base64": null,
            "content_disposition": "",
            "content_encoding": "",
            "content_language": "",
            "content_type": "binary/octet-stream",
            "etag": "b77d4df16bb825f7023cab1def46c25a",
            "force_destroy": false,
            "id": "galeria/paco_arcos_detalhes/images/05_hu0fe252dbe88042330940ed8daf32cdf2_104570_1200x1200_fit_q75_box.jpg",
            "key": "galeria/paco_arcos_detalhes/images/05_hu0fe252dbe88042330940ed8daf32cdf2_104570_1200x1200_fit_q75_box.jpg",
            "kms_key_id": null,
            "metadata": null,
            "object_lock_legal_hold_status": "",
            "object_lock_mode": "",
            "object_lock_retain_until_date": "",
            "server_side_encryption": "",
            "source": "./public/galeria/paco_arcos_detalhes/images/05_hu0fe252dbe88042330940ed8daf32cdf2_104570_1200x1200_fit_q75_box.jpg",
            "source_hash": null,
            "storage_class": "STANDARD",
            "tags": null,
            "tags_all": {},
            "version_id": "",
            "website_redirect": ""
          },
          "sensitive_attributes": [],
          "private": "bnVsbA==",
          "dependencies": [
            "aws_s3_bucket.prospacept"
          ]
        },
        {
          "index_key": "galeria/paco_arcos_detalhes/images/06.jpg",
          "schema_version": 0,
          "attributes": {
            "acl": "public-read",
            "bucket": "prospacept",
            "bucket_key_enabled": false,
            "cache_control": "",
            "content": null,
            "content_base64": null,
            "content_disposition": "",
            "content_encoding": "",
            "content_language": "",
            "content_type": "binary/octet-stream",
            "etag": "1b90537bb339ec67c03638653063792c",
            "force_destroy": false,
            "id": "galeria/paco_arcos_detalhes/images/06.jpg",
            "key": "galeria/paco_arcos_detalhes/images/06.jpg",
            "kms_key_id": null,
            "metadata": null,
            "object_lock_legal_hold_status": "",
            "object_lock_mode": "",
            "object_lock_retain_until_date": "",
            "server_side_encryption": "",
            "source": "./public/galeria/paco_arcos_detalhes/images/06.jpg",
            "source_hash": null,
            "storage_class": "STANDARD",
            "tags": null,
            "tags_all": {},
            "version_id": "",
            "website_redirect": ""
          },
          "sensitive_attributes": [],
          "private": "bnVsbA==",
          "dependencies": [
            "aws_s3_bucket.prospacept"
          ]
        },
        {
          "index_key": "galeria/paco_arcos_detalhes/images/06_hu4d3274ecf75d64471a39683bd759068e_97193_1200x1200_fit_q75_box.jpg",
          "schema_version": 0,
          "attributes": {
            "acl": "public-read",
            "bucket": "prospacept",
            "bucket_key_enabled": false,
            "cache_control": "",
            "content": null,
            "content_base64": null,
            "content_disposition": "",
            "content_encoding": "",
            "content_language": "",
            "content_type": "binary/octet-stream",
            "etag": "eceffc8400ed7ca7c355e8da52ce882f",
            "force_destroy": false,
            "id": "galeria/paco_arcos_detalhes/images/06_hu4d3274ecf75d64471a39683bd759068e_97193_1200x1200_fit_q75_box.jpg",
            "key": "galeria/paco_arcos_detalhes/images/06_hu4d3274ecf75d64471a39683bd759068e_97193_1200x1200_fit_q75_box.jpg",
            "kms_key_id": null,
            "metadata": null,
            "object_lock_legal_hold_status": "",
            "object_lock_mode": "",
            "object_lock_retain_until_date": "",
            "server_side_encryption": "",
            "source": "./public/galeria/paco_arcos_detalhes/images/06_hu4d3274ecf75d64471a39683bd759068e_97193_1200x1200_fit_q75_box.jpg",
            "source_hash": null,
            "storage_class": "STANDARD",
            "tags": null,
            "tags_all": {},
            "version_id": "",
            "website_redirect": ""
          },
          "sensitive_attributes": [],
          "private": "bnVsbA==",
          "dependencies": [
            "aws_s3_bucket.prospacept"
          ]
        },
        {
          "index_key": "galeria/paco_arcos_detalhes/images/07.jpg",
          "schema_version": 0,
          "attributes": {
            "acl": "public-read",
            "bucket": "prospacept",
            "bucket_key_enabled": false,
            "cache_control": "",
            "content": null,
            "content_base64": null,
            "content_disposition": "",
            "content_encoding": "",
            "content_language": "",
            "content_type": "binary/octet-stream",
            "etag": "0ecaef9da847ba0e2b8fc3928d5f0b2b",
            "force_destroy": false,
            "id": "galeria/paco_arcos_detalhes/images/07.jpg",
            "key": "galeria/paco_arcos_detalhes/images/07.jpg",
            "kms_key_id": null,
            "metadata": null,
            "object_lock_legal_hold_status": "",
            "object_lock_mode": "",
            "object_lock_retain_until_date": "",
            "server_side_encryption": "",
            "source": "./public/galeria/paco_arcos_detalhes/images/07.jpg",
            "source_hash": null,
            "storage_class": "STANDARD",
            "tags": null,
            "tags_all": {},
            "version_id": "",
            "website_redirect": ""
          },
          "sensitive_attributes": [],
          "private": "bnVsbA==",
          "dependencies": [
            "aws_s3_bucket.prospacept"
          ]
        },
        {
          "index_key": "galeria/paco_arcos_detalhes/images/07_hub4ecb1b6b779154399487bb3529f0967_98554_1200x1200_fit_q75_box.jpg",
          "schema_version": 0,
          "attributes": {
            "acl": "public-read",
            "bucket": "prospacept",
            "bucket_key_enabled": false,
            "cache_control": "",
            "content": null,
            "content_base64": null,
            "content_disposition": "",
            "content_encoding": "",
            "content_language": "",
            "content_type": "binary/octet-stream",
            "etag": "a27ae72c91033a9658dc39334921fc02",
            "force_destroy": false,
            "id": "galeria/paco_arcos_detalhes/images/07_hub4ecb1b6b779154399487bb3529f0967_98554_1200x1200_fit_q75_box.jpg",
            "key": "galeria/paco_arcos_detalhes/images/07_hub4ecb1b6b779154399487bb3529f0967_98554_1200x1200_fit_q75_box.jpg",
            "kms_key_id": null,
            "metadata": null,
            "object_lock_legal_hold_status": "",
            "object_lock_mode": "",
            "object_lock_retain_until_date": "",
            "server_side_encryption": "",
            "source": "./public/galeria/paco_arcos_detalhes/images/07_hub4ecb1b6b779154399487bb3529f0967_98554_1200x1200_fit_q75_box.jpg",
            "source_hash": null,
            "storage_class": "STANDARD",
            "tags": null,
            "tags_all": {},
            "version_id": "",
            "website_redirect": ""
          },
          "sensitive_attributes": [],
          "private": "bnVsbA==",
          "dependencies": [
            "aws_s3_bucket.prospacept"
          ]
        },
        {
          "index_key": "galeria/paco_arcos_detalhes/images/08.jpg",
          "schema_version": 0,
          "attributes": {
            "acl": "public-read",
            "bucket": "prospacept",
            "bucket_key_enabled": false,
            "cache_control": "",
            "content": null,
            "content_base64": null,
            "content_disposition": "",
            "content_encoding": "",
            "content_language": "",
            "content_type": "binary/octet-stream",
            "etag": "2c0e8bda2316dcf25f30ecaa7ac86ee7",
            "force_destroy": false,
            "id": "galeria/paco_arcos_detalhes/images/08.jpg",
            "key": "galeria/paco_arcos_detalhes/images/08.jpg",
            "kms_key_id": null,
            "metadata": null,
            "object_lock_legal_hold_status": "",
            "object_lock_mode": "",
            "object_lock_retain_until_date": "",
            "server_side_encryption": "",
            "source": "./public/galeria/paco_arcos_detalhes/images/08.jpg",
            "source_hash": null,
            "storage_class": "STANDARD",
            "tags": null,
            "tags_all": {},
            "version_id": "",
            "website_redirect": ""
          },
          "sensitive_attributes": [],
          "private": "bnVsbA==",
          "dependencies": [
            "aws_s3_bucket.prospacept"
          ]
        },
        {
          "index_key": "galeria/paco_arcos_detalhes/images/08_hu9313448e4f46f81da1da8cd76031214e_109733_1200x1200_fit_q75_box.jpg",
          "schema_version": 0,
          "attributes": {
            "acl": "public-read",
            "bucket": "prospacept",
            "bucket_key_enabled": false,
            "cache_control": "",
            "content": null,
            "content_base64": null,
            "content_disposition": "",
            "content_encoding": "",
            "content_language": "",
            "content_type": "binary/octet-stream",
            "etag": "ca54f1c4a6cb9c914cd6fe52a7027fea",
            "force_destroy": false,
            "id": "galeria/paco_arcos_detalhes/images/08_hu9313448e4f46f81da1da8cd76031214e_109733_1200x1200_fit_q75_box.jpg",
            "key": "galeria/paco_arcos_detalhes/images/08_hu9313448e4f46f81da1da8cd76031214e_109733_1200x1200_fit_q75_box.jpg",
            "kms_key_id": null,
            "metadata": null,
            "object_lock_legal_hold_status": "",
            "object_lock_mode": "",
            "object_lock_retain_until_date": "",
            "server_side_encryption": "",
            "source": "./public/galeria/paco_arcos_detalhes/images/08_hu9313448e4f46f81da1da8cd76031214e_109733_1200x1200_fit_q75_box.jpg",
            "source_hash": null,
            "storage_class": "STANDARD",
            "tags": null,
            "tags_all": {},
            "version_id": "",
            "website_redirect": ""
          },
          "sensitive_attributes": [],
          "private": "bnVsbA==",
          "dependencies": [
            "aws_s3_bucket.prospacept"
          ]
        },
        {
          "index_key": "galeria/paco_arcos_detalhes/images/09.jpg",
          "schema_version": 0,
          "attributes": {
            "acl": "public-read",
            "bucket": "prospacept",
            "bucket_key_enabled": false,
            "cache_control": "",
            "content": null,
            "content_base64": null,
            "content_disposition": "",
            "content_encoding": "",
            "content_language": "",
            "content_type": "binary/octet-stream",
            "etag": "f47811645452aefc72708b7068f13067",
            "force_destroy": false,
            "id": "galeria/paco_arcos_detalhes/images/09.jpg",
            "key": "galeria/paco_arcos_detalhes/images/09.jpg",
            "kms_key_id": null,
            "metadata": null,
            "object_lock_legal_hold_status": "",
            "object_lock_mode": "",
            "object_lock_retain_until_date": "",
            "server_side_encryption": "",
            "source": "./public/galeria/paco_arcos_detalhes/images/09.jpg",
            "source_hash": null,
            "storage_class": "STANDARD",
            "tags": null,
            "tags_all": {},
            "version_id": "",
            "website_redirect": ""
          },
          "sensitive_attributes": [],
          "private": "bnVsbA==",
          "dependencies": [
            "aws_s3_bucket.prospacept"
          ]
        },
        {
          "index_key": "galeria/paco_arcos_detalhes/images/09_hub3c723ea3719fd828e0567b19ed33f1a_85552_1200x1200_fit_q75_box.jpg",
          "schema_version": 0,
          "attributes": {
            "acl": "public-read",
            "bucket": "prospacept",
            "bucket_key_enabled": false,
            "cache_control": "",
            "content": null,
            "content_base64": null,
            "content_disposition": "",
            "content_encoding": "",
            "content_language": "",
            "content_type": "binary/octet-stream",
            "etag": "47facc1c07e1afe26f7e58a0d6a96a8c",
            "force_destroy": false,
            "id": "galeria/paco_arcos_detalhes/images/09_hub3c723ea3719fd828e0567b19ed33f1a_85552_1200x1200_fit_q75_box.jpg",
            "key": "galeria/paco_arcos_detalhes/images/09_hub3c723ea3719fd828e0567b19ed33f1a_85552_1200x1200_fit_q75_box.jpg",
            "kms_key_id": null,
            "metadata": null,
            "object_lock_legal_hold_status": "",
            "object_lock_mode": "",
            "object_lock_retain_until_date": "",
            "server_side_encryption": "",
            "source": "./public/galeria/paco_arcos_detalhes/images/09_hub3c723ea3719fd828e0567b19ed33f1a_85552_1200x1200_fit_q75_box.jpg",
            "source_hash": null,
            "storage_class": "STANDARD",
            "tags": null,
            "tags_all": {},
            "version_id": "",
            "website_redirect": ""
          },
          "sensitive_attributes": [],
          "private": "bnVsbA==",
          "dependencies": [
            "aws_s3_bucket.prospacept"
          ]
        },
        {
          "index_key": "galeria/paco_arcos_detalhes/images/10.jpg",
          "schema_version": 0,
          "attributes": {
            "acl": "public-read",
            "bucket": "prospacept",
            "bucket_key_enabled": false,
            "cache_control": "",
            "content": null,
            "content_base64": null,
            "content_disposition": "",
            "content_encoding": "",
            "content_language": "",
            "content_type": "binary/octet-stream",
            "etag": "2e53f26a682483f4a80bb863778a8a6a",
            "force_destroy": false,
            "id": "galeria/paco_arcos_detalhes/images/10.jpg",
            "key": "galeria/paco_arcos_detalhes/images/10.jpg",
            "kms_key_id": null,
            "metadata": null,
            "object_lock_legal_hold_status": "",
            "object_lock_mode": "",
            "object_lock_retain_until_date": "",
            "server_side_encryption": "",
            "source": "./public/galeria/paco_arcos_detalhes/images/10.jpg",
            "source_hash": null,
            "storage_class": "STANDARD",
            "tags": null,
            "tags_all": {},
            "version_id": "",
            "website_redirect": ""
          },
          "sensitive_attributes": [],
          "private": "bnVsbA==",
          "dependencies": [
            "aws_s3_bucket.prospacept"
          ]
        },
        {
          "index_key": "galeria/paco_arcos_detalhes/images/10_hu7f96a2a36b77333b6fb3de5867be9d1e_80037_1200x1200_fit_q75_box.jpg",
          "schema_version": 0,
          "attributes": {
            "acl": "public-read",
            "bucket": "prospacept",
            "bucket_key_enabled": false,
            "cache_control": "",
            "content": null,
            "content_base64": null,
            "content_disposition": "",
            "content_encoding": "",
            "content_language": "",
            "content_type": "binary/octet-stream",
            "etag": "d5059648a04907f54c98b6b48aba1458",
            "force_destroy": false,
            "id": "galeria/paco_arcos_detalhes/images/10_hu7f96a2a36b77333b6fb3de5867be9d1e_80037_1200x1200_fit_q75_box.jpg",
            "key": "galeria/paco_arcos_detalhes/images/10_hu7f96a2a36b77333b6fb3de5867be9d1e_80037_1200x1200_fit_q75_box.jpg",
            "kms_key_id": null,
            "metadata": null,
            "object_lock_legal_hold_status": "",
            "object_lock_mode": "",
            "object_lock_retain_until_date": "",
            "server_side_encryption": "",
            "source": "./public/galeria/paco_arcos_detalhes/images/10_hu7f96a2a36b77333b6fb3de5867be9d1e_80037_1200x1200_fit_q75_box.jpg",
            "source_hash": null,
            "storage_class": "STANDARD",
            "tags": null,
            "tags_all": {},
            "version_id": "",
            "website_redirect": ""
          },
          "sensitive_attributes": [],
          "private": "bnVsbA==",
          "dependencies": [
            "aws_s3_bucket.prospacept"
          ]
        },
        {
          "index_key": "galeria/paco_arcos_detalhes/images/11.jpg",
          "schema_version": 0,
          "attributes": {
            "acl": "public-read",
            "bucket": "prospacept",
            "bucket_key_enabled": false,
            "cache_control": "",
            "content": null,
            "content_base64": null,
            "content_disposition": "",
            "content_encoding": "",
            "content_language": "",
            "content_type": "binary/octet-stream",
            "etag": "87f526186eb0370dde30b76178fc3632",
            "force_destroy": false,
            "id": "galeria/paco_arcos_detalhes/images/11.jpg",
            "key": "galeria/paco_arcos_detalhes/images/11.jpg",
            "kms_key_id": null,
            "metadata": null,
            "object_lock_legal_hold_status": "",
            "object_lock_mode": "",
            "object_lock_retain_until_date": "",
            "server_side_encryption": "",
            "source": "./public/galeria/paco_arcos_detalhes/images/11.jpg",
            "source_hash": null,
            "storage_class": "STANDARD",
            "tags": null,
            "tags_all": {},
            "version_id": "",
            "website_redirect": ""
          },
          "sensitive_attributes": [],
          "private": "bnVsbA==",
          "dependencies": [
            "aws_s3_bucket.prospacept"
          ]
        },
        {
          "index_key": "galeria/paco_arcos_detalhes/images/11_hud465124aacc45d38caec16594a36f657_79983_1200x1200_fit_q75_box.jpg",
          "schema_version": 0,
          "attributes": {
            "acl": "public-read",
            "bucket": "prospacept",
            "bucket_key_enabled": false,
            "cache_control": "",
            "content": null,
            "content_base64": null,
            "content_disposition": "",
            "content_encoding": "",
            "content_language": "",
            "content_type": "binary/octet-stream",
            "etag": "89700ffff508a938b0095c5bb841fa14",
            "force_destroy": false,
            "id": "galeria/paco_arcos_detalhes/images/11_hud465124aacc45d38caec16594a36f657_79983_1200x1200_fit_q75_box.jpg",
            "key": "galeria/paco_arcos_detalhes/images/11_hud465124aacc45d38caec16594a36f657_79983_1200x1200_fit_q75_box.jpg",
            "kms_key_id": null,
            "metadata": null,
            "object_lock_legal_hold_status": "",
            "object_lock_mode": "",
            "object_lock_retain_until_date": "",
            "server_side_encryption": "",
            "source": "./public/galeria/paco_arcos_detalhes/images/11_hud465124aacc45d38caec16594a36f657_79983_1200x1200_fit_q75_box.jpg",
            "source_hash": null,
            "storage_class": "STANDARD",
            "tags": null,
            "tags_all": {},
            "version_id": "",
            "website_redirect": ""
          },
          "sensitive_attributes": [],
          "private": "bnVsbA==",
          "dependencies": [
            "aws_s3_bucket.prospacept"
          ]
        },
        {
          "index_key": "galeria/paco_arcos_detalhes/images/12.jpg",
          "schema_version": 0,
          "attributes": {
            "acl": "public-read",
            "bucket": "prospacept",
            "bucket_key_enabled": false,
            "cache_control": "",
            "content": null,
            "content_base64": null,
            "content_disposition": "",
            "content_encoding": "",
            "content_language": "",
            "content_type": "binary/octet-stream",
            "etag": "5f63101ac717893f4b32e746f682c66f",
            "force_destroy": false,
            "id": "galeria/paco_arcos_detalhes/images/12.jpg",
            "key": "galeria/paco_arcos_detalhes/images/12.jpg",
            "kms_key_id": null,
            "metadata": null,
            "object_lock_legal_hold_status": "",
            "object_lock_mode": "",
            "object_lock_retain_until_date": "",
            "server_side_encryption": "",
            "source": "./public/galeria/paco_arcos_detalhes/images/12.jpg",
            "source_hash": null,
            "storage_class": "STANDARD",
            "tags": null,
            "tags_all": {},
            "version_id": "",
            "website_redirect": ""
          },
          "sensitive_attributes": [],
          "private": "bnVsbA==",
          "dependencies": [
            "aws_s3_bucket.prospacept"
          ]
        },
        {
          "index_key": "galeria/paco_arcos_detalhes/images/12_hud74f5a225f4ad2c2737d7af0bee76edf_71593_1200x1200_fit_q75_box.jpg",
          "schema_version": 0,
          "attributes": {
            "acl": "public-read",
            "bucket": "prospacept",
            "bucket_key_enabled": false,
            "cache_control": "",
            "content": null,
            "content_base64": null,
            "content_disposition": "",
            "content_encoding": "",
            "content_language": "",
            "content_type": "binary/octet-stream",
            "etag": "f8dc2b3e1d2158a1582d650b6b5b07fd",
            "force_destroy": false,
            "id": "galeria/paco_arcos_detalhes/images/12_hud74f5a225f4ad2c2737d7af0bee76edf_71593_1200x1200_fit_q75_box.jpg",
            "key": "galeria/paco_arcos_detalhes/images/12_hud74f5a225f4ad2c2737d7af0bee76edf_71593_1200x1200_fit_q75_box.jpg",
            "kms_key_id": null,
            "metadata": null,
            "object_lock_legal_hold_status": "",
            "object_lock_mode": "",
            "object_lock_retain_until_date": "",
            "server_side_encryption": "",
            "source": "./public/galeria/paco_arcos_detalhes/images/12_hud74f5a225f4ad2c2737d7af0bee76edf_71593_1200x1200_fit_q75_box.jpg",
            "source_hash": null,
            "storage_class": "STANDARD",
            "tags": null,
            "tags_all": {},
            "version_id": "",
            "website_redirect": ""
          },
          "sensitive_attributes": [],
          "private": "bnVsbA==",
          "dependencies": [
            "aws_s3_bucket.prospacept"
          ]
        },
        {
          "index_key": "galeria/paco_arcos_detalhes/images/13.jpg",
          "schema_version": 0,
          "attributes": {
            "acl": "public-read",
            "bucket": "prospacept",
            "bucket_key_enabled": false,
            "cache_control": "",
            "content": null,
            "content_base64": null,
            "content_disposition": "",
            "content_encoding": "",
            "content_language": "",
            "content_type": "binary/octet-stream",
            "etag": "1ad586d9006be11227dc016bbf50574a",
            "force_destroy": false,
            "id": "galeria/paco_arcos_detalhes/images/13.jpg",
            "key": "galeria/paco_arcos_detalhes/images/13.jpg",
            "kms_key_id": null,
            "metadata": null,
            "object_lock_legal_hold_status": "",
            "object_lock_mode": "",
            "object_lock_retain_until_date": "",
            "server_side_encryption": "",
            "source": "./public/galeria/paco_arcos_detalhes/images/13.jpg",
            "source_hash": null,
            "storage_class": "STANDARD",
            "tags": null,
            "tags_all": {},
            "version_id": "",
            "website_redirect": ""
          },
          "sensitive_attributes": [],
          "private": "bnVsbA==",
          "dependencies": [
            "aws_s3_bucket.prospacept"
          ]
        },
        {
          "index_key": "galeria/paco_arcos_detalhes/images/13_hub0c1ff621da8b4a6c9e4f33f0ffb9cf8_77045_1200x1200_fit_q75_box.jpg",
          "schema_version": 0,
          "attributes": {
            "acl": "public-read",
            "bucket": "prospacept",
            "bucket_key_enabled": false,
            "cache_control": "",
            "content": null,
            "content_base64": null,
            "content_disposition": "",
            "content_encoding": "",
            "content_language": "",
            "content_type": "binary/octet-stream",
            "etag": "b463dd222223eebb1449d75edcadb718",
            "force_destroy": false,
            "id": "galeria/paco_arcos_detalhes/images/13_hub0c1ff621da8b4a6c9e4f33f0ffb9cf8_77045_1200x1200_fit_q75_box.jpg",
            "key": "galeria/paco_arcos_detalhes/images/13_hub0c1ff621da8b4a6c9e4f33f0ffb9cf8_77045_1200x1200_fit_q75_box.jpg",
            "kms_key_id": null,
            "metadata": null,
            "object_lock_legal_hold_status": "",
            "object_lock_mode": "",
            "object_lock_retain_until_date": "",
            "server_side_encryption": "",
            "source": "./public/galeria/paco_arcos_detalhes/images/13_hub0c1ff621da8b4a6c9e4f33f0ffb9cf8_77045_1200x1200_fit_q75_box.jpg",
            "source_hash": null,
            "storage_class": "STANDARD",
            "tags": null,
            "tags_all": {},
            "version_id": "",
            "website_redirect": ""
          },
          "sensitive_attributes": [],
          "private": "bnVsbA==",
          "dependencies": [
            "aws_s3_bucket.prospacept"
          ]
        },
        {
          "index_key": "galeria/paco_arcos_detalhes/images/14.jpg",
          "schema_version": 0,
          "attributes": {
            "acl": "public-read",
            "bucket": "prospacept",
            "bucket_key_enabled": false,
            "cache_control": "",
            "content": null,
            "content_base64": null,
            "content_disposition": "",
            "content_encoding": "",
            "content_language": "",
            "content_type": "binary/octet-stream",
            "etag": "a6f9edad63e0fd74cfa603605e36fbe5",
            "force_destroy": false,
            "id": "galeria/paco_arcos_detalhes/images/14.jpg",
            "key": "galeria/paco_arcos_detalhes/images/14.jpg",
            "kms_key_id": null,
            "metadata": null,
            "object_lock_legal_hold_status": "",
            "object_lock_mode": "",
            "object_lock_retain_until_date": "",
            "server_side_encryption": "",
            "source": "./public/galeria/paco_arcos_detalhes/images/14.jpg",
            "source_hash": null,
            "storage_class": "STANDARD",
            "tags": null,
            "tags_all": {},
            "version_id": "",
            "website_redirect": ""
          },
          "sensitive_attributes": [],
          "private": "bnVsbA==",
          "dependencies": [
            "aws_s3_bucket.prospacept"
          ]
        },
        {
          "index_key": "galeria/paco_arcos_detalhes/images/14_huea7dd74bf97e196d70f0aab11af6e95e_118221_1200x1200_fit_q75_box.jpg",
          "schema_version": 0,
          "attributes": {
            "acl": "public-read",
            "bucket": "prospacept",
            "bucket_key_enabled": false,
            "cache_control": "",
            "content": null,
            "content_base64": null,
            "content_disposition": "",
            "content_encoding": "",
            "content_language": "",
            "content_type": "binary/octet-stream",
            "etag": "6588b1f720624a1e8c607d46c323453d",
            "force_destroy": false,
            "id": "galeria/paco_arcos_detalhes/images/14_huea7dd74bf97e196d70f0aab11af6e95e_118221_1200x1200_fit_q75_box.jpg",
            "key": "galeria/paco_arcos_detalhes/images/14_huea7dd74bf97e196d70f0aab11af6e95e_118221_1200x1200_fit_q75_box.jpg",
            "kms_key_id": null,
            "metadata": null,
            "object_lock_legal_hold_status": "",
            "object_lock_mode": "",
            "object_lock_retain_until_date": "",
            "server_side_encryption": "",
            "source": "./public/galeria/paco_arcos_detalhes/images/14_huea7dd74bf97e196d70f0aab11af6e95e_118221_1200x1200_fit_q75_box.jpg",
            "source_hash": null,
            "storage_class": "STANDARD",
            "tags": null,
            "tags_all": {},
            "version_id": "",
            "website_redirect": ""
          },
          "sensitive_attributes": [],
          "private": "bnVsbA==",
          "dependencies": [
            "aws_s3_bucket.prospacept"
          ]
        },
        {
          "index_key": "galeria/paco_arcos_detalhes/images/15.jpg",
          "schema_version": 0,
          "attributes": {
            "acl": "public-read",
            "bucket": "prospacept",
            "bucket_key_enabled": false,
            "cache_control": "",
            "content": null,
            "content_base64": null,
            "content_disposition": "",
            "content_encoding": "",
            "content_language": "",
            "content_type": "binary/octet-stream",
            "etag": "0a45d568868d646154409522efbd1b3d",
            "force_destroy": false,
            "id": "galeria/paco_arcos_detalhes/images/15.jpg",
            "key": "galeria/paco_arcos_detalhes/images/15.jpg",
            "kms_key_id": null,
            "metadata": null,
            "object_lock_legal_hold_status": "",
            "object_lock_mode": "",
            "object_lock_retain_until_date": "",
            "server_side_encryption": "",
            "source": "./public/galeria/paco_arcos_detalhes/images/15.jpg",
            "source_hash": null,
            "storage_class": "STANDARD",
            "tags": null,
            "tags_all": {},
            "version_id": "",
            "website_redirect": ""
          },
          "sensitive_attributes": [],
          "private": "bnVsbA==",
          "dependencies": [
            "aws_s3_bucket.prospacept"
          ]
        },
        {
          "index_key": "galeria/paco_arcos_detalhes/images/15_huf6dc415d3b08470527fd0dcc49ebce81_85186_1200x1200_fit_q75_box.jpg",
          "schema_version": 0,
          "attributes": {
            "acl": "public-read",
            "bucket": "prospacept",
            "bucket_key_enabled": false,
            "cache_control": "",
            "content": null,
            "content_base64": null,
            "content_disposition": "",
            "content_encoding": "",
            "content_language": "",
            "content_type": "binary/octet-stream",
            "etag": "4cc9eb72ecece85e704c48f64d83c0ba",
            "force_destroy": false,
            "id": "galeria/paco_arcos_detalhes/images/15_huf6dc415d3b08470527fd0dcc49ebce81_85186_1200x1200_fit_q75_box.jpg",
            "key": "galeria/paco_arcos_detalhes/images/15_huf6dc415d3b08470527fd0dcc49ebce81_85186_1200x1200_fit_q75_box.jpg",
            "kms_key_id": null,
            "metadata": null,
            "object_lock_legal_hold_status": "",
            "object_lock_mode": "",
            "object_lock_retain_until_date": "",
            "server_side_encryption": "",
            "source": "./public/galeria/paco_arcos_detalhes/images/15_huf6dc415d3b08470527fd0dcc49ebce81_85186_1200x1200_fit_q75_box.jpg",
            "source_hash": null,
            "storage_class": "STANDARD",
            "tags": null,
            "tags_all": {},
            "version_id": "",
            "website_redirect": ""
          },
          "sensitive_attributes": [],
          "private": "bnVsbA==",
          "dependencies": [
            "aws_s3_bucket.prospacept"
          ]
        },
        {
          "index_key": "galeria/paco_arcos_fachada.html",
          "schema_version": 0,
          "attributes": {
            "acl": "public-read",
            "bucket": "prospacept",
            "bucket_key_enabled": false,
            "cache_control": "",
            "content": null,
            "content_base64": null,
            "content_disposition": "",
            "content_encoding": "",
            "content_language": "",
            "content_type": "binary/octet-stream",
            "etag": "be32127430168bb72f29fd329772815b",
            "force_destroy": false,
            "id": "galeria/paco_arcos_fachada.html",
            "key": "galeria/paco_arcos_fachada.html",
            "kms_key_id": null,
            "metadata": null,
            "object_lock_legal_hold_status": "",
            "object_lock_mode": "",
            "object_lock_retain_until_date": "",
            "server_side_encryption": "",
            "source": "./public/galeria/paco_arcos_fachada.html",
            "source_hash": null,
            "storage_class": "STANDARD",
            "tags": null,
            "tags_all": {},
            "version_id": "",
            "website_redirect": ""
          },
          "sensitive_attributes": [],
          "private": "bnVsbA==",
          "dependencies": [
            "aws_s3_bucket.prospacept"
          ]
        },
        {
          "index_key": "galeria/paco_arcos_fachada/images/1.jpg",
          "schema_version": 0,
          "attributes": {
            "acl": "public-read",
            "bucket": "prospacept",
            "bucket_key_enabled": false,
            "cache_control": "",
            "content": null,
            "content_base64": null,
            "content_disposition": "",
            "content_encoding": "",
            "content_language": "",
            "content_type": "binary/octet-stream",
            "etag": "8599fc63ee93d5923680f97c4887313d",
            "force_destroy": false,
            "id": "galeria/paco_arcos_fachada/images/1.jpg",
            "key": "galeria/paco_arcos_fachada/images/1.jpg",
            "kms_key_id": null,
            "metadata": null,
            "object_lock_legal_hold_status": "",
            "object_lock_mode": "",
            "object_lock_retain_until_date": "",
            "server_side_encryption": "",
            "source": "./public/galeria/paco_arcos_fachada/images/1.jpg",
            "source_hash": null,
            "storage_class": "STANDARD",
            "tags": null,
            "tags_all": {},
            "version_id": "",
            "website_redirect": ""
          },
          "sensitive_attributes": [],
          "private": "bnVsbA==",
          "dependencies": [
            "aws_s3_bucket.prospacept"
          ]
        },
        {
          "index_key": "galeria/paco_arcos_fachada/images/1_hu4e7c30c3a81ef06143dd1d2360acb13f_182656_1200x1200_fit_q75_box.jpg",
          "schema_version": 0,
          "attributes": {
            "acl": "public-read",
            "bucket": "prospacept",
            "bucket_key_enabled": false,
            "cache_control": "",
            "content": null,
            "content_base64": null,
            "content_disposition": "",
            "content_encoding": "",
            "content_language": "",
            "content_type": "binary/octet-stream",
            "etag": "50b2ded6351524a100867d61e69c4c0e",
            "force_destroy": false,
            "id": "galeria/paco_arcos_fachada/images/1_hu4e7c30c3a81ef06143dd1d2360acb13f_182656_1200x1200_fit_q75_box.jpg",
            "key": "galeria/paco_arcos_fachada/images/1_hu4e7c30c3a81ef06143dd1d2360acb13f_182656_1200x1200_fit_q75_box.jpg",
            "kms_key_id": null,
            "metadata": null,
            "object_lock_legal_hold_status": "",
            "object_lock_mode": "",
            "object_lock_retain_until_date": "",
            "server_side_encryption": "",
            "source": "./public/galeria/paco_arcos_fachada/images/1_hu4e7c30c3a81ef06143dd1d2360acb13f_182656_1200x1200_fit_q75_box.jpg",
            "source_hash": null,
            "storage_class": "STANDARD",
            "tags": null,
            "tags_all": {},
            "version_id": "",
            "website_redirect": ""
          },
          "sensitive_attributes": [],
          "private": "bnVsbA==",
          "dependencies": [
            "aws_s3_bucket.prospacept"
          ]
        },
        {
          "index_key": "galeria/paco_arcos_fachada/images/2.jpg",
          "schema_version": 0,
          "attributes": {
            "acl": "public-read",
            "bucket": "prospacept",
            "bucket_key_enabled": false,
            "cache_control": "",
            "content": null,
            "content_base64": null,
            "content_disposition": "",
            "content_encoding": "",
            "content_language": "",
            "content_type": "binary/octet-stream",
            "etag": "f70efee9e5307dba0ee0f9b72d0a4b11",
            "force_destroy": false,
            "id": "galeria/paco_arcos_fachada/images/2.jpg",
            "key": "galeria/paco_arcos_fachada/images/2.jpg",
            "kms_key_id": null,
            "metadata": null,
            "object_lock_legal_hold_status": "",
            "object_lock_mode": "",
            "object_lock_retain_until_date": "",
            "server_side_encryption": "",
            "source": "./public/galeria/paco_arcos_fachada/images/2.jpg",
            "source_hash": null,
            "storage_class": "STANDARD",
            "tags": null,
            "tags_all": {},
            "version_id": "",
            "website_redirect": ""
          },
          "sensitive_attributes": [],
          "private": "bnVsbA==",
          "dependencies": [
            "aws_s3_bucket.prospacept"
          ]
        },
        {
          "index_key": "galeria/paco_arcos_fachada/images/2_hub54e5bd604f81797970f6e15d017a7cf_223758_1200x1200_fit_q75_box.jpg",
          "schema_version": 0,
          "attributes": {
            "acl": "public-read",
            "bucket": "prospacept",
            "bucket_key_enabled": false,
            "cache_control": "",
            "content": null,
            "content_base64": null,
            "content_disposition": "",
            "content_encoding": "",
            "content_language": "",
            "content_type": "binary/octet-stream",
            "etag": "38c07c7eb479bfe9e1dac48dd6cafc9f",
            "force_destroy": false,
            "id": "galeria/paco_arcos_fachada/images/2_hub54e5bd604f81797970f6e15d017a7cf_223758_1200x1200_fit_q75_box.jpg",
            "key": "galeria/paco_arcos_fachada/images/2_hub54e5bd604f81797970f6e15d017a7cf_223758_1200x1200_fit_q75_box.jpg",
            "kms_key_id": null,
            "metadata": null,
            "object_lock_legal_hold_status": "",
            "object_lock_mode": "",
            "object_lock_retain_until_date": "",
            "server_side_encryption": "",
            "source": "./public/galeria/paco_arcos_fachada/images/2_hub54e5bd604f81797970f6e15d017a7cf_223758_1200x1200_fit_q75_box.jpg",
            "source_hash": null,
            "storage_class": "STANDARD",
            "tags": null,
            "tags_all": {},
            "version_id": "",
            "website_redirect": ""
          },
          "sensitive_attributes": [],
          "private": "bnVsbA==",
          "dependencies": [
            "aws_s3_bucket.prospacept"
          ]
        },
        {
          "index_key": "galeria/paco_arcos_fachada/images/3.jpg",
          "schema_version": 0,
          "attributes": {
            "acl": "public-read",
            "bucket": "prospacept",
            "bucket_key_enabled": false,
            "cache_control": "",
            "content": null,
            "content_base64": null,
            "content_disposition": "",
            "content_encoding": "",
            "content_language": "",
            "content_type": "binary/octet-stream",
            "etag": "0f54d9d81a5432d81ea8264195bedca7",
            "force_destroy": false,
            "id": "galeria/paco_arcos_fachada/images/3.jpg",
            "key": "galeria/paco_arcos_fachada/images/3.jpg",
            "kms_key_id": null,
            "metadata": null,
            "object_lock_legal_hold_status": "",
            "object_lock_mode": "",
            "object_lock_retain_until_date": "",
            "server_side_encryption": "",
            "source": "./public/galeria/paco_arcos_fachada/images/3.jpg",
            "source_hash": null,
            "storage_class": "STANDARD",
            "tags": null,
            "tags_all": {},
            "version_id": "",
            "website_redirect": ""
          },
          "sensitive_attributes": [],
          "private": "bnVsbA==",
          "dependencies": [
            "aws_s3_bucket.prospacept"
          ]
        },
        {
          "index_key": "galeria/paco_arcos_fachada/images/3_hub327a5c65af8d22183ce8ecfa35d74f6_230683_1200x1200_fit_q75_box.jpg",
          "schema_version": 0,
          "attributes": {
            "acl": "public-read",
            "bucket": "prospacept",
            "bucket_key_enabled": false,
            "cache_control": "",
            "content": null,
            "content_base64": null,
            "content_disposition": "",
            "content_encoding": "",
            "content_language": "",
            "content_type": "binary/octet-stream",
            "etag": "677d924afe392ed19c9a8c9903a49a5a",
            "force_destroy": false,
            "id": "galeria/paco_arcos_fachada/images/3_hub327a5c65af8d22183ce8ecfa35d74f6_230683_1200x1200_fit_q75_box.jpg",
            "key": "galeria/paco_arcos_fachada/images/3_hub327a5c65af8d22183ce8ecfa35d74f6_230683_1200x1200_fit_q75_box.jpg",
            "kms_key_id": null,
            "metadata": null,
            "object_lock_legal_hold_status": "",
            "object_lock_mode": "",
            "object_lock_retain_until_date": "",
            "server_side_encryption": "",
            "source": "./public/galeria/paco_arcos_fachada/images/3_hub327a5c65af8d22183ce8ecfa35d74f6_230683_1200x1200_fit_q75_box.jpg",
            "source_hash": null,
            "storage_class": "STANDARD",
            "tags": null,
            "tags_all": {},
            "version_id": "",
            "website_redirect": ""
          },
          "sensitive_attributes": [],
          "private": "bnVsbA==",
          "dependencies": [
            "aws_s3_bucket.prospacept"
          ]
        },
        {
          "index_key": "galeria/paco_arcos_fachada/images/4.jpg",
          "schema_version": 0,
          "attributes": {
            "acl": "public-read",
            "bucket": "prospacept",
            "bucket_key_enabled": false,
            "cache_control": "",
            "content": null,
            "content_base64": null,
            "content_disposition": "",
            "content_encoding": "",
            "content_language": "",
            "content_type": "binary/octet-stream",
            "etag": "f11ff8a8ee1bb255d3a295b207641321",
            "force_destroy": false,
            "id": "galeria/paco_arcos_fachada/images/4.jpg",
            "key": "galeria/paco_arcos_fachada/images/4.jpg",
            "kms_key_id": null,
            "metadata": null,
            "object_lock_legal_hold_status": "",
            "object_lock_mode": "",
            "object_lock_retain_until_date": "",
            "server_side_encryption": "",
            "source": "./public/galeria/paco_arcos_fachada/images/4.jpg",
            "source_hash": null,
            "storage_class": "STANDARD",
            "tags": null,
            "tags_all": {},
            "version_id": "",
            "website_redirect": ""
          },
          "sensitive_attributes": [],
          "private": "bnVsbA==",
          "dependencies": [
            "aws_s3_bucket.prospacept"
          ]
        },
        {
          "index_key": "galeria/paco_arcos_fachada/images/4_hudf0ebe5b57a389ebafe82652cbb0e344_167639_1200x1200_fit_q75_box.jpg",
          "schema_version": 0,
          "attributes": {
            "acl": "public-read",
            "bucket": "prospacept",
            "bucket_key_enabled": false,
            "cache_control": "",
            "content": null,
            "content_base64": null,
            "content_disposition": "",
            "content_encoding": "",
            "content_language": "",
            "content_type": "binary/octet-stream",
            "etag": "5b9f356b124b42c0ddec74d6e91b0106",
            "force_destroy": false,
            "id": "galeria/paco_arcos_fachada/images/4_hudf0ebe5b57a389ebafe82652cbb0e344_167639_1200x1200_fit_q75_box.jpg",
            "key": "galeria/paco_arcos_fachada/images/4_hudf0ebe5b57a389ebafe82652cbb0e344_167639_1200x1200_fit_q75_box.jpg",
            "kms_key_id": null,
            "metadata": null,
            "object_lock_legal_hold_status": "",
            "object_lock_mode": "",
            "object_lock_retain_until_date": "",
            "server_side_encryption": "",
            "source": "./public/galeria/paco_arcos_fachada/images/4_hudf0ebe5b57a389ebafe82652cbb0e344_167639_1200x1200_fit_q75_box.jpg",
            "source_hash": null,
            "storage_class": "STANDARD",
            "tags": null,
            "tags_all": {},
            "version_id": "",
            "website_redirect": ""
          },
          "sensitive_attributes": [],
          "private": "bnVsbA==",
          "dependencies": [
            "aws_s3_bucket.prospacept"
          ]
        },
        {
          "index_key": "galeria/paco_arcos_fachada/images/5.jpg",
          "schema_version": 0,
          "attributes": {
            "acl": "public-read",
            "bucket": "prospacept",
            "bucket_key_enabled": false,
            "cache_control": "",
            "content": null,
            "content_base64": null,
            "content_disposition": "",
            "content_encoding": "",
            "content_language": "",
            "content_type": "binary/octet-stream",
            "etag": "cac1f709f3e16a6296ec5ab6ebeb4783",
            "force_destroy": false,
            "id": "galeria/paco_arcos_fachada/images/5.jpg",
            "key": "galeria/paco_arcos_fachada/images/5.jpg",
            "kms_key_id": null,
            "metadata": null,
            "object_lock_legal_hold_status": "",
            "object_lock_mode": "",
            "object_lock_retain_until_date": "",
            "server_side_encryption": "",
            "source": "./public/galeria/paco_arcos_fachada/images/5.jpg",
            "source_hash": null,
            "storage_class": "STANDARD",
            "tags": null,
            "tags_all": {},
            "version_id": "",
            "website_redirect": ""
          },
          "sensitive_attributes": [],
          "private": "bnVsbA==",
          "dependencies": [
            "aws_s3_bucket.prospacept"
          ]
        },
        {
          "index_key": "galeria/paco_arcos_fachada/images/5_hub9adcc70f4d7dc7c5dc41e5a173f9460_241927_1200x1200_fit_q75_box.jpg",
          "schema_version": 0,
          "attributes": {
            "acl": "public-read",
            "bucket": "prospacept",
            "bucket_key_enabled": false,
            "cache_control": "",
            "content": null,
            "content_base64": null,
            "content_disposition": "",
            "content_encoding": "",
            "content_language": "",
            "content_type": "binary/octet-stream",
            "etag": "6005333fbf80b9f29ad567891b806298",
            "force_destroy": false,
            "id": "galeria/paco_arcos_fachada/images/5_hub9adcc70f4d7dc7c5dc41e5a173f9460_241927_1200x1200_fit_q75_box.jpg",
            "key": "galeria/paco_arcos_fachada/images/5_hub9adcc70f4d7dc7c5dc41e5a173f9460_241927_1200x1200_fit_q75_box.jpg",
            "kms_key_id": null,
            "metadata": null,
            "object_lock_legal_hold_status": "",
            "object_lock_mode": "",
            "object_lock_retain_until_date": "",
            "server_side_encryption": "",
            "source": "./public/galeria/paco_arcos_fachada/images/5_hub9adcc70f4d7dc7c5dc41e5a173f9460_241927_1200x1200_fit_q75_box.jpg",
            "source_hash": null,
            "storage_class": "STANDARD",
            "tags": null,
            "tags_all": {},
            "version_id": "",
            "website_redirect": ""
          },
          "sensitive_attributes": [],
          "private": "bnVsbA==",
          "dependencies": [
            "aws_s3_bucket.prospacept"
          ]
        },
        {
          "index_key": "galeria/paco_arcos_fachada/images/6.jpg",
          "schema_version": 0,
          "attributes": {
            "acl": "public-read",
            "bucket": "prospacept",
            "bucket_key_enabled": false,
            "cache_control": "",
            "content": null,
            "content_base64": null,
            "content_disposition": "",
            "content_encoding": "",
            "content_language": "",
            "content_type": "binary/octet-stream",
            "etag": "72428e4ef0b7280c29a0a2e5a6b9c5f7",
            "force_destroy": false,
            "id": "galeria/paco_arcos_fachada/images/6.jpg",
            "key": "galeria/paco_arcos_fachada/images/6.jpg",
            "kms_key_id": null,
            "metadata": null,
            "object_lock_legal_hold_status": "",
            "object_lock_mode": "",
            "object_lock_retain_until_date": "",
            "server_side_encryption": "",
            "source": "./public/galeria/paco_arcos_fachada/images/6.jpg",
            "source_hash": null,
            "storage_class": "STANDARD",
            "tags": null,
            "tags_all": {},
            "version_id": "",
            "website_redirect": ""
          },
          "sensitive_attributes": [],
          "private": "bnVsbA==",
          "dependencies": [
            "aws_s3_bucket.prospacept"
          ]
        },
        {
          "index_key": "galeria/paco_arcos_fachada/images/6_hub18702b47085e06ab0d08ac8f716568e_102674_1200x1200_fit_q75_box.jpg",
          "schema_version": 0,
          "attributes": {
            "acl": "public-read",
            "bucket": "prospacept",
            "bucket_key_enabled": false,
            "cache_control": "",
            "content": null,
            "content_base64": null,
            "content_disposition": "",
            "content_encoding": "",
            "content_language": "",
            "content_type": "binary/octet-stream",
            "etag": "f3da42ca6c21da5ad86b5bbde8c92aed",
            "force_destroy": false,
            "id": "galeria/paco_arcos_fachada/images/6_hub18702b47085e06ab0d08ac8f716568e_102674_1200x1200_fit_q75_box.jpg",
            "key": "galeria/paco_arcos_fachada/images/6_hub18702b47085e06ab0d08ac8f716568e_102674_1200x1200_fit_q75_box.jpg",
            "kms_key_id": null,
            "metadata": null,
            "object_lock_legal_hold_status": "",
            "object_lock_mode": "",
            "object_lock_retain_until_date": "",
            "server_side_encryption": "",
            "source": "./public/galeria/paco_arcos_fachada/images/6_hub18702b47085e06ab0d08ac8f716568e_102674_1200x1200_fit_q75_box.jpg",
            "source_hash": null,
            "storage_class": "STANDARD",
            "tags": null,
            "tags_all": {},
            "version_id": "",
            "website_redirect": ""
          },
          "sensitive_attributes": [],
          "private": "bnVsbA==",
          "dependencies": [
            "aws_s3_bucket.prospacept"
          ]
        },
        {
          "index_key": "galeria/paco_arcos_fachada/images/7.jpg",
          "schema_version": 0,
          "attributes": {
            "acl": "public-read",
            "bucket": "prospacept",
            "bucket_key_enabled": false,
            "cache_control": "",
            "content": null,
            "content_base64": null,
            "content_disposition": "",
            "content_encoding": "",
            "content_language": "",
            "content_type": "binary/octet-stream",
            "etag": "6b3e8821b2a5f60dd8d32b41135d66a3",
            "force_destroy": false,
            "id": "galeria/paco_arcos_fachada/images/7.jpg",
            "key": "galeria/paco_arcos_fachada/images/7.jpg",
            "kms_key_id": null,
            "metadata": null,
            "object_lock_legal_hold_status": "",
            "object_lock_mode": "",
            "object_lock_retain_until_date": "",
            "server_side_encryption": "",
            "source": "./public/galeria/paco_arcos_fachada/images/7.jpg",
            "source_hash": null,
            "storage_class": "STANDARD",
            "tags": null,
            "tags_all": {},
            "version_id": "",
            "website_redirect": ""
          },
          "sensitive_attributes": [],
          "private": "bnVsbA==",
          "dependencies": [
            "aws_s3_bucket.prospacept"
          ]
        },
        {
          "index_key": "galeria/paco_arcos_fachada/images/7_huf79e64e2931380471b87020632510adb_126123_1200x1200_fit_q75_box.jpg",
          "schema_version": 0,
          "attributes": {
            "acl": "public-read",
            "bucket": "prospacept",
            "bucket_key_enabled": false,
            "cache_control": "",
            "content": null,
            "content_base64": null,
            "content_disposition": "",
            "content_encoding": "",
            "content_language": "",
            "content_type": "binary/octet-stream",
            "etag": "545d7dbcf1d10e99d67e0f6edf901de3",
            "force_destroy": false,
            "id": "galeria/paco_arcos_fachada/images/7_huf79e64e2931380471b87020632510adb_126123_1200x1200_fit_q75_box.jpg",
            "key": "galeria/paco_arcos_fachada/images/7_huf79e64e2931380471b87020632510adb_126123_1200x1200_fit_q75_box.jpg",
            "kms_key_id": null,
            "metadata": null,
            "object_lock_legal_hold_status": "",
            "object_lock_mode": "",
            "object_lock_retain_until_date": "",
            "server_side_encryption": "",
            "source": "./public/galeria/paco_arcos_fachada/images/7_huf79e64e2931380471b87020632510adb_126123_1200x1200_fit_q75_box.jpg",
            "source_hash": null,
            "storage_class": "STANDARD",
            "tags": null,
            "tags_all": {},
            "version_id": "",
            "website_redirect": ""
          },
          "sensitive_attributes": [],
          "private": "bnVsbA==",
          "dependencies": [
            "aws_s3_bucket.prospacept"
          ]
        },
        {
          "index_key": "galeria/paco_arcos_fachada/images/8.jpg",
          "schema_version": 0,
          "attributes": {
            "acl": "public-read",
            "bucket": "prospacept",
            "bucket_key_enabled": false,
            "cache_control": "",
            "content": null,
            "content_base64": null,
            "content_disposition": "",
            "content_encoding": "",
            "content_language": "",
            "content_type": "binary/octet-stream",
            "etag": "d2a04f16062282d758d0970c8dd82256",
            "force_destroy": false,
            "id": "galeria/paco_arcos_fachada/images/8.jpg",
            "key": "galeria/paco_arcos_fachada/images/8.jpg",
            "kms_key_id": null,
            "metadata": null,
            "object_lock_legal_hold_status": "",
            "object_lock_mode": "",
            "object_lock_retain_until_date": "",
            "server_side_encryption": "",
            "source": "./public/galeria/paco_arcos_fachada/images/8.jpg",
            "source_hash": null,
            "storage_class": "STANDARD",
            "tags": null,
            "tags_all": {},
            "version_id": "",
            "website_redirect": ""
          },
          "sensitive_attributes": [],
          "private": "bnVsbA==",
          "dependencies": [
            "aws_s3_bucket.prospacept"
          ]
        },
        {
          "index_key": "galeria/paco_arcos_fachada/images/8_hu48313afc285e34faec308b8891c8b9d3_105090_1200x1200_fit_q75_box.jpg",
          "schema_version": 0,
          "attributes": {
            "acl": "public-read",
            "bucket": "prospacept",
            "bucket_key_enabled": false,
            "cache_control": "",
            "content": null,
            "content_base64": null,
            "content_disposition": "",
            "content_encoding": "",
            "content_language": "",
            "content_type": "binary/octet-stream",
            "etag": "06076a03b603ce3539ed5255b9ba5dc4",
            "force_destroy": false,
            "id": "galeria/paco_arcos_fachada/images/8_hu48313afc285e34faec308b8891c8b9d3_105090_1200x1200_fit_q75_box.jpg",
            "key": "galeria/paco_arcos_fachada/images/8_hu48313afc285e34faec308b8891c8b9d3_105090_1200x1200_fit_q75_box.jpg",
            "kms_key_id": null,
            "metadata": null,
            "object_lock_legal_hold_status": "",
            "object_lock_mode": "",
            "object_lock_retain_until_date": "",
            "server_side_encryption": "",
            "source": "./public/galeria/paco_arcos_fachada/images/8_hu48313afc285e34faec308b8891c8b9d3_105090_1200x1200_fit_q75_box.jpg",
            "source_hash": null,
            "storage_class": "STANDARD",
            "tags": null,
            "tags_all": {},
            "version_id": "",
            "website_redirect": ""
          },
          "sensitive_attributes": [],
          "private": "bnVsbA==",
          "dependencies": [
            "aws_s3_bucket.prospacept"
          ]
        },
        {
          "index_key": "galeria/paco_arcos_fachada/images/9.jpg",
          "schema_version": 0,
          "attributes": {
            "acl": "public-read",
            "bucket": "prospacept",
            "bucket_key_enabled": false,
            "cache_control": "",
            "content": null,
            "content_base64": null,
            "content_disposition": "",
            "content_encoding": "",
            "content_language": "",
            "content_type": "binary/octet-stream",
            "etag": "04d936449967d674aa99ac388c36eab1",
            "force_destroy": false,
            "id": "galeria/paco_arcos_fachada/images/9.jpg",
            "key": "galeria/paco_arcos_fachada/images/9.jpg",
            "kms_key_id": null,
            "metadata": null,
            "object_lock_legal_hold_status": "",
            "object_lock_mode": "",
            "object_lock_retain_until_date": "",
            "server_side_encryption": "",
            "source": "./public/galeria/paco_arcos_fachada/images/9.jpg",
            "source_hash": null,
            "storage_class": "STANDARD",
            "tags": null,
            "tags_all": {},
            "version_id": "",
            "website_redirect": ""
          },
          "sensitive_attributes": [],
          "private": "bnVsbA==",
          "dependencies": [
            "aws_s3_bucket.prospacept"
          ]
        },
        {
          "index_key": "galeria/paco_arcos_fachada/images/9_hu1577c95ea4a7075f9c084bd72146fbbb_212441_1200x1200_fit_q75_box.jpg",
          "schema_version": 0,
          "attributes": {
            "acl": "public-read",
            "bucket": "prospacept",
            "bucket_key_enabled": false,
            "cache_control": "",
            "content": null,
            "content_base64": null,
            "content_disposition": "",
            "content_encoding": "",
            "content_language": "",
            "content_type": "binary/octet-stream",
            "etag": "249cc72254c3ea591ef96bc19514f9f0",
            "force_destroy": false,
            "id": "galeria/paco_arcos_fachada/images/9_hu1577c95ea4a7075f9c084bd72146fbbb_212441_1200x1200_fit_q75_box.jpg",
            "key": "galeria/paco_arcos_fachada/images/9_hu1577c95ea4a7075f9c084bd72146fbbb_212441_1200x1200_fit_q75_box.jpg",
            "kms_key_id": null,
            "metadata": null,
            "object_lock_legal_hold_status": "",
            "object_lock_mode": "",
            "object_lock_retain_until_date": "",
            "server_side_encryption": "",
            "source": "./public/galeria/paco_arcos_fachada/images/9_hu1577c95ea4a7075f9c084bd72146fbbb_212441_1200x1200_fit_q75_box.jpg",
            "source_hash": null,
            "storage_class": "STANDARD",
            "tags": null,
            "tags_all": {},
            "version_id": "",
            "website_redirect": ""
          },
          "sensitive_attributes": [],
          "private": "bnVsbA==",
          "dependencies": [
            "aws_s3_bucket.prospacept"
          ]
        },
        {
          "index_key": "galeria/paco_arcos_interior.html",
          "schema_version": 0,
          "attributes": {
            "acl": "public-read",
            "bucket": "prospacept",
            "bucket_key_enabled": false,
            "cache_control": "",
            "content": null,
            "content_base64": null,
            "content_disposition": "",
            "content_encoding": "",
            "content_language": "",
            "content_type": "binary/octet-stream",
            "etag": "afd80f98d3599dddf140ddc47a47deef",
            "force_destroy": false,
            "id": "galeria/paco_arcos_interior.html",
            "key": "galeria/paco_arcos_interior.html",
            "kms_key_id": null,
            "metadata": null,
            "object_lock_legal_hold_status": "",
            "object_lock_mode": "",
            "object_lock_retain_until_date": "",
            "server_side_encryption": "",
            "source": "./public/galeria/paco_arcos_interior.html",
            "source_hash": null,
            "storage_class": "STANDARD",
            "tags": null,
            "tags_all": {},
            "version_id": "",
            "website_redirect": ""
          },
          "sensitive_attributes": [],
          "private": "bnVsbA==",
          "dependencies": [
            "aws_s3_bucket.prospacept"
          ]
        },
        {
          "index_key": "galeria/paco_arcos_interior/images/01.jpg",
          "schema_version": 0,
          "attributes": {
            "acl": "public-read",
            "bucket": "prospacept",
            "bucket_key_enabled": false,
            "cache_control": "",
            "content": null,
            "content_base64": null,
            "content_disposition": "",
            "content_encoding": "",
            "content_language": "",
            "content_type": "binary/octet-stream",
            "etag": "3696f25ddfba16d83d215e9b473fb20b",
            "force_destroy": false,
            "id": "galeria/paco_arcos_interior/images/01.jpg",
            "key": "galeria/paco_arcos_interior/images/01.jpg",
            "kms_key_id": null,
            "metadata": null,
            "object_lock_legal_hold_status": "",
            "object_lock_mode": "",
            "object_lock_retain_until_date": "",
            "server_side_encryption": "",
            "source": "./public/galeria/paco_arcos_interior/images/01.jpg",
            "source_hash": null,
            "storage_class": "STANDARD",
            "tags": null,
            "tags_all": {},
            "version_id": "",
            "website_redirect": ""
          },
          "sensitive_attributes": [],
          "private": "bnVsbA==",
          "dependencies": [
            "aws_s3_bucket.prospacept"
          ]
        },
        {
          "index_key": "galeria/paco_arcos_interior/images/01_hu46a571cc7e5de1f5c2bf75b0847af734_99328_1200x1200_fit_q75_box.jpg",
          "schema_version": 0,
          "attributes": {
            "acl": "public-read",
            "bucket": "prospacept",
            "bucket_key_enabled": false,
            "cache_control": "",
            "content": null,
            "content_base64": null,
            "content_disposition": "",
            "content_encoding": "",
            "content_language": "",
            "content_type": "binary/octet-stream",
            "etag": "b8cc0bc0997a39a3ff9a382c1b35acdd",
            "force_destroy": false,
            "id": "galeria/paco_arcos_interior/images/01_hu46a571cc7e5de1f5c2bf75b0847af734_99328_1200x1200_fit_q75_box.jpg",
            "key": "galeria/paco_arcos_interior/images/01_hu46a571cc7e5de1f5c2bf75b0847af734_99328_1200x1200_fit_q75_box.jpg",
            "kms_key_id": null,
            "metadata": null,
            "object_lock_legal_hold_status": "",
            "object_lock_mode": "",
            "object_lock_retain_until_date": "",
            "server_side_encryption": "",
            "source": "./public/galeria/paco_arcos_interior/images/01_hu46a571cc7e5de1f5c2bf75b0847af734_99328_1200x1200_fit_q75_box.jpg",
            "source_hash": null,
            "storage_class": "STANDARD",
            "tags": null,
            "tags_all": {},
            "version_id": "",
            "website_redirect": ""
          },
          "sensitive_attributes": [],
          "private": "bnVsbA==",
          "dependencies": [
            "aws_s3_bucket.prospacept"
          ]
        },
        {
          "index_key": "galeria/paco_arcos_interior/images/02.jpg",
          "schema_version": 0,
          "attributes": {
            "acl": "public-read",
            "bucket": "prospacept",
            "bucket_key_enabled": false,
            "cache_control": "",
            "content": null,
            "content_base64": null,
            "content_disposition": "",
            "content_encoding": "",
            "content_language": "",
            "content_type": "binary/octet-stream",
            "etag": "5065ed2d1c6cb4383ab38c55c97bd54d",
            "force_destroy": false,
            "id": "galeria/paco_arcos_interior/images/02.jpg",
            "key": "galeria/paco_arcos_interior/images/02.jpg",
            "kms_key_id": null,
            "metadata": null,
            "object_lock_legal_hold_status": "",
            "object_lock_mode": "",
            "object_lock_retain_until_date": "",
            "server_side_encryption": "",
            "source": "./public/galeria/paco_arcos_interior/images/02.jpg",
            "source_hash": null,
            "storage_class": "STANDARD",
            "tags": null,
            "tags_all": {},
            "version_id": "",
            "website_redirect": ""
          },
          "sensitive_attributes": [],
          "private": "bnVsbA==",
          "dependencies": [
            "aws_s3_bucket.prospacept"
          ]
        },
        {
          "index_key": "galeria/paco_arcos_interior/images/02_hufc75c42cfc87ab00c8a99e86e9bbbecf_92977_1200x1200_fit_q75_box.jpg",
          "schema_version": 0,
          "attributes": {
            "acl": "public-read",
            "bucket": "prospacept",
            "bucket_key_enabled": false,
            "cache_control": "",
            "content": null,
            "content_base64": null,
            "content_disposition": "",
            "content_encoding": "",
            "content_language": "",
            "content_type": "binary/octet-stream",
            "etag": "f0e0f70ba7c05fe8a7345467a2d2d3a2",
            "force_destroy": false,
            "id": "galeria/paco_arcos_interior/images/02_hufc75c42cfc87ab00c8a99e86e9bbbecf_92977_1200x1200_fit_q75_box.jpg",
            "key": "galeria/paco_arcos_interior/images/02_hufc75c42cfc87ab00c8a99e86e9bbbecf_92977_1200x1200_fit_q75_box.jpg",
            "kms_key_id": null,
            "metadata": null,
            "object_lock_legal_hold_status": "",
            "object_lock_mode": "",
            "object_lock_retain_until_date": "",
            "server_side_encryption": "",
            "source": "./public/galeria/paco_arcos_interior/images/02_hufc75c42cfc87ab00c8a99e86e9bbbecf_92977_1200x1200_fit_q75_box.jpg",
            "source_hash": null,
            "storage_class": "STANDARD",
            "tags": null,
            "tags_all": {},
            "version_id": "",
            "website_redirect": ""
          },
          "sensitive_attributes": [],
          "private": "bnVsbA==",
          "dependencies": [
            "aws_s3_bucket.prospacept"
          ]
        },
        {
          "index_key": "galeria/paco_arcos_interior/images/03.jpg",
          "schema_version": 0,
          "attributes": {
            "acl": "public-read",
            "bucket": "prospacept",
            "bucket_key_enabled": false,
            "cache_control": "",
            "content": null,
            "content_base64": null,
            "content_disposition": "",
            "content_encoding": "",
            "content_language": "",
            "content_type": "binary/octet-stream",
            "etag": "6019147003fb9ead175f22efaabdc0ba",
            "force_destroy": false,
            "id": "galeria/paco_arcos_interior/images/03.jpg",
            "key": "galeria/paco_arcos_interior/images/03.jpg",
            "kms_key_id": null,
            "metadata": null,
            "object_lock_legal_hold_status": "",
            "object_lock_mode": "",
            "object_lock_retain_until_date": "",
            "server_side_encryption": "",
            "source": "./public/galeria/paco_arcos_interior/images/03.jpg",
            "source_hash": null,
            "storage_class": "STANDARD",
            "tags": null,
            "tags_all": {},
            "version_id": "",
            "website_redirect": ""
          },
          "sensitive_attributes": [],
          "private": "bnVsbA==",
          "dependencies": [
            "aws_s3_bucket.prospacept"
          ]
        },
        {
          "index_key": "galeria/paco_arcos_interior/images/03_hudbdef53f7bfd8c01ec8148cc6dd48ae0_168640_1200x1200_fit_q75_box.jpg",
          "schema_version": 0,
          "attributes": {
            "acl": "public-read",
            "bucket": "prospacept",
            "bucket_key_enabled": false,
            "cache_control": "",
            "content": null,
            "content_base64": null,
            "content_disposition": "",
            "content_encoding": "",
            "content_language": "",
            "content_type": "binary/octet-stream",
            "etag": "79259353e5bccbeb0f39381d2883d578",
            "force_destroy": false,
            "id": "galeria/paco_arcos_interior/images/03_hudbdef53f7bfd8c01ec8148cc6dd48ae0_168640_1200x1200_fit_q75_box.jpg",
            "key": "galeria/paco_arcos_interior/images/03_hudbdef53f7bfd8c01ec8148cc6dd48ae0_168640_1200x1200_fit_q75_box.jpg",
            "kms_key_id": null,
            "metadata": null,
            "object_lock_legal_hold_status": "",
            "object_lock_mode": "",
            "object_lock_retain_until_date": "",
            "server_side_encryption": "",
            "source": "./public/galeria/paco_arcos_interior/images/03_hudbdef53f7bfd8c01ec8148cc6dd48ae0_168640_1200x1200_fit_q75_box.jpg",
            "source_hash": null,
            "storage_class": "STANDARD",
            "tags": null,
            "tags_all": {},
            "version_id": "",
            "website_redirect": ""
          },
          "sensitive_attributes": [],
          "private": "bnVsbA==",
          "dependencies": [
            "aws_s3_bucket.prospacept"
          ]
        },
        {
          "index_key": "galeria/paco_arcos_interior/images/04.jpg",
          "schema_version": 0,
          "attributes": {
            "acl": "public-read",
            "bucket": "prospacept",
            "bucket_key_enabled": false,
            "cache_control": "",
            "content": null,
            "content_base64": null,
            "content_disposition": "",
            "content_encoding": "",
            "content_language": "",
            "content_type": "binary/octet-stream",
            "etag": "2cc39be21ec1d98a9429df922f9c77cd",
            "force_destroy": false,
            "id": "galeria/paco_arcos_interior/images/04.jpg",
            "key": "galeria/paco_arcos_interior/images/04.jpg",
            "kms_key_id": null,
            "metadata": null,
            "object_lock_legal_hold_status": "",
            "object_lock_mode": "",
            "object_lock_retain_until_date": "",
            "server_side_encryption": "",
            "source": "./public/galeria/paco_arcos_interior/images/04.jpg",
            "source_hash": null,
            "storage_class": "STANDARD",
            "tags": null,
            "tags_all": {},
            "version_id": "",
            "website_redirect": ""
          },
          "sensitive_attributes": [],
          "private": "bnVsbA==",
          "dependencies": [
            "aws_s3_bucket.prospacept"
          ]
        },
        {
          "index_key": "galeria/paco_arcos_interior/images/04_hu4f5f8e1eb504595b1957815e2000c648_113866_1200x1200_fit_q75_box.jpg",
          "schema_version": 0,
          "attributes": {
            "acl": "public-read",
            "bucket": "prospacept",
            "bucket_key_enabled": false,
            "cache_control": "",
            "content": null,
            "content_base64": null,
            "content_disposition": "",
            "content_encoding": "",
            "content_language": "",
            "content_type": "binary/octet-stream",
            "etag": "cfc0c663de853c8a73be7ed60a963bcc",
            "force_destroy": false,
            "id": "galeria/paco_arcos_interior/images/04_hu4f5f8e1eb504595b1957815e2000c648_113866_1200x1200_fit_q75_box.jpg",
            "key": "galeria/paco_arcos_interior/images/04_hu4f5f8e1eb504595b1957815e2000c648_113866_1200x1200_fit_q75_box.jpg",
            "kms_key_id": null,
            "metadata": null,
            "object_lock_legal_hold_status": "",
            "object_lock_mode": "",
            "object_lock_retain_until_date": "",
            "server_side_encryption": "",
            "source": "./public/galeria/paco_arcos_interior/images/04_hu4f5f8e1eb504595b1957815e2000c648_113866_1200x1200_fit_q75_box.jpg",
            "source_hash": null,
            "storage_class": "STANDARD",
            "tags": null,
            "tags_all": {},
            "version_id": "",
            "website_redirect": ""
          },
          "sensitive_attributes": [],
          "private": "bnVsbA==",
          "dependencies": [
            "aws_s3_bucket.prospacept"
          ]
        },
        {
          "index_key": "galeria/paco_arcos_interior/images/05.jpg",
          "schema_version": 0,
          "attributes": {
            "acl": "public-read",
            "bucket": "prospacept",
            "bucket_key_enabled": false,
            "cache_control": "",
            "content": null,
            "content_base64": null,
            "content_disposition": "",
            "content_encoding": "",
            "content_language": "",
            "content_type": "binary/octet-stream",
            "etag": "7c8b8b3ab218da74329974393ef9098c",
            "force_destroy": false,
            "id": "galeria/paco_arcos_interior/images/05.jpg",
            "key": "galeria/paco_arcos_interior/images/05.jpg",
            "kms_key_id": null,
            "metadata": null,
            "object_lock_legal_hold_status": "",
            "object_lock_mode": "",
            "object_lock_retain_until_date": "",
            "server_side_encryption": "",
            "source": "./public/galeria/paco_arcos_interior/images/05.jpg",
            "source_hash": null,
            "storage_class": "STANDARD",
            "tags": null,
            "tags_all": {},
            "version_id": "",
            "website_redirect": ""
          },
          "sensitive_attributes": [],
          "private": "bnVsbA==",
          "dependencies": [
            "aws_s3_bucket.prospacept"
          ]
        },
        {
          "index_key": "galeria/paco_arcos_interior/images/05_hucb69ace940b2dd074fc0233fa0455650_97025_1200x1200_fit_q75_box.jpg",
          "schema_version": 0,
          "attributes": {
            "acl": "public-read",
            "bucket": "prospacept",
            "bucket_key_enabled": false,
            "cache_control": "",
            "content": null,
            "content_base64": null,
            "content_disposition": "",
            "content_encoding": "",
            "content_language": "",
            "content_type": "binary/octet-stream",
            "etag": "1aac9e3a2b04fa7cf3d97f6c9593cdeb",
            "force_destroy": false,
            "id": "galeria/paco_arcos_interior/images/05_hucb69ace940b2dd074fc0233fa0455650_97025_1200x1200_fit_q75_box.jpg",
            "key": "galeria/paco_arcos_interior/images/05_hucb69ace940b2dd074fc0233fa0455650_97025_1200x1200_fit_q75_box.jpg",
            "kms_key_id": null,
            "metadata": null,
            "object_lock_legal_hold_status": "",
            "object_lock_mode": "",
            "object_lock_retain_until_date": "",
            "server_side_encryption": "",
            "source": "./public/galeria/paco_arcos_interior/images/05_hucb69ace940b2dd074fc0233fa0455650_97025_1200x1200_fit_q75_box.jpg",
            "source_hash": null,
            "storage_class": "STANDARD",
            "tags": null,
            "tags_all": {},
            "version_id": "",
            "website_redirect": ""
          },
          "sensitive_attributes": [],
          "private": "bnVsbA==",
          "dependencies": [
            "aws_s3_bucket.prospacept"
          ]
        },
        {
          "index_key": "galeria/paco_arcos_interior/images/06.jpg",
          "schema_version": 0,
          "attributes": {
            "acl": "public-read",
            "bucket": "prospacept",
            "bucket_key_enabled": false,
            "cache_control": "",
            "content": null,
            "content_base64": null,
            "content_disposition": "",
            "content_encoding": "",
            "content_language": "",
            "content_type": "binary/octet-stream",
            "etag": "dbf11c8a08d9d739dcb669c1240623fc",
            "force_destroy": false,
            "id": "galeria/paco_arcos_interior/images/06.jpg",
            "key": "galeria/paco_arcos_interior/images/06.jpg",
            "kms_key_id": null,
            "metadata": null,
            "object_lock_legal_hold_status": "",
            "object_lock_mode": "",
            "object_lock_retain_until_date": "",
            "server_side_encryption": "",
            "source": "./public/galeria/paco_arcos_interior/images/06.jpg",
            "source_hash": null,
            "storage_class": "STANDARD",
            "tags": null,
            "tags_all": {},
            "version_id": "",
            "website_redirect": ""
          },
          "sensitive_attributes": [],
          "private": "bnVsbA==",
          "dependencies": [
            "aws_s3_bucket.prospacept"
          ]
        },
        {
          "index_key": "galeria/paco_arcos_interior/images/06_huc5e318f9b45182271e03d970384a5e79_109902_1200x1200_fit_q75_box.jpg",
          "schema_version": 0,
          "attributes": {
            "acl": "public-read",
            "bucket": "prospacept",
            "bucket_key_enabled": false,
            "cache_control": "",
            "content": null,
            "content_base64": null,
            "content_disposition": "",
            "content_encoding": "",
            "content_language": "",
            "content_type": "binary/octet-stream",
            "etag": "55ce0eb8766c17cddf71eb6b8bd5ccf5",
            "force_destroy": false,
            "id": "galeria/paco_arcos_interior/images/06_huc5e318f9b45182271e03d970384a5e79_109902_1200x1200_fit_q75_box.jpg",
            "key": "galeria/paco_arcos_interior/images/06_huc5e318f9b45182271e03d970384a5e79_109902_1200x1200_fit_q75_box.jpg",
            "kms_key_id": null,
            "metadata": null,
            "object_lock_legal_hold_status": "",
            "object_lock_mode": "",
            "object_lock_retain_until_date": "",
            "server_side_encryption": "",
            "source": "./public/galeria/paco_arcos_interior/images/06_huc5e318f9b45182271e03d970384a5e79_109902_1200x1200_fit_q75_box.jpg",
            "source_hash": null,
            "storage_class": "STANDARD",
            "tags": null,
            "tags_all": {},
            "version_id": "",
            "website_redirect": ""
          },
          "sensitive_attributes": [],
          "private": "bnVsbA==",
          "dependencies": [
            "aws_s3_bucket.prospacept"
          ]
        },
        {
          "index_key": "galeria/paco_arcos_interior/images/07.jpg",
          "schema_version": 0,
          "attributes": {
            "acl": "public-read",
            "bucket": "prospacept",
            "bucket_key_enabled": false,
            "cache_control": "",
            "content": null,
            "content_base64": null,
            "content_disposition": "",
            "content_encoding": "",
            "content_language": "",
            "content_type": "binary/octet-stream",
            "etag": "b2d59d9e503cfc1a130c410c3bf14411",
            "force_destroy": false,
            "id": "galeria/paco_arcos_interior/images/07.jpg",
            "key": "galeria/paco_arcos_interior/images/07.jpg",
            "kms_key_id": null,
            "metadata": null,
            "object_lock_legal_hold_status": "",
            "object_lock_mode": "",
            "object_lock_retain_until_date": "",
            "server_side_encryption": "",
            "source": "./public/galeria/paco_arcos_interior/images/07.jpg",
            "source_hash": null,
            "storage_class": "STANDARD",
            "tags": null,
            "tags_all": {},
            "version_id": "",
            "website_redirect": ""
          },
          "sensitive_attributes": [],
          "private": "bnVsbA==",
          "dependencies": [
            "aws_s3_bucket.prospacept"
          ]
        },
        {
          "index_key": "galeria/paco_arcos_interior/images/07_hu79cdbd003e978cebf62e0cdfd6df167a_105461_1200x1200_fit_q75_box.jpg",
          "schema_version": 0,
          "attributes": {
            "acl": "public-read",
            "bucket": "prospacept",
            "bucket_key_enabled": false,
            "cache_control": "",
            "content": null,
            "content_base64": null,
            "content_disposition": "",
            "content_encoding": "",
            "content_language": "",
            "content_type": "binary/octet-stream",
            "etag": "aaf3def3edc17afff903f02594c32a10",
            "force_destroy": false,
            "id": "galeria/paco_arcos_interior/images/07_hu79cdbd003e978cebf62e0cdfd6df167a_105461_1200x1200_fit_q75_box.jpg",
            "key": "galeria/paco_arcos_interior/images/07_hu79cdbd003e978cebf62e0cdfd6df167a_105461_1200x1200_fit_q75_box.jpg",
            "kms_key_id": null,
            "metadata": null,
            "object_lock_legal_hold_status": "",
            "object_lock_mode": "",
            "object_lock_retain_until_date": "",
            "server_side_encryption": "",
            "source": "./public/galeria/paco_arcos_interior/images/07_hu79cdbd003e978cebf62e0cdfd6df167a_105461_1200x1200_fit_q75_box.jpg",
            "source_hash": null,
            "storage_class": "STANDARD",
            "tags": null,
            "tags_all": {},
            "version_id": "",
            "website_redirect": ""
          },
          "sensitive_attributes": [],
          "private": "bnVsbA==",
          "dependencies": [
            "aws_s3_bucket.prospacept"
          ]
        },
        {
          "index_key": "galeria/paco_arcos_interior/images/08.jpg",
          "schema_version": 0,
          "attributes": {
            "acl": "public-read",
            "bucket": "prospacept",
            "bucket_key_enabled": false,
            "cache_control": "",
            "content": null,
            "content_base64": null,
            "content_disposition": "",
            "content_encoding": "",
            "content_language": "",
            "content_type": "binary/octet-stream",
            "etag": "5f4c0ba0441c4aa297f1f3cfe9f0d50a",
            "force_destroy": false,
            "id": "galeria/paco_arcos_interior/images/08.jpg",
            "key": "galeria/paco_arcos_interior/images/08.jpg",
            "kms_key_id": null,
            "metadata": null,
            "object_lock_legal_hold_status": "",
            "object_lock_mode": "",
            "object_lock_retain_until_date": "",
            "server_side_encryption": "",
            "source": "./public/galeria/paco_arcos_interior/images/08.jpg",
            "source_hash": null,
            "storage_class": "STANDARD",
            "tags": null,
            "tags_all": {},
            "version_id": "",
            "website_redirect": ""
          },
          "sensitive_attributes": [],
          "private": "bnVsbA==",
          "dependencies": [
            "aws_s3_bucket.prospacept"
          ]
        },
        {
          "index_key": "galeria/paco_arcos_interior/images/08_hu4214ccea7d5b54797329708a11773573_183099_1200x1200_fit_q75_box.jpg",
          "schema_version": 0,
          "attributes": {
            "acl": "public-read",
            "bucket": "prospacept",
            "bucket_key_enabled": false,
            "cache_control": "",
            "content": null,
            "content_base64": null,
            "content_disposition": "",
            "content_encoding": "",
            "content_language": "",
            "content_type": "binary/octet-stream",
            "etag": "d959c871a986aebd4fc2b8a605dd648f",
            "force_destroy": false,
            "id": "galeria/paco_arcos_interior/images/08_hu4214ccea7d5b54797329708a11773573_183099_1200x1200_fit_q75_box.jpg",
            "key": "galeria/paco_arcos_interior/images/08_hu4214ccea7d5b54797329708a11773573_183099_1200x1200_fit_q75_box.jpg",
            "kms_key_id": null,
            "metadata": null,
            "object_lock_legal_hold_status": "",
            "object_lock_mode": "",
            "object_lock_retain_until_date": "",
            "server_side_encryption": "",
            "source": "./public/galeria/paco_arcos_interior/images/08_hu4214ccea7d5b54797329708a11773573_183099_1200x1200_fit_q75_box.jpg",
            "source_hash": null,
            "storage_class": "STANDARD",
            "tags": null,
            "tags_all": {},
            "version_id": "",
            "website_redirect": ""
          },
          "sensitive_attributes": [],
          "private": "bnVsbA==",
          "dependencies": [
            "aws_s3_bucket.prospacept"
          ]
        },
        {
          "index_key": "galeria/paco_arcos_interior/images/09.jpg",
          "schema_version": 0,
          "attributes": {
            "acl": "public-read",
            "bucket": "prospacept",
            "bucket_key_enabled": false,
            "cache_control": "",
            "content": null,
            "content_base64": null,
            "content_disposition": "",
            "content_encoding": "",
            "content_language": "",
            "content_type": "binary/octet-stream",
            "etag": "a6725ce7e69692b0e388071913aa49dd",
            "force_destroy": false,
            "id": "galeria/paco_arcos_interior/images/09.jpg",
            "key": "galeria/paco_arcos_interior/images/09.jpg",
            "kms_key_id": null,
            "metadata": null,
            "object_lock_legal_hold_status": "",
            "object_lock_mode": "",
            "object_lock_retain_until_date": "",
            "server_side_encryption": "",
            "source": "./public/galeria/paco_arcos_interior/images/09.jpg",
            "source_hash": null,
            "storage_class": "STANDARD",
            "tags": null,
            "tags_all": {},
            "version_id": "",
            "website_redirect": ""
          },
          "sensitive_attributes": [],
          "private": "bnVsbA==",
          "dependencies": [
            "aws_s3_bucket.prospacept"
          ]
        },
        {
          "index_key": "galeria/paco_arcos_interior/images/09_hu428bc115a376609b7775ea12b8a58aec_144293_1200x1200_fit_q75_box.jpg",
          "schema_version": 0,
          "attributes": {
            "acl": "public-read",
            "bucket": "prospacept",
            "bucket_key_enabled": false,
            "cache_control": "",
            "content": null,
            "content_base64": null,
            "content_disposition": "",
            "content_encoding": "",
            "content_language": "",
            "content_type": "binary/octet-stream",
            "etag": "ff043cf138e1bbb0f4d35f2e69629fa5",
            "force_destroy": false,
            "id": "galeria/paco_arcos_interior/images/09_hu428bc115a376609b7775ea12b8a58aec_144293_1200x1200_fit_q75_box.jpg",
            "key": "galeria/paco_arcos_interior/images/09_hu428bc115a376609b7775ea12b8a58aec_144293_1200x1200_fit_q75_box.jpg",
            "kms_key_id": null,
            "metadata": null,
            "object_lock_legal_hold_status": "",
            "object_lock_mode": "",
            "object_lock_retain_until_date": "",
            "server_side_encryption": "",
            "source": "./public/galeria/paco_arcos_interior/images/09_hu428bc115a376609b7775ea12b8a58aec_144293_1200x1200_fit_q75_box.jpg",
            "source_hash": null,
            "storage_class": "STANDARD",
            "tags": null,
            "tags_all": {},
            "version_id": "",
            "website_redirect": ""
          },
          "sensitive_attributes": [],
          "private": "bnVsbA==",
          "dependencies": [
            "aws_s3_bucket.prospacept"
          ]
        },
        {
          "index_key": "galeria/paco_arcos_interior/images/10.jpg",
          "schema_version": 0,
          "attributes": {
            "acl": "public-read",
            "bucket": "prospacept",
            "bucket_key_enabled": false,
            "cache_control": "",
            "content": null,
            "content_base64": null,
            "content_disposition": "",
            "content_encoding": "",
            "content_language": "",
            "content_type": "binary/octet-stream",
            "etag": "ccd97263aed74d8592915795e825d309",
            "force_destroy": false,
            "id": "galeria/paco_arcos_interior/images/10.jpg",
            "key": "galeria/paco_arcos_interior/images/10.jpg",
            "kms_key_id": null,
            "metadata": null,
            "object_lock_legal_hold_status": "",
            "object_lock_mode": "",
            "object_lock_retain_until_date": "",
            "server_side_encryption": "",
            "source": "./public/galeria/paco_arcos_interior/images/10.jpg",
            "source_hash": null,
            "storage_class": "STANDARD",
            "tags": null,
            "tags_all": {},
            "version_id": "",
            "website_redirect": ""
          },
          "sensitive_attributes": [],
          "private": "bnVsbA==",
          "dependencies": [
            "aws_s3_bucket.prospacept"
          ]
        },
        {
          "index_key": "galeria/paco_arcos_interior/images/10_hu5ba27fdb6b3739ecaeb8ca87ce0d0bf5_126136_1200x1200_fit_q75_box.jpg",
          "schema_version": 0,
          "attributes": {
            "acl": "public-read",
            "bucket": "prospacept",
            "bucket_key_enabled": false,
            "cache_control": "",
            "content": null,
            "content_base64": null,
            "content_disposition": "",
            "content_encoding": "",
            "content_language": "",
            "content_type": "binary/octet-stream",
            "etag": "7848db54bb98e0ef1341ba99eb3671de",
            "force_destroy": false,
            "id": "galeria/paco_arcos_interior/images/10_hu5ba27fdb6b3739ecaeb8ca87ce0d0bf5_126136_1200x1200_fit_q75_box.jpg",
            "key": "galeria/paco_arcos_interior/images/10_hu5ba27fdb6b3739ecaeb8ca87ce0d0bf5_126136_1200x1200_fit_q75_box.jpg",
            "kms_key_id": null,
            "metadata": null,
            "object_lock_legal_hold_status": "",
            "object_lock_mode": "",
            "object_lock_retain_until_date": "",
            "server_side_encryption": "",
            "source": "./public/galeria/paco_arcos_interior/images/10_hu5ba27fdb6b3739ecaeb8ca87ce0d0bf5_126136_1200x1200_fit_q75_box.jpg",
            "source_hash": null,
            "storage_class": "STANDARD",
            "tags": null,
            "tags_all": {},
            "version_id": "",
            "website_redirect": ""
          },
          "sensitive_attributes": [],
          "private": "bnVsbA==",
          "dependencies": [
            "aws_s3_bucket.prospacept"
          ]
        },
        {
          "index_key": "galeria/paco_arcos_interior/images/11.jpg",
          "schema_version": 0,
          "attributes": {
            "acl": "public-read",
            "bucket": "prospacept",
            "bucket_key_enabled": false,
            "cache_control": "",
            "content": null,
            "content_base64": null,
            "content_disposition": "",
            "content_encoding": "",
            "content_language": "",
            "content_type": "binary/octet-stream",
            "etag": "5476560b2cf284f8968098e5554d873b",
            "force_destroy": false,
            "id": "galeria/paco_arcos_interior/images/11.jpg",
            "key": "galeria/paco_arcos_interior/images/11.jpg",
            "kms_key_id": null,
            "metadata": null,
            "object_lock_legal_hold_status": "",
            "object_lock_mode": "",
            "object_lock_retain_until_date": "",
            "server_side_encryption": "",
            "source": "./public/galeria/paco_arcos_interior/images/11.jpg",
            "source_hash": null,
            "storage_class": "STANDARD",
            "tags": null,
            "tags_all": {},
            "version_id": "",
            "website_redirect": ""
          },
          "sensitive_attributes": [],
          "private": "bnVsbA==",
          "dependencies": [
            "aws_s3_bucket.prospacept"
          ]
        },
        {
          "index_key": "galeria/paco_arcos_interior/images/11_hub5b5240838b6185481beb19e0279666c_90213_1200x1200_fit_q75_box.jpg",
          "schema_version": 0,
          "attributes": {
            "acl": "public-read",
            "bucket": "prospacept",
            "bucket_key_enabled": false,
            "cache_control": "",
            "content": null,
            "content_base64": null,
            "content_disposition": "",
            "content_encoding": "",
            "content_language": "",
            "content_type": "binary/octet-stream",
            "etag": "5b1de5447eea9a1337dccffe5939d01b",
            "force_destroy": false,
            "id": "galeria/paco_arcos_interior/images/11_hub5b5240838b6185481beb19e0279666c_90213_1200x1200_fit_q75_box.jpg",
            "key": "galeria/paco_arcos_interior/images/11_hub5b5240838b6185481beb19e0279666c_90213_1200x1200_fit_q75_box.jpg",
            "kms_key_id": null,
            "metadata": null,
            "object_lock_legal_hold_status": "",
            "object_lock_mode": "",
            "object_lock_retain_until_date": "",
            "server_side_encryption": "",
            "source": "./public/galeria/paco_arcos_interior/images/11_hub5b5240838b6185481beb19e0279666c_90213_1200x1200_fit_q75_box.jpg",
            "source_hash": null,
            "storage_class": "STANDARD",
            "tags": null,
            "tags_all": {},
            "version_id": "",
            "website_redirect": ""
          },
          "sensitive_attributes": [],
          "private": "bnVsbA==",
          "dependencies": [
            "aws_s3_bucket.prospacept"
          ]
        },
        {
          "index_key": "galeria/paco_arcos_interior/images/12.jpg",
          "schema_version": 0,
          "attributes": {
            "acl": "public-read",
            "bucket": "prospacept",
            "bucket_key_enabled": false,
            "cache_control": "",
            "content": null,
            "content_base64": null,
            "content_disposition": "",
            "content_encoding": "",
            "content_language": "",
            "content_type": "binary/octet-stream",
            "etag": "29a9709d1032d1afe1d746d915a41369",
            "force_destroy": false,
            "id": "galeria/paco_arcos_interior/images/12.jpg",
            "key": "galeria/paco_arcos_interior/images/12.jpg",
            "kms_key_id": null,
            "metadata": null,
            "object_lock_legal_hold_status": "",
            "object_lock_mode": "",
            "object_lock_retain_until_date": "",
            "server_side_encryption": "",
            "source": "./public/galeria/paco_arcos_interior/images/12.jpg",
            "source_hash": null,
            "storage_class": "STANDARD",
            "tags": null,
            "tags_all": {},
            "version_id": "",
            "website_redirect": ""
          },
          "sensitive_attributes": [],
          "private": "bnVsbA==",
          "dependencies": [
            "aws_s3_bucket.prospacept"
          ]
        },
        {
          "index_key": "galeria/paco_arcos_interior/images/12_hu9a2a3e5399d7fb45af5aee2ff3b6a6c0_109281_1200x1200_fit_q75_box.jpg",
          "schema_version": 0,
          "attributes": {
            "acl": "public-read",
            "bucket": "prospacept",
            "bucket_key_enabled": false,
            "cache_control": "",
            "content": null,
            "content_base64": null,
            "content_disposition": "",
            "content_encoding": "",
            "content_language": "",
            "content_type": "binary/octet-stream",
            "etag": "327e25db9e65f5bdd788e114507b249f",
            "force_destroy": false,
            "id": "galeria/paco_arcos_interior/images/12_hu9a2a3e5399d7fb45af5aee2ff3b6a6c0_109281_1200x1200_fit_q75_box.jpg",
            "key": "galeria/paco_arcos_interior/images/12_hu9a2a3e5399d7fb45af5aee2ff3b6a6c0_109281_1200x1200_fit_q75_box.jpg",
            "kms_key_id": null,
            "metadata": null,
            "object_lock_legal_hold_status": "",
            "object_lock_mode": "",
            "object_lock_retain_until_date": "",
            "server_side_encryption": "",
            "source": "./public/galeria/paco_arcos_interior/images/12_hu9a2a3e5399d7fb45af5aee2ff3b6a6c0_109281_1200x1200_fit_q75_box.jpg",
            "source_hash": null,
            "storage_class": "STANDARD",
            "tags": null,
            "tags_all": {},
            "version_id": "",
            "website_redirect": ""
          },
          "sensitive_attributes": [],
          "private": "bnVsbA==",
          "dependencies": [
            "aws_s3_bucket.prospacept"
          ]
        },
        {
          "index_key": "galeria/paco_arcos_interior/images/13.jpg",
          "schema_version": 0,
          "attributes": {
            "acl": "public-read",
            "bucket": "prospacept",
            "bucket_key_enabled": false,
            "cache_control": "",
            "content": null,
            "content_base64": null,
            "content_disposition": "",
            "content_encoding": "",
            "content_language": "",
            "content_type": "binary/octet-stream",
            "etag": "fc94cb8158cda7a02834f526e8791268",
            "force_destroy": false,
            "id": "galeria/paco_arcos_interior/images/13.jpg",
            "key": "galeria/paco_arcos_interior/images/13.jpg",
            "kms_key_id": null,
            "metadata": null,
            "object_lock_legal_hold_status": "",
            "object_lock_mode": "",
            "object_lock_retain_until_date": "",
            "server_side_encryption": "",
            "source": "./public/galeria/paco_arcos_interior/images/13.jpg",
            "source_hash": null,
            "storage_class": "STANDARD",
            "tags": null,
            "tags_all": {},
            "version_id": "",
            "website_redirect": ""
          },
          "sensitive_attributes": [],
          "private": "bnVsbA==",
          "dependencies": [
            "aws_s3_bucket.prospacept"
          ]
        },
        {
          "index_key": "galeria/paco_arcos_interior/images/13_hu0fe6fe3cdbbdd407babe334e0e1e19e7_102755_1200x1200_fit_q75_box.jpg",
          "schema_version": 0,
          "attributes": {
            "acl": "public-read",
            "bucket": "prospacept",
            "bucket_key_enabled": false,
            "cache_control": "",
            "content": null,
            "content_base64": null,
            "content_disposition": "",
            "content_encoding": "",
            "content_language": "",
            "content_type": "binary/octet-stream",
            "etag": "9af070dd68012e25db387059f1c36d11",
            "force_destroy": false,
            "id": "galeria/paco_arcos_interior/images/13_hu0fe6fe3cdbbdd407babe334e0e1e19e7_102755_1200x1200_fit_q75_box.jpg",
            "key": "galeria/paco_arcos_interior/images/13_hu0fe6fe3cdbbdd407babe334e0e1e19e7_102755_1200x1200_fit_q75_box.jpg",
            "kms_key_id": null,
            "metadata": null,
            "object_lock_legal_hold_status": "",
            "object_lock_mode": "",
            "object_lock_retain_until_date": "",
            "server_side_encryption": "",
            "source": "./public/galeria/paco_arcos_interior/images/13_hu0fe6fe3cdbbdd407babe334e0e1e19e7_102755_1200x1200_fit_q75_box.jpg",
            "source_hash": null,
            "storage_class": "STANDARD",
            "tags": null,
            "tags_all": {},
            "version_id": "",
            "website_redirect": ""
          },
          "sensitive_attributes": [],
          "private": "bnVsbA==",
          "dependencies": [
            "aws_s3_bucket.prospacept"
          ]
        },
        {
          "index_key": "galeria/paco_arcos_interior/images/14.jpg",
          "schema_version": 0,
          "attributes": {
            "acl": "public-read",
            "bucket": "prospacept",
            "bucket_key_enabled": false,
            "cache_control": "",
            "content": null,
            "content_base64": null,
            "content_disposition": "",
            "content_encoding": "",
            "content_language": "",
            "content_type": "binary/octet-stream",
            "etag": "8d851301102156f15c8d934bb9c0f548",
            "force_destroy": false,
            "id": "galeria/paco_arcos_interior/images/14.jpg",
            "key": "galeria/paco_arcos_interior/images/14.jpg",
            "kms_key_id": null,
            "metadata": null,
            "object_lock_legal_hold_status": "",
            "object_lock_mode": "",
            "object_lock_retain_until_date": "",
            "server_side_encryption": "",
            "source": "./public/galeria/paco_arcos_interior/images/14.jpg",
            "source_hash": null,
            "storage_class": "STANDARD",
            "tags": null,
            "tags_all": {},
            "version_id": "",
            "website_redirect": ""
          },
          "sensitive_attributes": [],
          "private": "bnVsbA==",
          "dependencies": [
            "aws_s3_bucket.prospacept"
          ]
        },
        {
          "index_key": "galeria/paco_arcos_interior/images/14_hu7305f4b4ee36a6c79e5511a38fd09194_154395_1200x1200_fit_q75_box.jpg",
          "schema_version": 0,
          "attributes": {
            "acl": "public-read",
            "bucket": "prospacept",
            "bucket_key_enabled": false,
            "cache_control": "",
            "content": null,
            "content_base64": null,
            "content_disposition": "",
            "content_encoding": "",
            "content_language": "",
            "content_type": "binary/octet-stream",
            "etag": "c08f465a9ccc1aa1c005cd7e01e7b382",
            "force_destroy": false,
            "id": "galeria/paco_arcos_interior/images/14_hu7305f4b4ee36a6c79e5511a38fd09194_154395_1200x1200_fit_q75_box.jpg",
            "key": "galeria/paco_arcos_interior/images/14_hu7305f4b4ee36a6c79e5511a38fd09194_154395_1200x1200_fit_q75_box.jpg",
            "kms_key_id": null,
            "metadata": null,
            "object_lock_legal_hold_status": "",
            "object_lock_mode": "",
            "object_lock_retain_until_date": "",
            "server_side_encryption": "",
            "source": "./public/galeria/paco_arcos_interior/images/14_hu7305f4b4ee36a6c79e5511a38fd09194_154395_1200x1200_fit_q75_box.jpg",
            "source_hash": null,
            "storage_class": "STANDARD",
            "tags": null,
            "tags_all": {},
            "version_id": "",
            "website_redirect": ""
          },
          "sensitive_attributes": [],
          "private": "bnVsbA==",
          "dependencies": [
            "aws_s3_bucket.prospacept"
          ]
        },
        {
          "index_key": "galeria/paco_arcos_interior/images/15.jpg",
          "schema_version": 0,
          "attributes": {
            "acl": "public-read",
            "bucket": "prospacept",
            "bucket_key_enabled": false,
            "cache_control": "",
            "content": null,
            "content_base64": null,
            "content_disposition": "",
            "content_encoding": "",
            "content_language": "",
            "content_type": "binary/octet-stream",
            "etag": "677fad57a211043159b1b5446735b561",
            "force_destroy": false,
            "id": "galeria/paco_arcos_interior/images/15.jpg",
            "key": "galeria/paco_arcos_interior/images/15.jpg",
            "kms_key_id": null,
            "metadata": null,
            "object_lock_legal_hold_status": "",
            "object_lock_mode": "",
            "object_lock_retain_until_date": "",
            "server_side_encryption": "",
            "source": "./public/galeria/paco_arcos_interior/images/15.jpg",
            "source_hash": null,
            "storage_class": "STANDARD",
            "tags": null,
            "tags_all": {},
            "version_id": "",
            "website_redirect": ""
          },
          "sensitive_attributes": [],
          "private": "bnVsbA==",
          "dependencies": [
            "aws_s3_bucket.prospacept"
          ]
        },
        {
          "index_key": "galeria/paco_arcos_interior/images/15_hu892723f1a7e4c31f410d0c9abc020dc0_89915_1200x1200_fit_q75_box.jpg",
          "schema_version": 0,
          "attributes": {
            "acl": "public-read",
            "bucket": "prospacept",
            "bucket_key_enabled": false,
            "cache_control": "",
            "content": null,
            "content_base64": null,
            "content_disposition": "",
            "content_encoding": "",
            "content_language": "",
            "content_type": "binary/octet-stream",
            "etag": "ef14358b5551a28f14d9b0f64a27a672",
            "force_destroy": false,
            "id": "galeria/paco_arcos_interior/images/15_hu892723f1a7e4c31f410d0c9abc020dc0_89915_1200x1200_fit_q75_box.jpg",
            "key": "galeria/paco_arcos_interior/images/15_hu892723f1a7e4c31f410d0c9abc020dc0_89915_1200x1200_fit_q75_box.jpg",
            "kms_key_id": null,
            "metadata": null,
            "object_lock_legal_hold_status": "",
            "object_lock_mode": "",
            "object_lock_retain_until_date": "",
            "server_side_encryption": "",
            "source": "./public/galeria/paco_arcos_interior/images/15_hu892723f1a7e4c31f410d0c9abc020dc0_89915_1200x1200_fit_q75_box.jpg",
            "source_hash": null,
            "storage_class": "STANDARD",
            "tags": null,
            "tags_all": {},
            "version_id": "",
            "website_redirect": ""
          },
          "sensitive_attributes": [],
          "private": "bnVsbA==",
          "dependencies": [
            "aws_s3_bucket.prospacept"
          ]
        },
        {
          "index_key": "galeria/paco_arcos_interior/images/16.jpg",
          "schema_version": 0,
          "attributes": {
            "acl": "public-read",
            "bucket": "prospacept",
            "bucket_key_enabled": false,
            "cache_control": "",
            "content": null,
            "content_base64": null,
            "content_disposition": "",
            "content_encoding": "",
            "content_language": "",
            "content_type": "binary/octet-stream",
            "etag": "7b7832eb63148f84a89d6465a17a2c7a",
            "force_destroy": false,
            "id": "galeria/paco_arcos_interior/images/16.jpg",
            "key": "galeria/paco_arcos_interior/images/16.jpg",
            "kms_key_id": null,
            "metadata": null,
            "object_lock_legal_hold_status": "",
            "object_lock_mode": "",
            "object_lock_retain_until_date": "",
            "server_side_encryption": "",
            "source": "./public/galeria/paco_arcos_interior/images/16.jpg",
            "source_hash": null,
            "storage_class": "STANDARD",
            "tags": null,
            "tags_all": {},
            "version_id": "",
            "website_redirect": ""
          },
          "sensitive_attributes": [],
          "private": "bnVsbA==",
          "dependencies": [
            "aws_s3_bucket.prospacept"
          ]
        },
        {
          "index_key": "galeria/paco_arcos_interior/images/16_hu2e90aad5eb77066840706111f427312b_79105_1200x1200_fit_q75_box.jpg",
          "schema_version": 0,
          "attributes": {
            "acl": "public-read",
            "bucket": "prospacept",
            "bucket_key_enabled": false,
            "cache_control": "",
            "content": null,
            "content_base64": null,
            "content_disposition": "",
            "content_encoding": "",
            "content_language": "",
            "content_type": "binary/octet-stream",
            "etag": "a6f9e347d719cffb1769ec65f28066ec",
            "force_destroy": false,
            "id": "galeria/paco_arcos_interior/images/16_hu2e90aad5eb77066840706111f427312b_79105_1200x1200_fit_q75_box.jpg",
            "key": "galeria/paco_arcos_interior/images/16_hu2e90aad5eb77066840706111f427312b_79105_1200x1200_fit_q75_box.jpg",
            "kms_key_id": null,
            "metadata": null,
            "object_lock_legal_hold_status": "",
            "object_lock_mode": "",
            "object_lock_retain_until_date": "",
            "server_side_encryption": "",
            "source": "./public/galeria/paco_arcos_interior/images/16_hu2e90aad5eb77066840706111f427312b_79105_1200x1200_fit_q75_box.jpg",
            "source_hash": null,
            "storage_class": "STANDARD",
            "tags": null,
            "tags_all": {},
            "version_id": "",
            "website_redirect": ""
          },
          "sensitive_attributes": [],
          "private": "bnVsbA==",
          "dependencies": [
            "aws_s3_bucket.prospacept"
          ]
        },
        {
          "index_key": "images/footer.png",
          "schema_version": 0,
          "attributes": {
            "acl": "public-read",
            "bucket": "prospacept",
            "bucket_key_enabled": false,
            "cache_control": "",
            "content": null,
            "content_base64": null,
            "content_disposition": "",
            "content_encoding": "",
            "content_language": "",
            "content_type": "binary/octet-stream",
            "etag": "70826776568c5093a371afa3d51ed83d",
            "force_destroy": false,
            "id": "images/footer.png",
            "key": "images/footer.png",
            "kms_key_id": null,
            "metadata": null,
            "object_lock_legal_hold_status": "",
            "object_lock_mode": "",
            "object_lock_retain_until_date": "",
            "server_side_encryption": "",
            "source": "./public/images/footer.png",
            "source_hash": null,
            "storage_class": "STANDARD",
            "tags": null,
            "tags_all": {},
            "version_id": "",
            "website_redirect": ""
          },
          "sensitive_attributes": [],
          "private": "bnVsbA==",
          "dependencies": [
            "aws_s3_bucket.prospacept"
          ]
        },
        {
          "index_key": "images/hero.jpg",
          "schema_version": 0,
          "attributes": {
            "acl": "public-read",
            "bucket": "prospacept",
            "bucket_key_enabled": false,
            "cache_control": "",
            "content": null,
            "content_base64": null,
            "content_disposition": "",
            "content_encoding": "",
            "content_language": "",
            "content_type": "binary/octet-stream",
            "etag": "316e472997691ce868d15e73cdd46a79",
            "force_destroy": false,
            "id": "images/hero.jpg",
            "key": "images/hero.jpg",
            "kms_key_id": null,
            "metadata": null,
            "object_lock_legal_hold_status": "",
            "object_lock_mode": "",
            "object_lock_retain_until_date": "",
            "server_side_encryption": "",
            "source": "./public/images/hero.jpg",
            "source_hash": null,
            "storage_class": "STANDARD",
            "tags": null,
            "tags_all": {},
            "version_id": "",
            "website_redirect": ""
          },
          "sensitive_attributes": [],
          "private": "bnVsbA==",
          "dependencies": [
            "aws_s3_bucket.prospacept"
          ]
        },
        {
          "index_key": "images/logo.png",
          "schema_version": 0,
          "attributes": {
            "acl": "public-read",
            "bucket": "prospacept",
            "bucket_key_enabled": false,
            "cache_control": "",
            "content": null,
            "content_base64": null,
            "content_disposition": "",
            "content_encoding": "",
            "content_language": "",
            "content_type": "binary/octet-stream",
            "etag": "03c7dc32b06eceb1c4709c4c68111bc4",
            "force_destroy": false,
            "id": "images/logo.png",
            "key": "images/logo.png",
            "kms_key_id": null,
            "metadata": null,
            "object_lock_legal_hold_status": "",
            "object_lock_mode": "",
            "object_lock_retain_until_date": "",
            "server_side_encryption": "",
            "source": "./public/images/logo.png",
            "source_hash": null,
            "storage_class": "STANDARD",
            "tags": null,
            "tags_all": {},
            "version_id": "",
            "website_redirect": ""
          },
          "sensitive_attributes": [],
          "private": "bnVsbA==",
          "dependencies": [
            "aws_s3_bucket.prospacept"
          ]
        },
        {
          "index_key": "images/logo2.png",
          "schema_version": 0,
          "attributes": {
            "acl": "public-read",
            "bucket": "prospacept",
            "bucket_key_enabled": false,
            "cache_control": "",
            "content": null,
            "content_base64": null,
            "content_disposition": "",
            "content_encoding": "",
            "content_language": "",
            "content_type": "binary/octet-stream",
            "etag": "44951feeb07eadc751fdfd1af0a1c66b",
            "force_destroy": false,
            "id": "images/logo2.png",
            "key": "images/logo2.png",
            "kms_key_id": null,
            "metadata": null,
            "object_lock_legal_hold_status": "",
            "object_lock_mode": "",
            "object_lock_retain_until_date": "",
            "server_side_encryption": "",
            "source": "./public/images/logo2.png",
            "source_hash": null,
            "storage_class": "STANDARD",
            "tags": null,
            "tags_all": {},
            "version_id": "",
            "website_redirect": ""
          },
          "sensitive_attributes": [],
          "private": "bnVsbA==",
          "dependencies": [
            "aws_s3_bucket.prospacept"
          ]
        },
        {
          "index_key": "images/partners/deti_logo.png",
          "schema_version": 0,
          "attributes": {
            "acl": "public-read",
            "bucket": "prospacept",
            "bucket_key_enabled": false,
            "cache_control": "",
            "content": null,
            "content_base64": null,
            "content_disposition": "",
            "content_encoding": "",
            "content_language": "",
            "content_type": "binary/octet-stream",
            "etag": "c9f9295dfcb24af494f5910db54e8760",
            "force_destroy": false,
            "id": "images/partners/deti_logo.png",
            "key": "images/partners/deti_logo.png",
            "kms_key_id": null,
            "metadata": null,
            "object_lock_legal_hold_status": "",
            "object_lock_mode": "",
            "object_lock_retain_until_date": "",
            "server_side_encryption": "",
            "source": "./public/images/partners/deti_logo.png",
            "source_hash": null,
            "storage_class": "STANDARD",
            "tags": null,
            "tags_all": {},
            "version_id": "",
            "website_redirect": ""
          },
          "sensitive_attributes": [],
          "private": "bnVsbA==",
          "dependencies": [
            "aws_s3_bucket.prospacept"
          ]
        },
        {
          "index_key": "images/partners/host.png",
          "schema_version": 0,
          "attributes": {
            "acl": "public-read",
            "bucket": "prospacept",
            "bucket_key_enabled": false,
            "cache_control": "",
            "content": null,
            "content_base64": null,
            "content_disposition": "",
            "content_encoding": "",
            "content_language": "",
            "content_type": "binary/octet-stream",
            "etag": "d86563c9ceb22566b056c6422986734d",
            "force_destroy": false,
            "id": "images/partners/host.png",
            "key": "images/partners/host.png",
            "kms_key_id": null,
            "metadata": null,
            "object_lock_legal_hold_status": "",
            "object_lock_mode": "",
            "object_lock_retain_until_date": "",
            "server_side_encryption": "",
            "source": "./public/images/partners/host.png",
            "source_hash": null,
            "storage_class": "STANDARD",
            "tags": null,
            "tags_all": {},
            "version_id": "",
            "website_redirect": ""
          },
          "sensitive_attributes": [],
          "private": "bnVsbA==",
          "dependencies": [
            "aws_s3_bucket.prospacept"
          ]
        },
        {
          "index_key": "index.html",
          "schema_version": 0,
          "attributes": {
            "acl": "public-read",
            "bucket": "prospacept",
            "bucket_key_enabled": false,
            "cache_control": "",
            "content": null,
            "content_base64": null,
            "content_disposition": "",
            "content_encoding": "",
            "content_language": "",
            "content_type": "binary/octet-stream",
            "etag": "421a57a97a59bee7a0059227e8042468",
            "force_destroy": false,
            "id": "index.html",
            "key": "index.html",
            "kms_key_id": null,
            "metadata": null,
            "object_lock_legal_hold_status": "",
            "object_lock_mode": "",
            "object_lock_retain_until_date": "",
            "server_side_encryption": "",
            "source": "./public/index.html",
            "source_hash": null,
            "storage_class": "STANDARD",
            "tags": null,
            "tags_all": {},
            "version_id": "",
            "website_redirect": ""
          },
          "sensitive_attributes": [],
          "private": "bnVsbA==",
          "dependencies": [
            "aws_s3_bucket.prospacept"
          ]
        },
        {
          "index_key": "index.xml",
          "schema_version": 0,
          "attributes": {
            "acl": "public-read",
            "bucket": "prospacept",
            "bucket_key_enabled": false,
            "cache_control": "",
            "content": null,
            "content_base64": null,
            "content_disposition": "",
            "content_encoding": "",
            "content_language": "",
            "content_type": "binary/octet-stream",
            "etag": "851606e007761146204a2d413e71411f",
            "force_destroy": false,
            "id": "index.xml",
            "key": "index.xml",
            "kms_key_id": null,
            "metadata": null,
            "object_lock_legal_hold_status": "",
            "object_lock_mode": "",
            "object_lock_retain_until_date": "",
            "server_side_encryption": "",
            "source": "./public/index.xml",
            "source_hash": null,
            "storage_class": "STANDARD",
            "tags": null,
            "tags_all": {},
            "version_id": "",
            "website_redirect": ""
          },
          "sensitive_attributes": [],
          "private": "bnVsbA==",
          "dependencies": [
            "aws_s3_bucket.prospacept"
          ]
        },
        {
          "index_key": "js/main.js",
          "schema_version": 0,
          "attributes": {
            "acl": "public-read",
            "bucket": "prospacept",
            "bucket_key_enabled": false,
            "cache_control": "",
            "content": null,
            "content_base64": null,
            "content_disposition": "",
            "content_encoding": "",
            "content_language": "",
            "content_type": "binary/octet-stream",
            "etag": "663c31d6507878c87088b81c2af40d7d",
            "force_destroy": false,
            "id": "js/main.js",
            "key": "js/main.js",
            "kms_key_id": null,
            "metadata": null,
            "object_lock_legal_hold_status": "",
            "object_lock_mode": "",
            "object_lock_retain_until_date": "",
            "server_side_encryption": "",
            "source": "./public/js/main.js",
            "source_hash": null,
            "storage_class": "STANDARD",
            "tags": null,
            "tags_all": {},
            "version_id": "",
            "website_redirect": ""
          },
          "sensitive_attributes": [],
          "private": "bnVsbA==",
          "dependencies": [
            "aws_s3_bucket.prospacept"
          ]
        },
        {
          "index_key": "js/modernizr.custom.js",
          "schema_version": 0,
          "attributes": {
            "acl": "public-read",
            "bucket": "prospacept",
            "bucket_key_enabled": false,
            "cache_control": "",
            "content": null,
            "content_base64": null,
            "content_disposition": "",
            "content_encoding": "",
            "content_language": "",
            "content_type": "binary/octet-stream",
            "etag": "65c9d60169b469ada1e5efd542c3f82e",
            "force_destroy": false,
            "id": "js/modernizr.custom.js",
            "key": "js/modernizr.custom.js",
            "kms_key_id": null,
            "metadata": null,
            "object_lock_legal_hold_status": "",
            "object_lock_mode": "",
            "object_lock_retain_until_date": "",
            "server_side_encryption": "",
            "source": "./public/js/modernizr.custom.js",
            "source_hash": null,
            "storage_class": "STANDARD",
            "tags": null,
            "tags_all": {},
            "version_id": "",
            "website_redirect": ""
          },
          "sensitive_attributes": [],
          "private": "bnVsbA==",
          "dependencies": [
            "aws_s3_bucket.prospacept"
          ]
        },
        {
          "index_key": "main.css",
          "schema_version": 0,
          "attributes": {
            "acl": "public-read",
            "bucket": "prospacept",
            "bucket_key_enabled": false,
            "cache_control": "",
            "content": null,
            "content_base64": null,
            "content_disposition": "",
            "content_encoding": "",
            "content_language": "",
            "content_type": "binary/octet-stream",
            "etag": "4e4e71b939c2aa00feecb2fcc9831964",
            "force_destroy": false,
            "id": "main.css",
            "key": "main.css",
            "kms_key_id": null,
            "metadata": null,
            "object_lock_legal_hold_status": "",
            "object_lock_mode": "",
            "object_lock_retain_until_date": "",
            "server_side_encryption": "",
            "source": "./public/main.css",
            "source_hash": null,
            "storage_class": "STANDARD",
            "tags": null,
            "tags_all": {},
            "version_id": "",
            "website_redirect": ""
          },
          "sensitive_attributes": [],
          "private": "bnVsbA==",
          "dependencies": [
            "aws_s3_bucket.prospacept"
          ]
        },
        {
          "index_key": "quem-somos.html",
          "schema_version": 0,
          "attributes": {
            "acl": "public-read",
            "bucket": "prospacept",
            "bucket_key_enabled": false,
            "cache_control": "",
            "content": null,
            "content_base64": null,
            "content_disposition": "",
            "content_encoding": "",
            "content_language": "",
            "content_type": "binary/octet-stream",
            "etag": "d68f00a9e67720212fc3a7ec9f1a241d",
            "force_destroy": false,
            "id": "quem-somos.html",
            "key": "quem-somos.html",
            "kms_key_id": null,
            "metadata": null,
            "object_lock_legal_hold_status": "",
            "object_lock_mode": "",
            "object_lock_retain_until_date": "",
            "server_side_encryption": "",
            "source": "./public/quem-somos.html",
            "source_hash": null,
            "storage_class": "STANDARD",
            "tags": null,
            "tags_all": {},
            "version_id": "",
            "website_redirect": ""
          },
          "sensitive_attributes": [],
          "private": "bnVsbA==",
          "dependencies": [
            "aws_s3_bucket.prospacept"
          ]
        },
        {
          "index_key": "quem-somos/fabrica.png",
          "schema_version": 0,
          "attributes": {
            "acl": "public-read",
            "bucket": "prospacept",
            "bucket_key_enabled": false,
            "cache_control": "",
            "content": null,
            "content_base64": null,
            "content_disposition": "",
            "content_encoding": "",
            "content_language": "",
            "content_type": "binary/octet-stream",
            "etag": "f04915426f4863b4b6809a84a5a24c3d",
            "force_destroy": false,
            "id": "quem-somos/fabrica.png",
            "key": "quem-somos/fabrica.png",
            "kms_key_id": null,
            "metadata": null,
            "object_lock_legal_hold_status": "",
            "object_lock_mode": "",
            "object_lock_retain_until_date": "",
            "server_side_encryption": "",
            "source": "./public/quem-somos/fabrica.png",
            "source_hash": null,
            "storage_class": "STANDARD",
            "tags": null,
            "tags_all": {},
            "version_id": "",
            "website_redirect": ""
          },
          "sensitive_attributes": [],
          "private": "bnVsbA==",
          "dependencies": [
            "aws_s3_bucket.prospacept"
          ]
        },
        {
          "index_key": "quem-somos/index.xml",
          "schema_version": 0,
          "attributes": {
            "acl": "public-read",
            "bucket": "prospacept",
            "bucket_key_enabled": false,
            "cache_control": "",
            "content": null,
            "content_base64": null,
            "content_disposition": "",
            "content_encoding": "",
            "content_language": "",
            "content_type": "binary/octet-stream",
            "etag": "c31ce583bfd9d9a5676d482037d3bc35",
            "force_destroy": false,
            "id": "quem-somos/index.xml",
            "key": "quem-somos/index.xml",
            "kms_key_id": null,
            "metadata": null,
            "object_lock_legal_hold_status": "",
            "object_lock_mode": "",
            "object_lock_retain_until_date": "",
            "server_side_encryption": "",
            "source": "./public/quem-somos/index.xml",
            "source_hash": null,
            "storage_class": "STANDARD",
            "tags": null,
            "tags_all": {},
            "version_id": "",
            "website_redirect": ""
          },
          "sensitive_attributes": [],
          "private": "bnVsbA==",
          "dependencies": [
            "aws_s3_bucket.prospacept"
          ]
        },
        {
          "index_key": "servicos.html",
          "schema_version": 0,
          "attributes": {
            "acl": "public-read",
            "bucket": "prospacept",
            "bucket_key_enabled": false,
            "cache_control": "",
            "content": null,
            "content_base64": null,
            "content_disposition": "",
            "content_encoding": "",
            "content_language": "",
            "content_type": "binary/octet-stream",
            "etag": "6b0c6bc3819847129655efdf3bb28044",
            "force_destroy": false,
            "id": "servicos.html",
            "key": "servicos.html",
            "kms_key_id": null,
            "metadata": null,
            "object_lock_legal_hold_status": "",
            "object_lock_mode": "",
            "object_lock_retain_until_date": "",
            "server_side_encryption": "",
            "source": "./public/servicos.html",
            "source_hash": null,
            "storage_class": "STANDARD",
            "tags": null,
            "tags_all": {},
            "version_id": "",
            "website_redirect": ""
          },
          "sensitive_attributes": [],
          "private": "bnVsbA==",
          "dependencies": [
            "aws_s3_bucket.prospacept"
          ]
        },
        {
          "index_key": "servicos/consultoria.html",
          "schema_version": 0,
          "attributes": {
            "acl": "public-read",
            "bucket": "prospacept",
            "bucket_key_enabled": false,
            "cache_control": "",
            "content": null,
            "content_base64": null,
            "content_disposition": "",
            "content_encoding": "",
            "content_language": "",
            "content_type": "binary/octet-stream",
            "etag": "c485c48c0eb4798ec6713533cd8b14ae",
            "force_destroy": false,
            "id": "servicos/consultoria.html",
            "key": "servicos/consultoria.html",
            "kms_key_id": null,
            "metadata": null,
            "object_lock_legal_hold_status": "",
            "object_lock_mode": "",
            "object_lock_retain_until_date": "",
            "server_side_encryption": "",
            "source": "./public/servicos/consultoria.html",
            "source_hash": null,
            "storage_class": "STANDARD",
            "tags": null,
            "tags_all": {},
            "version_id": "",
            "website_redirect": ""
          },
          "sensitive_attributes": [],
          "private": "bnVsbA==",
          "dependencies": [
            "aws_s3_bucket.prospacept"
          ]
        },
        {
          "index_key": "servicos/consultoria/image.jpg",
          "schema_version": 0,
          "attributes": {
            "acl": "public-read",
            "bucket": "prospacept",
            "bucket_key_enabled": false,
            "cache_control": "",
            "content": null,
            "content_base64": null,
            "content_disposition": "",
            "content_encoding": "",
            "content_language": "",
            "content_type": "binary/octet-stream",
            "etag": "316e472997691ce868d15e73cdd46a79",
            "force_destroy": false,
            "id": "servicos/consultoria/image.jpg",
            "key": "servicos/consultoria/image.jpg",
            "kms_key_id": null,
            "metadata": null,
            "object_lock_legal_hold_status": "",
            "object_lock_mode": "",
            "object_lock_retain_until_date": "",
            "server_side_encryption": "",
            "source": "./public/servicos/consultoria/image.jpg",
            "source_hash": null,
            "storage_class": "STANDARD",
            "tags": null,
            "tags_all": {},
            "version_id": "",
            "website_redirect": ""
          },
          "sensitive_attributes": [],
          "private": "bnVsbA==",
          "dependencies": [
            "aws_s3_bucket.prospacept"
          ]
        },
        {
          "index_key": "servicos/consultoria/logo.png",
          "schema_version": 0,
          "attributes": {
            "acl": "public-read",
            "bucket": "prospacept",
            "bucket_key_enabled": false,
            "cache_control": "",
            "content": null,
            "content_base64": null,
            "content_disposition": "",
            "content_encoding": "",
            "content_language": "",
            "content_type": "binary/octet-stream",
            "etag": "03c7dc32b06eceb1c4709c4c68111bc4",
            "force_destroy": false,
            "id": "servicos/consultoria/logo.png",
            "key": "servicos/consultoria/logo.png",
            "kms_key_id": null,
            "metadata": null,
            "object_lock_legal_hold_status": "",
            "object_lock_mode": "",
            "object_lock_retain_until_date": "",
            "server_side_encryption": "",
            "source": "./public/servicos/consultoria/logo.png",
            "source_hash": null,
            "storage_class": "STANDARD",
            "tags": null,
            "tags_all": {},
            "version_id": "",
            "website_redirect": ""
          },
          "sensitive_attributes": [],
          "private": "bnVsbA==",
          "dependencies": [
            "aws_s3_bucket.prospacept"
          ]
        },
        {
          "index_key": "servicos/facility_managment.html",
          "schema_version": 0,
          "attributes": {
            "acl": "public-read",
            "bucket": "prospacept",
            "bucket_key_enabled": false,
            "cache_control": "",
            "content": null,
            "content_base64": null,
            "content_disposition": "",
            "content_encoding": "",
            "content_language": "",
            "content_type": "binary/octet-stream",
            "etag": "32ebc5db72eb3a1e7749754bb290852a",
            "force_destroy": false,
            "id": "servicos/facility_managment.html",
            "key": "servicos/facility_managment.html",
            "kms_key_id": null,
            "metadata": null,
            "object_lock_legal_hold_status": "",
            "object_lock_mode": "",
            "object_lock_retain_until_date": "",
            "server_side_encryption": "",
            "source": "./public/servicos/facility_managment.html",
            "source_hash": null,
            "storage_class": "STANDARD",
            "tags": null,
            "tags_all": {},
            "version_id": "",
            "website_redirect": ""
          },
          "sensitive_attributes": [],
          "private": "bnVsbA==",
          "dependencies": [
            "aws_s3_bucket.prospacept"
          ]
        },
        {
          "index_key": "servicos/facility_managment/image.jpg",
          "schema_version": 0,
          "attributes": {
            "acl": "public-read",
            "bucket": "prospacept",
            "bucket_key_enabled": false,
            "cache_control": "",
            "content": null,
            "content_base64": null,
            "content_disposition": "",
            "content_encoding": "",
            "content_language": "",
            "content_type": "binary/octet-stream",
            "etag": "477340a3c3d8eda4a622749137e4b758",
            "force_destroy": false,
            "id": "servicos/facility_managment/image.jpg",
            "key": "servicos/facility_managment/image.jpg",
            "kms_key_id": null,
            "metadata": null,
            "object_lock_legal_hold_status": "",
            "object_lock_mode": "",
            "object_lock_retain_until_date": "",
            "server_side_encryption": "",
            "source": "./public/servicos/facility_managment/image.jpg",
            "source_hash": null,
            "storage_class": "STANDARD",
            "tags": null,
            "tags_all": {},
            "version_id": "",
            "website_redirect": ""
          },
          "sensitive_attributes": [],
          "private": "bnVsbA==",
          "dependencies": [
            "aws_s3_bucket.prospacept"
          ]
        },
        {
          "index_key": "servicos/facility_managment/logo.png",
          "schema_version": 0,
          "attributes": {
            "acl": "public-read",
            "bucket": "prospacept",
            "bucket_key_enabled": false,
            "cache_control": "",
            "content": null,
            "content_base64": null,
            "content_disposition": "",
            "content_encoding": "",
            "content_language": "",
            "content_type": "binary/octet-stream",
            "etag": "44951feeb07eadc751fdfd1af0a1c66b",
            "force_destroy": false,
            "id": "servicos/facility_managment/logo.png",
            "key": "servicos/facility_managment/logo.png",
            "kms_key_id": null,
            "metadata": null,
            "object_lock_legal_hold_status": "",
            "object_lock_mode": "",
            "object_lock_retain_until_date": "",
            "server_side_encryption": "",
            "source": "./public/servicos/facility_managment/logo.png",
            "source_hash": null,
            "storage_class": "STANDARD",
            "tags": null,
            "tags_all": {},
            "version_id": "",
            "website_redirect": ""
          },
          "sensitive_attributes": [],
          "private": "bnVsbA==",
          "dependencies": [
            "aws_s3_bucket.prospacept"
          ]
        },
        {
          "index_key": "servicos/index.xml",
          "schema_version": 0,
          "attributes": {
            "acl": "public-read",
            "bucket": "prospacept",
            "bucket_key_enabled": false,
            "cache_control": "",
            "content": null,
            "content_base64": null,
            "content_disposition": "",
            "content_encoding": "",
            "content_language": "",
            "content_type": "binary/octet-stream",
            "etag": "c4ce556e52ff763ebf267b6cdbd0ecb6",
            "force_destroy": false,
            "id": "servicos/index.xml",
            "key": "servicos/index.xml",
            "kms_key_id": null,
            "metadata": null,
            "object_lock_legal_hold_status": "",
            "object_lock_mode": "",
            "object_lock_retain_until_date": "",
            "server_side_encryption": "",
            "source": "./public/servicos/index.xml",
            "source_hash": null,
            "storage_class": "STANDARD",
            "tags": null,
            "tags_all": {},
            "version_id": "",
            "website_redirect": ""
          },
          "sensitive_attributes": [],
          "private": "bnVsbA==",
          "dependencies": [
            "aws_s3_bucket.prospacept"
          ]
        },
        {
          "index_key": "servicos/it_solutions.html",
          "schema_version": 0,
          "attributes": {
            "acl": "public-read",
            "bucket": "prospacept",
            "bucket_key_enabled": false,
            "cache_control": "",
            "content": null,
            "content_base64": null,
            "content_disposition": "",
            "content_encoding": "",
            "content_language": "",
            "content_type": "binary/octet-stream",
            "etag": "9dbec8196812d7583013496300f5a254",
            "force_destroy": false,
            "id": "servicos/it_solutions.html",
            "key": "servicos/it_solutions.html",
            "kms_key_id": null,
            "metadata": null,
            "object_lock_legal_hold_status": "",
            "object_lock_mode": "",
            "object_lock_retain_until_date": "",
            "server_side_encryption": "",
            "source": "./public/servicos/it_solutions.html",
            "source_hash": null,
            "storage_class": "STANDARD",
            "tags": null,
            "tags_all": {},
            "version_id": "",
            "website_redirect": ""
          },
          "sensitive_attributes": [],
          "private": "bnVsbA==",
          "dependencies": [
            "aws_s3_bucket.prospacept"
          ]
        },
        {
          "index_key": "servicos/it_solutions/image.jpg",
          "schema_version": 0,
          "attributes": {
            "acl": "public-read",
            "bucket": "prospacept",
            "bucket_key_enabled": false,
            "cache_control": "",
            "content": null,
            "content_base64": null,
            "content_disposition": "",
            "content_encoding": "",
            "content_language": "",
            "content_type": "binary/octet-stream",
            "etag": "7ef05bca6cd7b075daadf20d93ebfa0c",
            "force_destroy": false,
            "id": "servicos/it_solutions/image.jpg",
            "key": "servicos/it_solutions/image.jpg",
            "kms_key_id": null,
            "metadata": null,
            "object_lock_legal_hold_status": "",
            "object_lock_mode": "",
            "object_lock_retain_until_date": "",
            "server_side_encryption": "",
            "source": "./public/servicos/it_solutions/image.jpg",
            "source_hash": null,
            "storage_class": "STANDARD",
            "tags": null,
            "tags_all": {},
            "version_id": "",
            "website_redirect": ""
          },
          "sensitive_attributes": [],
          "private": "bnVsbA==",
          "dependencies": [
            "aws_s3_bucket.prospacept"
          ]
        },
        {
          "index_key": "servicos/it_solutions/logo.jpg",
          "schema_version": 0,
          "attributes": {
            "acl": "public-read",
            "bucket": "prospacept",
            "bucket_key_enabled": false,
            "cache_control": "",
            "content": null,
            "content_base64": null,
            "content_disposition": "",
            "content_encoding": "",
            "content_language": "",
            "content_type": "binary/octet-stream",
            "etag": "21821d3e88587010927d9d6573a5d09c",
            "force_destroy": false,
            "id": "servicos/it_solutions/logo.jpg",
            "key": "servicos/it_solutions/logo.jpg",
            "kms_key_id": null,
            "metadata": null,
            "object_lock_legal_hold_status": "",
            "object_lock_mode": "",
            "object_lock_retain_until_date": "",
            "server_side_encryption": "",
            "source": "./public/servicos/it_solutions/logo.jpg",
            "source_hash": null,
            "storage_class": "STANDARD",
            "tags": null,
            "tags_all": {},
            "version_id": "",
            "website_redirect": ""
          },
          "sensitive_attributes": [],
          "private": "bnVsbA==",
          "dependencies": [
            "aws_s3_bucket.prospacept"
          ]
        },
        {
          "index_key": "servicos/procurement_trading.html",
          "schema_version": 0,
          "attributes": {
            "acl": "public-read",
            "bucket": "prospacept",
            "bucket_key_enabled": false,
            "cache_control": "",
            "content": null,
            "content_base64": null,
            "content_disposition": "",
            "content_encoding": "",
            "content_language": "",
            "content_type": "binary/octet-stream",
            "etag": "033e95258beb10ae33823d6e5625e569",
            "force_destroy": false,
            "id": "servicos/procurement_trading.html",
            "key": "servicos/procurement_trading.html",
            "kms_key_id": null,
            "metadata": null,
            "object_lock_legal_hold_status": "",
            "object_lock_mode": "",
            "object_lock_retain_until_date": "",
            "server_side_encryption": "",
            "source": "./public/servicos/procurement_trading.html",
            "source_hash": null,
            "storage_class": "STANDARD",
            "tags": null,
            "tags_all": {},
            "version_id": "",
            "website_redirect": ""
          },
          "sensitive_attributes": [],
          "private": "bnVsbA==",
          "dependencies": [
            "aws_s3_bucket.prospacept"
          ]
        },
        {
          "index_key": "servicos/procurement_trading/image.jpg",
          "schema_version": 0,
          "attributes": {
            "acl": "public-read",
            "bucket": "prospacept",
            "bucket_key_enabled": false,
            "cache_control": "",
            "content": null,
            "content_base64": null,
            "content_disposition": "",
            "content_encoding": "",
            "content_language": "",
            "content_type": "binary/octet-stream",
            "etag": "3793b316acffb7f23c17dc18c550a646",
            "force_destroy": false,
            "id": "servicos/procurement_trading/image.jpg",
            "key": "servicos/procurement_trading/image.jpg",
            "kms_key_id": null,
            "metadata": null,
            "object_lock_legal_hold_status": "",
            "object_lock_mode": "",
            "object_lock_retain_until_date": "",
            "server_side_encryption": "",
            "source": "./public/servicos/procurement_trading/image.jpg",
            "source_hash": null,
            "storage_class": "STANDARD",
            "tags": null,
            "tags_all": {},
            "version_id": "",
            "website_redirect": ""
          },
          "sensitive_attributes": [],
          "private": "bnVsbA==",
          "dependencies": [
            "aws_s3_bucket.prospacept"
          ]
        },
        {
          "index_key": "servicos/procurement_trading/logo.png",
          "schema_version": 0,
          "attributes": {
            "acl": "public-read",
            "bucket": "prospacept",
            "bucket_key_enabled": false,
            "cache_control": "",
            "content": null,
            "content_base64": null,
            "content_disposition": "",
            "content_encoding": "",
            "content_language": "",
            "content_type": "binary/octet-stream",
            "etag": "8012adf4b9a01d80fdd4b36edc572c2f",
            "force_destroy": false,
            "id": "servicos/procurement_trading/logo.png",
            "key": "servicos/procurement_trading/logo.png",
            "kms_key_id": null,
            "metadata": null,
            "object_lock_legal_hold_status": "",
            "object_lock_mode": "",
            "object_lock_retain_until_date": "",
            "server_side_encryption": "",
            "source": "./public/servicos/procurement_trading/logo.png",
            "source_hash": null,
            "storage_class": "STANDARD",
            "tags": null,
            "tags_all": {},
            "version_id": "",
            "website_redirect": ""
          },
          "sensitive_attributes": [],
          "private": "bnVsbA==",
          "dependencies": [
            "aws_s3_bucket.prospacept"
          ]
        },
        {
          "index_key": "servicos/project_managment.html",
          "schema_version": 0,
          "attributes": {
            "acl": "public-read",
            "bucket": "prospacept",
            "bucket_key_enabled": false,
            "cache_control": "",
            "content": null,
            "content_base64": null,
            "content_disposition": "",
            "content_encoding": "",
            "content_language": "",
            "content_type": "binary/octet-stream",
            "etag": "8ffd3a76d817e7da2099c23ea0c416bd",
            "force_destroy": false,
            "id": "servicos/project_managment.html",
            "key": "servicos/project_managment.html",
            "kms_key_id": null,
            "metadata": null,
            "object_lock_legal_hold_status": "",
            "object_lock_mode": "",
            "object_lock_retain_until_date": "",
            "server_side_encryption": "",
            "source": "./public/servicos/project_managment.html",
            "source_hash": null,
            "storage_class": "STANDARD",
            "tags": null,
            "tags_all": {},
            "version_id": "",
            "website_redirect": ""
          },
          "sensitive_attributes": [],
          "private": "bnVsbA==",
          "dependencies": [
            "aws_s3_bucket.prospacept"
          ]
        },
        {
          "index_key": "servicos/project_managment/image.jpg",
          "schema_version": 0,
          "attributes": {
            "acl": "public-read",
            "bucket": "prospacept",
            "bucket_key_enabled": false,
            "cache_control": "",
            "content": null,
            "content_base64": null,
            "content_disposition": "",
            "content_encoding": "",
            "content_language": "",
            "content_type": "binary/octet-stream",
            "etag": "38b7b7f7d398dada465a8903233e6f5d",
            "force_destroy": false,
            "id": "servicos/project_managment/image.jpg",
            "key": "servicos/project_managment/image.jpg",
            "kms_key_id": null,
            "metadata": null,
            "object_lock_legal_hold_status": "",
            "object_lock_mode": "",
            "object_lock_retain_until_date": "",
            "server_side_encryption": "",
            "source": "./public/servicos/project_managment/image.jpg",
            "source_hash": null,
            "storage_class": "STANDARD",
            "tags": null,
            "tags_all": {},
            "version_id": "",
            "website_redirect": ""
          },
          "sensitive_attributes": [],
          "private": "bnVsbA==",
          "dependencies": [
            "aws_s3_bucket.prospacept"
          ]
        },
        {
          "index_key": "servicos/project_managment/logo.png",
          "schema_version": 0,
          "attributes": {
            "acl": "public-read",
            "bucket": "prospacept",
            "bucket_key_enabled": false,
            "cache_control": "",
            "content": null,
            "content_base64": null,
            "content_disposition": "",
            "content_encoding": "",
            "content_language": "",
            "content_type": "binary/octet-stream",
            "etag": "44951feeb07eadc751fdfd1af0a1c66b",
            "force_destroy": false,
            "id": "servicos/project_managment/logo.png",
            "key": "servicos/project_managment/logo.png",
            "kms_key_id": null,
            "metadata": null,
            "object_lock_legal_hold_status": "",
            "object_lock_mode": "",
            "object_lock_retain_until_date": "",
            "server_side_encryption": "",
            "source": "./public/servicos/project_managment/logo.png",
            "source_hash": null,
            "storage_class": "STANDARD",
            "tags": null,
            "tags_all": {},
            "version_id": "",
            "website_redirect": ""
          },
          "sensitive_attributes": [],
          "private": "bnVsbA==",
          "dependencies": [
            "aws_s3_bucket.prospacept"
          ]
        },
        {
          "index_key": "sitemap.xml",
          "schema_version": 0,
          "attributes": {
            "acl": "public-read",
            "bucket": "prospacept",
            "bucket_key_enabled": false,
            "cache_control": "",
            "content": null,
            "content_base64": null,
            "content_disposition": "",
            "content_encoding": "",
            "content_language": "",
            "content_type": "binary/octet-stream",
            "etag": "b2b32c8c31806782725440a83506429f",
            "force_destroy": false,
            "id": "sitemap.xml",
            "key": "sitemap.xml",
            "kms_key_id": null,
            "metadata": null,
            "object_lock_legal_hold_status": "",
            "object_lock_mode": "",
            "object_lock_retain_until_date": "",
            "server_side_encryption": "",
            "source": "./public/sitemap.xml",
            "source_hash": null,
            "storage_class": "STANDARD",
            "tags": null,
            "tags_all": {},
            "version_id": "",
            "website_redirect": ""
          },
          "sensitive_attributes": [],
          "private": "bnVsbA==",
          "dependencies": [
            "aws_s3_bucket.prospacept"
          ]
        },
        {
          "index_key": "tags.html",
          "schema_version": 0,
          "attributes": {
            "acl": "public-read",
            "bucket": "prospacept",
            "bucket_key_enabled": false,
            "cache_control": "",
            "content": null,
            "content_base64": null,
            "content_disposition": "",
            "content_encoding": "",
            "content_language": "",
            "content_type": "binary/octet-stream",
            "etag": "098f6bcd4621d373cade4e832627b4f6",
            "force_destroy": false,
            "id": "tags.html",
            "key": "tags.html",
            "kms_key_id": null,
            "metadata": null,
            "object_lock_legal_hold_status": "",
            "object_lock_mode": "",
            "object_lock_retain_until_date": "",
            "server_side_encryption": "",
            "source": "./public/tags.html",
            "source_hash": null,
            "storage_class": "STANDARD",
            "tags": null,
            "tags_all": {},
            "version_id": "",
            "website_redirect": ""
          },
          "sensitive_attributes": [],
          "private": "bnVsbA==",
          "dependencies": [
            "aws_s3_bucket.prospacept"
          ]
        },
        {
          "index_key": "tags/index.xml",
          "schema_version": 0,
          "attributes": {
            "acl": "public-read",
            "bucket": "prospacept",
            "bucket_key_enabled": false,
            "cache_control": "",
            "content": null,
            "content_base64": null,
            "content_disposition": "",
            "content_encoding": "",
            "content_language": "",
            "content_type": "binary/octet-stream",
            "etag": "d196e4124c9ad0b481581f8f59d168b9",
            "force_destroy": false,
            "id": "tags/index.xml",
            "key": "tags/index.xml",
            "kms_key_id": null,
            "metadata": null,
            "object_lock_legal_hold_status": "",
            "object_lock_mode": "",
            "object_lock_retain_until_date": "",
            "server_side_encryption": "",
            "source": "./public/tags/index.xml",
            "source_hash": null,
            "storage_class": "STANDARD",
            "tags": null,
            "tags_all": {},
            "version_id": "",
            "website_redirect": ""
          },
          "sensitive_attributes": [],
          "private": "bnVsbA==",
          "dependencies": [
            "aws_s3_bucket.prospacept"
          ]
        }
      ]
    }
  ]
}
